// !$*UTF8*$!
{
	archiveVersion = 1;
	classes = {
	};
	objectVersion = 56;
	objects = {

/* Begin PBXBuildFile section */
		A90DB9542930F879004B58D3 /* CaregiverSettings.swift in Sources */ = {isa = PBXBuildFile; fileRef = A90DB9532930F879004B58D3 /* CaregiverSettings.swift */; };
		A92AB6C12A3151E900977536 /* NewGlucoseSample+Presentable.swift in Sources */ = {isa = PBXBuildFile; fileRef = A92AB6C02A3151E900977536 /* NewGlucoseSample+Presentable.swift */; };
		A930C6C22A8F99AA004BB459 /* CGRect.swift in Sources */ = {isa = PBXBuildFile; fileRef = A930C6C12A8F99AA004BB459 /* CGRect.swift */; };
		A930C6C52A9364BD004BB459 /* DemoView.swift in Sources */ = {isa = PBXBuildFile; fileRef = A930C6C42A9364BC004BB459 /* DemoView.swift */; };
		A9346F862AC9820500C15F70 /* OverrideViewModelTests.swift in Sources */ = {isa = PBXBuildFile; fileRef = A9346F852AC9820500C15F70 /* OverrideViewModelTests.swift */; };
		A947025D2932299600FB3E59 /* ChartsListView.swift in Sources */ = {isa = PBXBuildFile; fileRef = A947025C2932299600FB3E59 /* ChartsListView.swift */; };
		A94702692932429F00FB3E59 /* DoseChartView.swift in Sources */ = {isa = PBXBuildFile; fileRef = A94702682932429F00FB3E59 /* DoseChartView.swift */; };
		A947026C293254B500FB3E59 /* COBChartView.swift in Sources */ = {isa = PBXBuildFile; fileRef = A947026B293254B500FB3E59 /* COBChartView.swift */; };
		A94702702932C21E00FB3E59 /* IOBChartView.swift in Sources */ = {isa = PBXBuildFile; fileRef = A947026F2932C21E00FB3E59 /* IOBChartView.swift */; };
		A948D1A8292AB782003C5683 /* LoopKit.framework in Embed Frameworks */ = {isa = PBXBuildFile; fileRef = A95F50BF292A602F00079AAF /* LoopKit.framework */; settings = {ATTRIBUTES = (CodeSignOnCopy, RemoveHeadersOnCopy, ); }; };
		A95223662A7EDA9B0070FE13 /* OverrideAction.swift in Sources */ = {isa = PBXBuildFile; fileRef = A95223612A7EDA9B0070FE13 /* OverrideAction.swift */; };
		A95223672A7EDA9B0070FE13 /* BolusAction.swift in Sources */ = {isa = PBXBuildFile; fileRef = A95223622A7EDA9B0070FE13 /* BolusAction.swift */; };
		A95223682A7EDA9B0070FE13 /* OverrideCancelAction.swift in Sources */ = {isa = PBXBuildFile; fileRef = A95223632A7EDA9B0070FE13 /* OverrideCancelAction.swift */; };
		A95223692A7EDA9B0070FE13 /* CarbAction.swift in Sources */ = {isa = PBXBuildFile; fileRef = A95223642A7EDA9B0070FE13 /* CarbAction.swift */; };
		A952236A2A7EDA9B0070FE13 /* Action.swift in Sources */ = {isa = PBXBuildFile; fileRef = A95223652A7EDA9B0070FE13 /* Action.swift */; };
		A952236D2A7EDC790070FE13 /* RemoteCommand.swift in Sources */ = {isa = PBXBuildFile; fileRef = A952236B2A7EDC790070FE13 /* RemoteCommand.swift */; };
		A952236E2A7EDC790070FE13 /* RemoteCommandStatus.swift in Sources */ = {isa = PBXBuildFile; fileRef = A952236C2A7EDC790070FE13 /* RemoteCommandStatus.swift */; };
		A95223722A7EDCB90070FE13 /* NSRemoteCommandPayload.swift in Sources */ = {isa = PBXBuildFile; fileRef = A95223702A7EDCB90070FE13 /* NSRemoteCommandPayload.swift */; };
		A95223732A7EDCB90070FE13 /* RemoteCommandStatus+Extras.swift in Sources */ = {isa = PBXBuildFile; fileRef = A95223712A7EDCB90070FE13 /* RemoteCommandStatus+Extras.swift */; };
		A95223762A7EDE660070FE13 /* AutobolusAction.swift in Sources */ = {isa = PBXBuildFile; fileRef = A95223742A7EDE660070FE13 /* AutobolusAction.swift */; };
		A95223772A7EDE660070FE13 /* ClosedLoopAction.swift in Sources */ = {isa = PBXBuildFile; fileRef = A95223752A7EDE660070FE13 /* ClosedLoopAction.swift */; };
		A95223792A7FA0890070FE13 /* RemoteCommand+Charts.swift in Sources */ = {isa = PBXBuildFile; fileRef = A95223782A7FA0890070FE13 /* RemoteCommand+Charts.swift */; };
		A95F50C5292A648600079AAF /* PredictedGlucoseChartView.swift in Sources */ = {isa = PBXBuildFile; fileRef = A95F50C4292A648600079AAF /* PredictedGlucoseChartView.swift */; };
		A95F50C7292A657F00079AAF /* LoopKitUI.framework in Frameworks */ = {isa = PBXBuildFile; fileRef = A95F50C6292A657F00079AAF /* LoopKitUI.framework */; };
		A95F50C8292A657F00079AAF /* LoopKitUI.framework in Embed Frameworks */ = {isa = PBXBuildFile; fileRef = A95F50C6292A657F00079AAF /* LoopKitUI.framework */; settings = {ATTRIBUTES = (CodeSignOnCopy, RemoveHeadersOnCopy, ); }; };
		A96929352926E5CE00B8BF43 /* HUDView.swift in Sources */ = {isa = PBXBuildFile; fileRef = A96929342926E5CE00B8BF43 /* HUDView.swift */; };
		A969293B2926ECF500B8BF43 /* BottomBarView.swift in Sources */ = {isa = PBXBuildFile; fileRef = A969293A2926ECF500B8BF43 /* BottomBarView.swift */; };
		A969293F2926EFEC00B8BF43 /* Looper.swift in Sources */ = {isa = PBXBuildFile; fileRef = A969293C2926EFEC00B8BF43 /* Looper.swift */; };
		A96929402926EFEC00B8BF43 /* AccountServiceManager.swift in Sources */ = {isa = PBXBuildFile; fileRef = A969293D2926EFEC00B8BF43 /* AccountServiceManager.swift */; };
		A96929412926EFEC00B8BF43 /* LooperSetupView.swift in Sources */ = {isa = PBXBuildFile; fileRef = A969293E2926EFEC00B8BF43 /* LooperSetupView.swift */; };
		A96929702927FEBB00B8BF43 /* LoopCaregiver.xcdatamodeld in Sources */ = {isa = PBXBuildFile; fileRef = A969296E2927FEBB00B8BF43 /* LoopCaregiver.xcdatamodeld */; };
		A96929912927FFBA00B8BF43 /* AccountService.swift in Sources */ = {isa = PBXBuildFile; fileRef = A96929902927FFBA00B8BF43 /* AccountService.swift */; };
		A96929932929908100B8BF43 /* NightscoutDataSource.swift in Sources */ = {isa = PBXBuildFile; fileRef = A96929922929908100B8BF43 /* NightscoutDataSource.swift */; };
		A9744DEA2933B0FE000A3D6A /* View.swift in Sources */ = {isa = PBXBuildFile; fileRef = A9744DE92933B0FE000A3D6A /* View.swift */; };
		A9744DEC293405A4000A3D6A /* PinchZoom.swift in Sources */ = {isa = PBXBuildFile; fileRef = A9744DEB293405A4000A3D6A /* PinchZoom.swift */; };
		A97B729C293E83BA0053DBB8 /* LocalizationUtils.swift in Sources */ = {isa = PBXBuildFile; fileRef = A97B729B293E83BA0053DBB8 /* LocalizationUtils.swift */; };
		A98348912AD206CD0034ABB2 /* PresetRowView.swift in Sources */ = {isa = PBXBuildFile; fileRef = A98348902AD206CD0034ABB2 /* PresetRowView.swift */; };
		A98D4CAF292C26CD00EFF5C6 /* NightscoutCredentialService.swift in Sources */ = {isa = PBXBuildFile; fileRef = A98D4CAE292C26CD00EFF5C6 /* NightscoutCredentialService.swift */; };
		A98D4CB2292C394800EFF5C6 /* NightscoutCredentials.swift in Sources */ = {isa = PBXBuildFile; fileRef = A98D4CB1292C394800EFF5C6 /* NightscoutCredentials.swift */; };
		A98F5E112930F18A00A03580 /* NewGlucoseSample+Charts.swift in Sources */ = {isa = PBXBuildFile; fileRef = A98F5E102930F18A00A03580 /* NewGlucoseSample+Charts.swift */; };
		A98FF28E29A11CC8005739A5 /* OverrideTreatment.swift in Sources */ = {isa = PBXBuildFile; fileRef = A98FF28D29A11CC8005739A5 /* OverrideTreatment.swift */; };
		A9972774292FC0B0006C8C74 /* CoreDataAccountService.swift in Sources */ = {isa = PBXBuildFile; fileRef = A9972773292FC0B0006C8C74 /* CoreDataAccountService.swift */; };
		A9972776292FCE6A006C8C74 /* LooperService.swift in Sources */ = {isa = PBXBuildFile; fileRef = A9972775292FCE6A006C8C74 /* LooperService.swift */; };
		A9972778292FEA06006C8C74 /* RemoteDataServiceManager.swift in Sources */ = {isa = PBXBuildFile; fileRef = A9972777292FEA06006C8C74 /* RemoteDataServiceManager.swift */; };
		A99DC86529992DD20058EBA5 /* DisclaimerView.swift in Sources */ = {isa = PBXBuildFile; fileRef = A99DC86429992DD20058EBA5 /* DisclaimerView.swift */; };
		A99DC867299984430058EBA5 /* Date+Utils.swift in Sources */ = {isa = PBXBuildFile; fileRef = A99DC866299984430058EBA5 /* Date+Utils.swift */; };
		A99F2F742A2A986600F7DE2D /* CarbCorrectionNightscoutTreatment+Charts.swift in Sources */ = {isa = PBXBuildFile; fileRef = A99F2F732A2A986600F7DE2D /* CarbCorrectionNightscoutTreatment+Charts.swift */; };
		A99F2F772A2A98AE00F7DE2D /* BolusNightscoutTreatment+Charts.swift in Sources */ = {isa = PBXBuildFile; fileRef = A99F2F762A2A98AE00F7DE2D /* BolusNightscoutTreatment+Charts.swift */; };
		A9A362DB2A80EEFE007B017C /* OverrideCancelRemoteNotification.swift in Sources */ = {isa = PBXBuildFile; fileRef = A9A362D62A80EEFE007B017C /* OverrideCancelRemoteNotification.swift */; };
		A9A362DC2A80EEFE007B017C /* CarbRemoteNotification.swift in Sources */ = {isa = PBXBuildFile; fileRef = A9A362D72A80EEFE007B017C /* CarbRemoteNotification.swift */; };
		A9A362DD2A80EEFE007B017C /* OverrideRemoteNotification.swift in Sources */ = {isa = PBXBuildFile; fileRef = A9A362D82A80EEFE007B017C /* OverrideRemoteNotification.swift */; };
		A9A362DE2A80EEFE007B017C /* BolusRemoteNotification.swift in Sources */ = {isa = PBXBuildFile; fileRef = A9A362D92A80EEFE007B017C /* BolusRemoteNotification.swift */; };
		A9A362DF2A80EEFE007B017C /* RemoteNotification.swift in Sources */ = {isa = PBXBuildFile; fileRef = A9A362DA2A80EEFE007B017C /* RemoteNotification.swift */; };
		A9A362E12A80F071007B017C /* NoteNightscoutTreatment+RemoteCommand.swift in Sources */ = {isa = PBXBuildFile; fileRef = A9A362E02A80F071007B017C /* NoteNightscoutTreatment+RemoteCommand.swift */; };
		A9A45D702A77B5480013CD5B /* NoteNightscoutTreatment.swift in Sources */ = {isa = PBXBuildFile; fileRef = A9A45D6F2A77B5480013CD5B /* NoteNightscoutTreatment.swift */; };
		A9A62C7F2AD1BD4C004CD316 /* TimeInterval.swift in Sources */ = {isa = PBXBuildFile; fileRef = A9A62C7E2AD1BD4C004CD316 /* TimeInterval.swift */; };
		A9B033E4292306A90052AA9E /* CodeScanner in Frameworks */ = {isa = PBXBuildFile; productRef = A9B033E3292306A90052AA9E /* CodeScanner */; };
		A9B033E629230FF20052AA9E /* OTPManager.swift in Sources */ = {isa = PBXBuildFile; fileRef = A9B033E529230FF20052AA9E /* OTPManager.swift */; };
		A9B033E829231DCE0052AA9E /* SettingsView.swift in Sources */ = {isa = PBXBuildFile; fileRef = A9B033E729231DCE0052AA9E /* SettingsView.swift */; };
		A9BD0DE02A89515700988E2C /* ZoomableScrollView.swift in Sources */ = {isa = PBXBuildFile; fileRef = A9BD0DDF2A89515700988E2C /* ZoomableScrollView.swift */; };
		A9BD7B532AD0D8D300E73973 /* OverrideInsulinNeedsView.swift in Sources */ = {isa = PBXBuildFile; fileRef = A9BD7B522AD0D8D300E73973 /* OverrideInsulinNeedsView.swift */; };
		A9BD7B552AD17AAD00E73973 /* PresetEditView.swift in Sources */ = {isa = PBXBuildFile; fileRef = A9BD7B542AD17AAD00E73973 /* PresetEditView.swift */; };
		A9C4D7E62969A69F00D3875F /* IOBStatus.swift in Sources */ = {isa = PBXBuildFile; fileRef = A9C4D7E52969A69F00D3875F /* IOBStatus.swift */; };
		A9C4D7E82969A6A900D3875F /* COBStatus.swift in Sources */ = {isa = PBXBuildFile; fileRef = A9C4D7E72969A6A900D3875F /* COBStatus.swift */; };
		A9C4D7EA2969A6B600D3875F /* ProfileSet.swift in Sources */ = {isa = PBXBuildFile; fileRef = A9C4D7E92969A6B600D3875F /* ProfileSet.swift */; };
		A9C4D7EC2969B69600D3875F /* GlucoseEntry.swift in Sources */ = {isa = PBXBuildFile; fileRef = A9C4D7EB2969B69600D3875F /* GlucoseEntry.swift */; };
		A9C4D7EE2969B70000D3875F /* NightscoutTreatment.swift in Sources */ = {isa = PBXBuildFile; fileRef = A9C4D7ED2969B70000D3875F /* NightscoutTreatment.swift */; };
		A9C4D7F02969B76A00D3875F /* TempBasalNightscoutTreatment.swift in Sources */ = {isa = PBXBuildFile; fileRef = A9C4D7EF2969B76A00D3875F /* TempBasalNightscoutTreatment.swift */; };
		A9C4D7F22969B78A00D3875F /* BolusNightscoutTreatment.swift in Sources */ = {isa = PBXBuildFile; fileRef = A9C4D7F12969B78A00D3875F /* BolusNightscoutTreatment.swift */; };
		A9C4D7F42969B79E00D3875F /* CarbCorrectionNightscoutTreatment.swift in Sources */ = {isa = PBXBuildFile; fileRef = A9C4D7F32969B79E00D3875F /* CarbCorrectionNightscoutTreatment.swift */; };
		A9C4D7F62969B92800D3875F /* TemporaryScheduleOverride.swift in Sources */ = {isa = PBXBuildFile; fileRef = A9C4D7F52969B92800D3875F /* TemporaryScheduleOverride.swift */; };
		A9C89ED72A7074EE00EFD938 /* UIColor.swift in Sources */ = {isa = PBXBuildFile; fileRef = A9C89ED62A7074EE00EFD938 /* UIColor.swift */; };
		A9C89ED92A70758000EFD938 /* UIColor+HIG.swift in Sources */ = {isa = PBXBuildFile; fileRef = A9C89ED82A70758000EFD938 /* UIColor+HIG.swift */; };
		A9CA102F2A7FF6A700EE114C /* SwiftCharts in Frameworks */ = {isa = PBXBuildFile; productRef = A9CA102E2A7FF6A700EE114C /* SwiftCharts */; };
		A9CA10302A7FF73200EE114C /* SwiftCharts in Embed Frameworks */ = {isa = PBXBuildFile; productRef = A9CA102E2A7FF6A700EE114C /* SwiftCharts */; settings = {ATTRIBUTES = (CodeSignOnCopy, ); }; };
		A9D3FF222A6C3B99000C891D /* Color.swift in Sources */ = {isa = PBXBuildFile; fileRef = A9D3FF212A6C3B99000C891D /* Color.swift */; };
		A9D3FF242A6C3C54000C891D /* HKUnit.swift in Sources */ = {isa = PBXBuildFile; fileRef = A9D3FF232A6C3C54000C891D /* HKUnit.swift */; };
		A9EC197C291FEF940022D39F /* LoopCaregiverApp.swift in Sources */ = {isa = PBXBuildFile; fileRef = A9EC197B291FEF940022D39F /* LoopCaregiverApp.swift */; };
		A9EC197E291FEF940022D39F /* ContentView.swift in Sources */ = {isa = PBXBuildFile; fileRef = A9EC197D291FEF940022D39F /* ContentView.swift */; };
		A9EC1980291FEF950022D39F /* Assets.xcassets in Resources */ = {isa = PBXBuildFile; fileRef = A9EC197F291FEF950022D39F /* Assets.xcassets */; };
		A9EC1983291FEF950022D39F /* Preview Assets.xcassets in Resources */ = {isa = PBXBuildFile; fileRef = A9EC1982291FEF950022D39F /* Preview Assets.xcassets */; };
		A9EC199E292101550022D39F /* NightscoutChartView.swift in Sources */ = {isa = PBXBuildFile; fileRef = A9EC199D292101550022D39F /* NightscoutChartView.swift */; };
		A9EC19A1292128D60022D39F /* TreatmentAnnotationView.swift in Sources */ = {isa = PBXBuildFile; fileRef = A9EC19A0292128D60022D39F /* TreatmentAnnotationView.swift */; };
		A9EC19A4292141980022D39F /* OneTimePassword in Frameworks */ = {isa = PBXBuildFile; productRef = A9EC19A3292141980022D39F /* OneTimePassword */; };
		A9EC19A9292144040022D39F /* OverrideView.swift in Sources */ = {isa = PBXBuildFile; fileRef = A9EC19A8292144040022D39F /* OverrideView.swift */; };
		A9EC19AB292156D80022D39F /* CarbInputView.swift in Sources */ = {isa = PBXBuildFile; fileRef = A9EC19AA292156D80022D39F /* CarbInputView.swift */; };
		A9EC19AD2921A19C0022D39F /* BolusInputView.swift in Sources */ = {isa = PBXBuildFile; fileRef = A9EC19AC2921A19C0022D39F /* BolusInputView.swift */; };
		A9EEB92B29D4FCB3004EE7FB /* NightscoutKit in Frameworks */ = {isa = PBXBuildFile; productRef = A9EEB92A29D4FCB3004EE7FB /* NightscoutKit */; };
/* End PBXBuildFile section */

/* Begin PBXContainerItemProxy section */
		A9346F872AC9820500C15F70 /* PBXContainerItemProxy */ = {
			isa = PBXContainerItemProxy;
			containerPortal = A9EC1970291FEF940022D39F /* Project object */;
			proxyType = 1;
			remoteGlobalIDString = A9EC1977291FEF940022D39F;
			remoteInfo = LoopCaregiver;
		};
/* End PBXContainerItemProxy section */

/* Begin PBXCopyFilesBuildPhase section */
		A95F50C2292A602F00079AAF /* Embed Frameworks */ = {
			isa = PBXCopyFilesBuildPhase;
			buildActionMask = 2147483647;
			dstPath = "";
			dstSubfolderSpec = 10;
			files = (
				A948D1A8292AB782003C5683 /* LoopKit.framework in Embed Frameworks */,
				A9CA10302A7FF73200EE114C /* SwiftCharts in Embed Frameworks */,
				A95F50C8292A657F00079AAF /* LoopKitUI.framework in Embed Frameworks */,
			);
			name = "Embed Frameworks";
			runOnlyForDeploymentPostprocessing = 0;
		};
/* End PBXCopyFilesBuildPhase section */

/* Begin PBXFileReference section */
		3D717B1629799E8A00B31B03 /* LoopCaregiver.xcconfig */ = {isa = PBXFileReference; lastKnownFileType = text.xcconfig; path = LoopCaregiver.xcconfig; sourceTree = "<group>"; };
		3DF4E0882980736C00E91E16 /* Info.plist */ = {isa = PBXFileReference; lastKnownFileType = text.plist; path = Info.plist; sourceTree = "<group>"; };
		A90DB9532930F879004B58D3 /* CaregiverSettings.swift */ = {isa = PBXFileReference; lastKnownFileType = sourcecode.swift; path = CaregiverSettings.swift; sourceTree = "<group>"; };
		A92AB6C02A3151E900977536 /* NewGlucoseSample+Presentable.swift */ = {isa = PBXFileReference; fileEncoding = 4; lastKnownFileType = sourcecode.swift; path = "NewGlucoseSample+Presentable.swift"; sourceTree = "<group>"; };
		A92AB6CE2A31D81200977536 /* LoopCaregiver 2.xcdatamodel */ = {isa = PBXFileReference; lastKnownFileType = wrapper.xcdatamodel; path = "LoopCaregiver 2.xcdatamodel"; sourceTree = "<group>"; };
		A930C6C12A8F99AA004BB459 /* CGRect.swift */ = {isa = PBXFileReference; lastKnownFileType = sourcecode.swift; path = CGRect.swift; sourceTree = "<group>"; };
		A930C6C42A9364BC004BB459 /* DemoView.swift */ = {isa = PBXFileReference; fileEncoding = 4; lastKnownFileType = sourcecode.swift; path = DemoView.swift; sourceTree = "<group>"; };
		A933181B2969FC17006CC3A2 /* Crypto.framework */ = {isa = PBXFileReference; lastKnownFileType = wrapper.framework; path = Crypto.framework; sourceTree = BUILT_PRODUCTS_DIR; };
		A9346F832AC9820500C15F70 /* LoopCaregiverTests.xctest */ = {isa = PBXFileReference; explicitFileType = wrapper.cfbundle; includeInIndex = 0; path = LoopCaregiverTests.xctest; sourceTree = BUILT_PRODUCTS_DIR; };
		A9346F852AC9820500C15F70 /* OverrideViewModelTests.swift */ = {isa = PBXFileReference; lastKnownFileType = sourcecode.swift; path = OverrideViewModelTests.swift; sourceTree = "<group>"; };
		A947025C2932299600FB3E59 /* ChartsListView.swift */ = {isa = PBXFileReference; lastKnownFileType = sourcecode.swift; path = ChartsListView.swift; sourceTree = "<group>"; };
		A94702682932429F00FB3E59 /* DoseChartView.swift */ = {isa = PBXFileReference; lastKnownFileType = sourcecode.swift; path = DoseChartView.swift; sourceTree = "<group>"; };
		A947026B293254B500FB3E59 /* COBChartView.swift */ = {isa = PBXFileReference; lastKnownFileType = sourcecode.swift; path = COBChartView.swift; sourceTree = "<group>"; };
		A947026F2932C21E00FB3E59 /* IOBChartView.swift */ = {isa = PBXFileReference; lastKnownFileType = sourcecode.swift; path = IOBChartView.swift; sourceTree = "<group>"; };
		A95223612A7EDA9B0070FE13 /* OverrideAction.swift */ = {isa = PBXFileReference; fileEncoding = 4; lastKnownFileType = sourcecode.swift; path = OverrideAction.swift; sourceTree = "<group>"; };
		A95223622A7EDA9B0070FE13 /* BolusAction.swift */ = {isa = PBXFileReference; fileEncoding = 4; lastKnownFileType = sourcecode.swift; path = BolusAction.swift; sourceTree = "<group>"; };
		A95223632A7EDA9B0070FE13 /* OverrideCancelAction.swift */ = {isa = PBXFileReference; fileEncoding = 4; lastKnownFileType = sourcecode.swift; path = OverrideCancelAction.swift; sourceTree = "<group>"; };
		A95223642A7EDA9B0070FE13 /* CarbAction.swift */ = {isa = PBXFileReference; fileEncoding = 4; lastKnownFileType = sourcecode.swift; path = CarbAction.swift; sourceTree = "<group>"; };
		A95223652A7EDA9B0070FE13 /* Action.swift */ = {isa = PBXFileReference; fileEncoding = 4; lastKnownFileType = sourcecode.swift; path = Action.swift; sourceTree = "<group>"; };
		A952236B2A7EDC790070FE13 /* RemoteCommand.swift */ = {isa = PBXFileReference; fileEncoding = 4; lastKnownFileType = sourcecode.swift; path = RemoteCommand.swift; sourceTree = "<group>"; };
		A952236C2A7EDC790070FE13 /* RemoteCommandStatus.swift */ = {isa = PBXFileReference; fileEncoding = 4; lastKnownFileType = sourcecode.swift; path = RemoteCommandStatus.swift; sourceTree = "<group>"; };
		A95223702A7EDCB90070FE13 /* NSRemoteCommandPayload.swift */ = {isa = PBXFileReference; fileEncoding = 4; lastKnownFileType = sourcecode.swift; path = NSRemoteCommandPayload.swift; sourceTree = "<group>"; };
		A95223712A7EDCB90070FE13 /* RemoteCommandStatus+Extras.swift */ = {isa = PBXFileReference; fileEncoding = 4; lastKnownFileType = sourcecode.swift; path = "RemoteCommandStatus+Extras.swift"; sourceTree = "<group>"; };
		A95223742A7EDE660070FE13 /* AutobolusAction.swift */ = {isa = PBXFileReference; fileEncoding = 4; lastKnownFileType = sourcecode.swift; path = AutobolusAction.swift; sourceTree = "<group>"; };
		A95223752A7EDE660070FE13 /* ClosedLoopAction.swift */ = {isa = PBXFileReference; fileEncoding = 4; lastKnownFileType = sourcecode.swift; path = ClosedLoopAction.swift; sourceTree = "<group>"; };
		A95223782A7FA0890070FE13 /* RemoteCommand+Charts.swift */ = {isa = PBXFileReference; lastKnownFileType = sourcecode.swift; path = "RemoteCommand+Charts.swift"; sourceTree = "<group>"; };
		A95F50BF292A602F00079AAF /* LoopKit.framework */ = {isa = PBXFileReference; lastKnownFileType = wrapper.framework; path = LoopKit.framework; sourceTree = BUILT_PRODUCTS_DIR; };
		A95F50C4292A648600079AAF /* PredictedGlucoseChartView.swift */ = {isa = PBXFileReference; lastKnownFileType = sourcecode.swift; path = PredictedGlucoseChartView.swift; sourceTree = "<group>"; };
		A95F50C6292A657F00079AAF /* LoopKitUI.framework */ = {isa = PBXFileReference; explicitFileType = wrapper.framework; path = LoopKitUI.framework; sourceTree = BUILT_PRODUCTS_DIR; };
		A95F50C9292A65E400079AAF /* LoopUI.framework */ = {isa = PBXFileReference; explicitFileType = wrapper.framework; path = LoopUI.framework; sourceTree = BUILT_PRODUCTS_DIR; };
		A95F50D0292A68E800079AAF /* LoopCore.framework */ = {isa = PBXFileReference; explicitFileType = wrapper.framework; path = LoopCore.framework; sourceTree = BUILT_PRODUCTS_DIR; };
		A9688E2D299730C500CDD4D6 /* LICENSE */ = {isa = PBXFileReference; lastKnownFileType = text; path = LICENSE; sourceTree = "<group>"; };
		A96929342926E5CE00B8BF43 /* HUDView.swift */ = {isa = PBXFileReference; lastKnownFileType = sourcecode.swift; path = HUDView.swift; sourceTree = "<group>"; };
		A969293A2926ECF500B8BF43 /* BottomBarView.swift */ = {isa = PBXFileReference; lastKnownFileType = sourcecode.swift; path = BottomBarView.swift; sourceTree = "<group>"; };
		A969293C2926EFEC00B8BF43 /* Looper.swift */ = {isa = PBXFileReference; fileEncoding = 4; lastKnownFileType = sourcecode.swift; path = Looper.swift; sourceTree = "<group>"; };
		A969293D2926EFEC00B8BF43 /* AccountServiceManager.swift */ = {isa = PBXFileReference; fileEncoding = 4; lastKnownFileType = sourcecode.swift; path = AccountServiceManager.swift; sourceTree = "<group>"; };
		A969293E2926EFEC00B8BF43 /* LooperSetupView.swift */ = {isa = PBXFileReference; fileEncoding = 4; lastKnownFileType = sourcecode.swift; path = LooperSetupView.swift; sourceTree = "<group>"; };
		A969296F2927FEBB00B8BF43 /* LoopCaregiver.xcdatamodel */ = {isa = PBXFileReference; lastKnownFileType = wrapper.xcdatamodel; path = LoopCaregiver.xcdatamodel; sourceTree = "<group>"; };
		A96929902927FFBA00B8BF43 /* AccountService.swift */ = {isa = PBXFileReference; fileEncoding = 4; lastKnownFileType = sourcecode.swift; path = AccountService.swift; sourceTree = "<group>"; };
		A96929922929908100B8BF43 /* NightscoutDataSource.swift */ = {isa = PBXFileReference; lastKnownFileType = sourcecode.swift; path = NightscoutDataSource.swift; sourceTree = "<group>"; };
		A973364229678EA300DFE395 /* NightscoutUploadKit.framework */ = {isa = PBXFileReference; lastKnownFileType = wrapper.framework; path = NightscoutUploadKit.framework; sourceTree = BUILT_PRODUCTS_DIR; };
		A9744DE92933B0FE000A3D6A /* View.swift */ = {isa = PBXFileReference; lastKnownFileType = sourcecode.swift; path = View.swift; sourceTree = "<group>"; };
		A9744DEB293405A4000A3D6A /* PinchZoom.swift */ = {isa = PBXFileReference; lastKnownFileType = sourcecode.swift; path = PinchZoom.swift; sourceTree = "<group>"; };
		A97B729B293E83BA0053DBB8 /* LocalizationUtils.swift */ = {isa = PBXFileReference; lastKnownFileType = sourcecode.swift; path = LocalizationUtils.swift; sourceTree = "<group>"; };
		A98348902AD206CD0034ABB2 /* PresetRowView.swift */ = {isa = PBXFileReference; lastKnownFileType = sourcecode.swift; path = PresetRowView.swift; sourceTree = "<group>"; };
		A98D4CAE292C26CD00EFF5C6 /* NightscoutCredentialService.swift */ = {isa = PBXFileReference; lastKnownFileType = sourcecode.swift; path = NightscoutCredentialService.swift; sourceTree = "<group>"; };
		A98D4CB1292C394800EFF5C6 /* NightscoutCredentials.swift */ = {isa = PBXFileReference; lastKnownFileType = sourcecode.swift; path = NightscoutCredentials.swift; sourceTree = "<group>"; };
		A98F5E102930F18A00A03580 /* NewGlucoseSample+Charts.swift */ = {isa = PBXFileReference; lastKnownFileType = sourcecode.swift; path = "NewGlucoseSample+Charts.swift"; sourceTree = "<group>"; };
		A98FF28D29A11CC8005739A5 /* OverrideTreatment.swift */ = {isa = PBXFileReference; lastKnownFileType = sourcecode.swift; path = OverrideTreatment.swift; sourceTree = "<group>"; };
		A9972773292FC0B0006C8C74 /* CoreDataAccountService.swift */ = {isa = PBXFileReference; lastKnownFileType = sourcecode.swift; path = CoreDataAccountService.swift; sourceTree = "<group>"; };
		A9972775292FCE6A006C8C74 /* LooperService.swift */ = {isa = PBXFileReference; lastKnownFileType = sourcecode.swift; path = LooperService.swift; sourceTree = "<group>"; };
		A9972777292FEA06006C8C74 /* RemoteDataServiceManager.swift */ = {isa = PBXFileReference; lastKnownFileType = sourcecode.swift; path = RemoteDataServiceManager.swift; sourceTree = "<group>"; };
		A99DC86429992DD20058EBA5 /* DisclaimerView.swift */ = {isa = PBXFileReference; lastKnownFileType = sourcecode.swift; path = DisclaimerView.swift; sourceTree = "<group>"; };
		A99DC866299984430058EBA5 /* Date+Utils.swift */ = {isa = PBXFileReference; lastKnownFileType = sourcecode.swift; path = "Date+Utils.swift"; sourceTree = "<group>"; };
		A99F2F732A2A986600F7DE2D /* CarbCorrectionNightscoutTreatment+Charts.swift */ = {isa = PBXFileReference; lastKnownFileType = sourcecode.swift; path = "CarbCorrectionNightscoutTreatment+Charts.swift"; sourceTree = "<group>"; };
		A99F2F762A2A98AE00F7DE2D /* BolusNightscoutTreatment+Charts.swift */ = {isa = PBXFileReference; lastKnownFileType = sourcecode.swift; path = "BolusNightscoutTreatment+Charts.swift"; sourceTree = "<group>"; };
		A9A362D62A80EEFE007B017C /* OverrideCancelRemoteNotification.swift */ = {isa = PBXFileReference; fileEncoding = 4; lastKnownFileType = sourcecode.swift; path = OverrideCancelRemoteNotification.swift; sourceTree = "<group>"; };
		A9A362D72A80EEFE007B017C /* CarbRemoteNotification.swift */ = {isa = PBXFileReference; fileEncoding = 4; lastKnownFileType = sourcecode.swift; path = CarbRemoteNotification.swift; sourceTree = "<group>"; };
		A9A362D82A80EEFE007B017C /* OverrideRemoteNotification.swift */ = {isa = PBXFileReference; fileEncoding = 4; lastKnownFileType = sourcecode.swift; path = OverrideRemoteNotification.swift; sourceTree = "<group>"; };
		A9A362D92A80EEFE007B017C /* BolusRemoteNotification.swift */ = {isa = PBXFileReference; fileEncoding = 4; lastKnownFileType = sourcecode.swift; path = BolusRemoteNotification.swift; sourceTree = "<group>"; };
		A9A362DA2A80EEFE007B017C /* RemoteNotification.swift */ = {isa = PBXFileReference; fileEncoding = 4; lastKnownFileType = sourcecode.swift; path = RemoteNotification.swift; sourceTree = "<group>"; };
		A9A362E02A80F071007B017C /* NoteNightscoutTreatment+RemoteCommand.swift */ = {isa = PBXFileReference; lastKnownFileType = sourcecode.swift; path = "NoteNightscoutTreatment+RemoteCommand.swift"; sourceTree = "<group>"; };
		A9A45D6F2A77B5480013CD5B /* NoteNightscoutTreatment.swift */ = {isa = PBXFileReference; lastKnownFileType = sourcecode.swift; path = NoteNightscoutTreatment.swift; sourceTree = "<group>"; };
		A9A62C7E2AD1BD4C004CD316 /* TimeInterval.swift */ = {isa = PBXFileReference; lastKnownFileType = sourcecode.swift; path = TimeInterval.swift; sourceTree = "<group>"; };
		A9B033E529230FF20052AA9E /* OTPManager.swift */ = {isa = PBXFileReference; lastKnownFileType = sourcecode.swift; path = OTPManager.swift; sourceTree = "<group>"; };
		A9B033E729231DCE0052AA9E /* SettingsView.swift */ = {isa = PBXFileReference; lastKnownFileType = sourcecode.swift; path = SettingsView.swift; sourceTree = "<group>"; };
		A9BD0DDF2A89515700988E2C /* ZoomableScrollView.swift */ = {isa = PBXFileReference; fileEncoding = 4; lastKnownFileType = sourcecode.swift; path = ZoomableScrollView.swift; sourceTree = "<group>"; };
		A9BD7B522AD0D8D300E73973 /* OverrideInsulinNeedsView.swift */ = {isa = PBXFileReference; lastKnownFileType = sourcecode.swift; path = OverrideInsulinNeedsView.swift; sourceTree = "<group>"; };
		A9BD7B542AD17AAD00E73973 /* PresetEditView.swift */ = {isa = PBXFileReference; lastKnownFileType = sourcecode.swift; path = PresetEditView.swift; sourceTree = "<group>"; };
		A9C4D7E52969A69F00D3875F /* IOBStatus.swift */ = {isa = PBXFileReference; lastKnownFileType = sourcecode.swift; path = IOBStatus.swift; sourceTree = "<group>"; };
		A9C4D7E72969A6A900D3875F /* COBStatus.swift */ = {isa = PBXFileReference; lastKnownFileType = sourcecode.swift; path = COBStatus.swift; sourceTree = "<group>"; };
		A9C4D7E92969A6B600D3875F /* ProfileSet.swift */ = {isa = PBXFileReference; lastKnownFileType = sourcecode.swift; path = ProfileSet.swift; sourceTree = "<group>"; };
		A9C4D7EB2969B69600D3875F /* GlucoseEntry.swift */ = {isa = PBXFileReference; lastKnownFileType = sourcecode.swift; path = GlucoseEntry.swift; sourceTree = "<group>"; };
		A9C4D7ED2969B70000D3875F /* NightscoutTreatment.swift */ = {isa = PBXFileReference; lastKnownFileType = sourcecode.swift; path = NightscoutTreatment.swift; sourceTree = "<group>"; };
		A9C4D7EF2969B76A00D3875F /* TempBasalNightscoutTreatment.swift */ = {isa = PBXFileReference; lastKnownFileType = sourcecode.swift; path = TempBasalNightscoutTreatment.swift; sourceTree = "<group>"; };
		A9C4D7F12969B78A00D3875F /* BolusNightscoutTreatment.swift */ = {isa = PBXFileReference; lastKnownFileType = sourcecode.swift; path = BolusNightscoutTreatment.swift; sourceTree = "<group>"; };
		A9C4D7F32969B79E00D3875F /* CarbCorrectionNightscoutTreatment.swift */ = {isa = PBXFileReference; lastKnownFileType = sourcecode.swift; path = CarbCorrectionNightscoutTreatment.swift; sourceTree = "<group>"; };
		A9C4D7F52969B92800D3875F /* TemporaryScheduleOverride.swift */ = {isa = PBXFileReference; lastKnownFileType = sourcecode.swift; path = TemporaryScheduleOverride.swift; sourceTree = "<group>"; };
		A9C89ED62A7074EE00EFD938 /* UIColor.swift */ = {isa = PBXFileReference; lastKnownFileType = sourcecode.swift; path = UIColor.swift; sourceTree = "<group>"; };
		A9C89ED82A70758000EFD938 /* UIColor+HIG.swift */ = {isa = PBXFileReference; lastKnownFileType = sourcecode.swift; path = "UIColor+HIG.swift"; sourceTree = "<group>"; };
		A9D3FF212A6C3B99000C891D /* Color.swift */ = {isa = PBXFileReference; lastKnownFileType = sourcecode.swift; path = Color.swift; sourceTree = "<group>"; };
		A9D3FF232A6C3C54000C891D /* HKUnit.swift */ = {isa = PBXFileReference; lastKnownFileType = sourcecode.swift; path = HKUnit.swift; sourceTree = "<group>"; };
		A9EC1978291FEF940022D39F /* LoopCaregiver.app */ = {isa = PBXFileReference; explicitFileType = wrapper.application; includeInIndex = 0; path = LoopCaregiver.app; sourceTree = BUILT_PRODUCTS_DIR; };
		A9EC197B291FEF940022D39F /* LoopCaregiverApp.swift */ = {isa = PBXFileReference; lastKnownFileType = sourcecode.swift; path = LoopCaregiverApp.swift; sourceTree = "<group>"; };
		A9EC197D291FEF940022D39F /* ContentView.swift */ = {isa = PBXFileReference; lastKnownFileType = sourcecode.swift; path = ContentView.swift; sourceTree = "<group>"; };
		A9EC197F291FEF950022D39F /* Assets.xcassets */ = {isa = PBXFileReference; lastKnownFileType = folder.assetcatalog; path = Assets.xcassets; sourceTree = "<group>"; };
		A9EC1982291FEF950022D39F /* Preview Assets.xcassets */ = {isa = PBXFileReference; lastKnownFileType = folder.assetcatalog; path = "Preview Assets.xcassets"; sourceTree = "<group>"; };
		A9EC199D292101550022D39F /* NightscoutChartView.swift */ = {isa = PBXFileReference; lastKnownFileType = sourcecode.swift; path = NightscoutChartView.swift; sourceTree = "<group>"; };
		A9EC19A0292128D60022D39F /* TreatmentAnnotationView.swift */ = {isa = PBXFileReference; lastKnownFileType = sourcecode.swift; path = TreatmentAnnotationView.swift; sourceTree = "<group>"; };
		A9EC19A8292144040022D39F /* OverrideView.swift */ = {isa = PBXFileReference; lastKnownFileType = sourcecode.swift; path = OverrideView.swift; sourceTree = "<group>"; };
		A9EC19AA292156D80022D39F /* CarbInputView.swift */ = {isa = PBXFileReference; lastKnownFileType = sourcecode.swift; path = CarbInputView.swift; sourceTree = "<group>"; };
		A9EC19AC2921A19C0022D39F /* BolusInputView.swift */ = {isa = PBXFileReference; lastKnownFileType = sourcecode.swift; path = BolusInputView.swift; sourceTree = "<group>"; };
/* End PBXFileReference section */

/* Begin PBXFrameworksBuildPhase section */
		A9346F802AC9820500C15F70 /* Frameworks */ = {
			isa = PBXFrameworksBuildPhase;
			buildActionMask = 2147483647;
			files = (
			);
			runOnlyForDeploymentPostprocessing = 0;
		};
		A9EC1975291FEF940022D39F /* Frameworks */ = {
			isa = PBXFrameworksBuildPhase;
			buildActionMask = 2147483647;
			files = (
				A9CA102F2A7FF6A700EE114C /* SwiftCharts in Frameworks */,
				A9EC19A4292141980022D39F /* OneTimePassword in Frameworks */,
				A95F50C7292A657F00079AAF /* LoopKitUI.framework in Frameworks */,
				A9B033E4292306A90052AA9E /* CodeScanner in Frameworks */,
				A9EEB92B29D4FCB3004EE7FB /* NightscoutKit in Frameworks */,
			);
			runOnlyForDeploymentPostprocessing = 0;
		};
/* End PBXFrameworksBuildPhase section */

/* Begin PBXGroup section */
		A92AB6BE2A3151E900977536 /* Extensions */ = {
			isa = PBXGroup;
			children = (
				A9D3FF232A6C3C54000C891D /* HKUnit.swift */,
				A92AB6C02A3151E900977536 /* NewGlucoseSample+Presentable.swift */,
			);
			path = Extensions;
			sourceTree = "<group>";
		};
		A930C6C32A922127004BB459 /* ZommableScrollView */ = {
			isa = PBXGroup;
			children = (
				A9BD0DDF2A89515700988E2C /* ZoomableScrollView.swift */,
				A930C6C42A9364BC004BB459 /* DemoView.swift */,
			);
			path = ZommableScrollView;
			sourceTree = "<group>";
		};
		A9346F842AC9820500C15F70 /* LoopCaregiverTests */ = {
			isa = PBXGroup;
			children = (
				A9346F852AC9820500C15F70 /* OverrideViewModelTests.swift */,
			);
			path = LoopCaregiverTests;
			sourceTree = "<group>";
		};
		A947025A2932286200FB3E59 /* NightscoutChart */ = {
			isa = PBXGroup;
			children = (
				A9EC199D292101550022D39F /* NightscoutChartView.swift */,
				A9744DEB293405A4000A3D6A /* PinchZoom.swift */,
				A9EC19A0292128D60022D39F /* TreatmentAnnotationView.swift */,
				A930C6C32A922127004BB459 /* ZommableScrollView */,
			);
			path = NightscoutChart;
			sourceTree = "<group>";
		};
		A947025B2932287A00FB3E59 /* PredicatedGlucoseChart */ = {
			isa = PBXGroup;
			children = (
				A95F50C4292A648600079AAF /* PredictedGlucoseChartView.swift */,
			);
			path = PredicatedGlucoseChart;
			sourceTree = "<group>";
		};
		A94702662932356B00FB3E59 /* Extensions */ = {
			isa = PBXGroup;
			children = (
				A98F5E102930F18A00A03580 /* NewGlucoseSample+Charts.swift */,
				A99F2F732A2A986600F7DE2D /* CarbCorrectionNightscoutTreatment+Charts.swift */,
				A99F2F762A2A98AE00F7DE2D /* BolusNightscoutTreatment+Charts.swift */,
				A95223782A7FA0890070FE13 /* RemoteCommand+Charts.swift */,
				A930C6C12A8F99AA004BB459 /* CGRect.swift */,
			);
			path = Extensions;
			sourceTree = "<group>";
		};
		A94702672932428D00FB3E59 /* DoseChart */ = {
			isa = PBXGroup;
			children = (
				A94702682932429F00FB3E59 /* DoseChartView.swift */,
			);
			path = DoseChart;
			sourceTree = "<group>";
		};
		A947026A293254A800FB3E59 /* COBChart */ = {
			isa = PBXGroup;
			children = (
				A947026B293254B500FB3E59 /* COBChartView.swift */,
			);
			path = COBChart;
			sourceTree = "<group>";
		};
		A947026E2932C20E00FB3E59 /* IOBChart */ = {
			isa = PBXGroup;
			children = (
				A947026F2932C21E00FB3E59 /* IOBChartView.swift */,
			);
			path = IOBChart;
			sourceTree = "<group>";
		};
		A95223602A7ED9940070FE13 /* RemoteCommands */ = {
			isa = PBXGroup;
			children = (
				A95223652A7EDA9B0070FE13 /* Action.swift */,
				A95223742A7EDE660070FE13 /* AutobolusAction.swift */,
				A95223622A7EDA9B0070FE13 /* BolusAction.swift */,
				A95223642A7EDA9B0070FE13 /* CarbAction.swift */,
				A95223752A7EDE660070FE13 /* ClosedLoopAction.swift */,
				A95223612A7EDA9B0070FE13 /* OverrideAction.swift */,
				A95223632A7EDA9B0070FE13 /* OverrideCancelAction.swift */,
				A952236B2A7EDC790070FE13 /* RemoteCommand.swift */,
				A952236C2A7EDC790070FE13 /* RemoteCommandStatus.swift */,
			);
			path = RemoteCommands;
			sourceTree = "<group>";
		};
		A952236F2A7EDCA50070FE13 /* RemoteCommands */ = {
			isa = PBXGroup;
			children = (
				A9A362D52A80EEED007B017C /* V1 */,
				A95223702A7EDCB90070FE13 /* NSRemoteCommandPayload.swift */,
				A95223712A7EDCB90070FE13 /* RemoteCommandStatus+Extras.swift */,
			);
			path = RemoteCommands;
			sourceTree = "<group>";
		};
		A95F50BE292A602E00079AAF /* Frameworks */ = {
			isa = PBXGroup;
			children = (
				A933181B2969FC17006CC3A2 /* Crypto.framework */,
				A973364229678EA300DFE395 /* NightscoutUploadKit.framework */,
				A95F50D0292A68E800079AAF /* LoopCore.framework */,
				A95F50C9292A65E400079AAF /* LoopUI.framework */,
				A95F50C6292A657F00079AAF /* LoopKitUI.framework */,
				A95F50BF292A602F00079AAF /* LoopKit.framework */,
			);
			name = Frameworks;
			sourceTree = "<group>";
		};
		A95F50C3292A641C00079AAF /* Charts */ = {
			isa = PBXGroup;
			children = (
				A947025C2932299600FB3E59 /* ChartsListView.swift */,
				A947026A293254A800FB3E59 /* COBChart */,
				A94702672932428D00FB3E59 /* DoseChart */,
				A94702662932356B00FB3E59 /* Extensions */,
				A947026E2932C20E00FB3E59 /* IOBChart */,
				A947025A2932286200FB3E59 /* NightscoutChart */,
				A947025B2932287A00FB3E59 /* PredicatedGlucoseChart */,
			);
			path = Charts;
			sourceTree = "<group>";
		};
		A96929302926E2B700B8BF43 /* Models */ = {
			isa = PBXGroup;
			children = (
				A95223602A7ED9940070FE13 /* RemoteCommands */,
				A92AB6BE2A3151E900977536 /* Extensions */,
				A96929902927FFBA00B8BF43 /* AccountService.swift */,
				A969293D2926EFEC00B8BF43 /* AccountServiceManager.swift */,
				A90DB9532930F879004B58D3 /* CaregiverSettings.swift */,
				A9972773292FC0B0006C8C74 /* CoreDataAccountService.swift */,
				A969296E2927FEBB00B8BF43 /* LoopCaregiver.xcdatamodeld */,
				A969293C2926EFEC00B8BF43 /* Looper.swift */,
				A9972775292FCE6A006C8C74 /* LooperService.swift */,
				A9972777292FEA06006C8C74 /* RemoteDataServiceManager.swift */,
			);
			path = Models;
			sourceTree = "<group>";
		};
		A96929332926E57C00B8BF43 /* Views */ = {
			isa = PBXGroup;
			children = (
				A969296B29279DD700B8BF43 /* Actions */,
				A95F50C3292A641C00079AAF /* Charts */,
				A9744DE72933B0DC000A3D6A /* Extensions */,
				A969296A29279DCB00B8BF43 /* Home */,
				A969296929279D9F00B8BF43 /* Settings */,
				A97B729A293E839E0053DBB8 /* Utils */,
			);
			path = Views;
			sourceTree = "<group>";
		};
		A969296929279D9F00B8BF43 /* Settings */ = {
			isa = PBXGroup;
			children = (
				A969293E2926EFEC00B8BF43 /* LooperSetupView.swift */,
				A9B033E729231DCE0052AA9E /* SettingsView.swift */,
			);
			path = Settings;
			sourceTree = "<group>";
		};
		A969296A29279DCB00B8BF43 /* Home */ = {
			isa = PBXGroup;
			children = (
				A969293A2926ECF500B8BF43 /* BottomBarView.swift */,
				A9EC197D291FEF940022D39F /* ContentView.swift */,
				A99DC86429992DD20058EBA5 /* DisclaimerView.swift */,
				A96929342926E5CE00B8BF43 /* HUDView.swift */,
			);
			path = Home;
			sourceTree = "<group>";
		};
		A969296B29279DD700B8BF43 /* Actions */ = {
			isa = PBXGroup;
			children = (
				A9EC19AC2921A19C0022D39F /* BolusInputView.swift */,
				A9EC19AA292156D80022D39F /* CarbInputView.swift */,
				A9EC19A8292144040022D39F /* OverrideView.swift */,
				A9BD7B542AD17AAD00E73973 /* PresetEditView.swift */,
				A9BD7B522AD0D8D300E73973 /* OverrideInsulinNeedsView.swift */,
				A98348902AD206CD0034ABB2 /* PresetRowView.swift */,
			);
			path = Actions;
			sourceTree = "<group>";
		};
		A9744DE72933B0DC000A3D6A /* Extensions */ = {
			isa = PBXGroup;
			children = (
				A9D3FF212A6C3B99000C891D /* Color.swift */,
				A9744DE92933B0FE000A3D6A /* View.swift */,
				A9C89ED62A7074EE00EFD938 /* UIColor.swift */,
				A9C89ED82A70758000EFD938 /* UIColor+HIG.swift */,
				A9A62C7E2AD1BD4C004CD316 /* TimeInterval.swift */,
			);
			path = Extensions;
			sourceTree = "<group>";
		};
		A97B729A293E839E0053DBB8 /* Utils */ = {
			isa = PBXGroup;
			children = (
				A97B729B293E83BA0053DBB8 /* LocalizationUtils.swift */,
				A99DC866299984430058EBA5 /* Date+Utils.swift */,
			);
			path = Utils;
			sourceTree = "<group>";
		};
		A98D4CB0292C38D100EFF5C6 /* Nightscout */ = {
			isa = PBXGroup;
			children = (
				A952236F2A7EDCA50070FE13 /* RemoteCommands */,
				A9C4D7E42969A68800D3875F /* Extensions */,
				A98D4CB1292C394800EFF5C6 /* NightscoutCredentials.swift */,
				A98D4CAE292C26CD00EFF5C6 /* NightscoutCredentialService.swift */,
				A96929922929908100B8BF43 /* NightscoutDataSource.swift */,
				A9B033E529230FF20052AA9E /* OTPManager.swift */,
			);
			path = Nightscout;
			sourceTree = "<group>";
		};
		A9A362D52A80EEED007B017C /* V1 */ = {
			isa = PBXGroup;
			children = (
				A9A362D92A80EEFE007B017C /* BolusRemoteNotification.swift */,
				A9A362D72A80EEFE007B017C /* CarbRemoteNotification.swift */,
				A9A362D62A80EEFE007B017C /* OverrideCancelRemoteNotification.swift */,
				A9A362D82A80EEFE007B017C /* OverrideRemoteNotification.swift */,
				A9A362DA2A80EEFE007B017C /* RemoteNotification.swift */,
			);
			path = V1;
			sourceTree = "<group>";
		};
		A9C4D7E42969A68800D3875F /* Extensions */ = {
			isa = PBXGroup;
			children = (
				A9C4D7F12969B78A00D3875F /* BolusNightscoutTreatment.swift */,
				A9C4D7F32969B79E00D3875F /* CarbCorrectionNightscoutTreatment.swift */,
				A9C4D7E72969A6A900D3875F /* COBStatus.swift */,
				A9C4D7EB2969B69600D3875F /* GlucoseEntry.swift */,
				A9C4D7E52969A69F00D3875F /* IOBStatus.swift */,
				A9C4D7ED2969B70000D3875F /* NightscoutTreatment.swift */,
				A9A45D6F2A77B5480013CD5B /* NoteNightscoutTreatment.swift */,
				A98FF28D29A11CC8005739A5 /* OverrideTreatment.swift */,
				A9C4D7E92969A6B600D3875F /* ProfileSet.swift */,
				A9C4D7EF2969B76A00D3875F /* TempBasalNightscoutTreatment.swift */,
				A9C4D7F52969B92800D3875F /* TemporaryScheduleOverride.swift */,
				A9A362E02A80F071007B017C /* NoteNightscoutTreatment+RemoteCommand.swift */,
			);
			path = Extensions;
			sourceTree = "<group>";
		};
		A9EC196F291FEF940022D39F = {
			isa = PBXGroup;
			children = (
				A9688E2D299730C500CDD4D6 /* LICENSE */,
				A9EC197A291FEF940022D39F /* LoopCaregiver */,
				A9346F842AC9820500C15F70 /* LoopCaregiverTests */,
				A9EC1979291FEF940022D39F /* Products */,
				A95F50BE292A602E00079AAF /* Frameworks */,
				3D717B1629799E8A00B31B03 /* LoopCaregiver.xcconfig */,
			);
			sourceTree = "<group>";
		};
		A9EC1979291FEF940022D39F /* Products */ = {
			isa = PBXGroup;
			children = (
				A9EC1978291FEF940022D39F /* LoopCaregiver.app */,
				A9346F832AC9820500C15F70 /* LoopCaregiverTests.xctest */,
			);
			name = Products;
			sourceTree = "<group>";
		};
		A9EC197A291FEF940022D39F /* LoopCaregiver */ = {
			isa = PBXGroup;
			children = (
				3DF4E0882980736C00E91E16 /* Info.plist */,
				A96929302926E2B700B8BF43 /* Models */,
				A98D4CB0292C38D100EFF5C6 /* Nightscout */,
				A96929332926E57C00B8BF43 /* Views */,
				A9EC197B291FEF940022D39F /* LoopCaregiverApp.swift */,
				A9EC197F291FEF950022D39F /* Assets.xcassets */,
				A9EC1981291FEF950022D39F /* Preview Content */,
			);
			path = LoopCaregiver;
			sourceTree = "<group>";
		};
		A9EC1981291FEF950022D39F /* Preview Content */ = {
			isa = PBXGroup;
			children = (
				A9EC1982291FEF950022D39F /* Preview Assets.xcassets */,
			);
			path = "Preview Content";
			sourceTree = "<group>";
		};
/* End PBXGroup section */

/* Begin PBXNativeTarget section */
		A9346F822AC9820500C15F70 /* LoopCaregiverTests */ = {
			isa = PBXNativeTarget;
			buildConfigurationList = A9346F8B2AC9820500C15F70 /* Build configuration list for PBXNativeTarget "LoopCaregiverTests" */;
			buildPhases = (
				A9346F7F2AC9820500C15F70 /* Sources */,
				A9346F802AC9820500C15F70 /* Frameworks */,
				A9346F812AC9820500C15F70 /* Resources */,
			);
			buildRules = (
			);
			dependencies = (
				A9346F882AC9820500C15F70 /* PBXTargetDependency */,
			);
			name = LoopCaregiverTests;
			productName = LoopCaregiverTests;
			productReference = A9346F832AC9820500C15F70 /* LoopCaregiverTests.xctest */;
			productType = "com.apple.product-type.bundle.unit-test";
		};
		A9EC1977291FEF940022D39F /* LoopCaregiver */ = {
			isa = PBXNativeTarget;
			buildConfigurationList = A9EC1986291FEF950022D39F /* Build configuration list for PBXNativeTarget "LoopCaregiver" */;
			buildPhases = (
				A9EC1974291FEF940022D39F /* Sources */,
				A9EC1975291FEF940022D39F /* Frameworks */,
				A9EC1976291FEF940022D39F /* Resources */,
				A95F50C2292A602F00079AAF /* Embed Frameworks */,
			);
			buildRules = (
			);
			dependencies = (
			);
			name = LoopCaregiver;
			packageProductDependencies = (
				A9EC19A3292141980022D39F /* OneTimePassword */,
				A9B033E3292306A90052AA9E /* CodeScanner */,
				A9EEB92A29D4FCB3004EE7FB /* NightscoutKit */,
				A9CA102E2A7FF6A700EE114C /* SwiftCharts */,
			);
			productName = LoopCaregiver;
			productReference = A9EC1978291FEF940022D39F /* LoopCaregiver.app */;
			productType = "com.apple.product-type.application";
		};
/* End PBXNativeTarget section */

/* Begin PBXProject section */
		A9EC1970291FEF940022D39F /* Project object */ = {
			isa = PBXProject;
			attributes = {
				BuildIndependentTargetsInParallel = 1;
				LastSwiftUpdateCheck = 1500;
				LastUpgradeCheck = 1410;
				TargetAttributes = {
					A9346F822AC9820500C15F70 = {
						CreatedOnToolsVersion = 15.0;
						TestTargetID = A9EC1977291FEF940022D39F;
					};
					A9EC1977291FEF940022D39F = {
						CreatedOnToolsVersion = 14.1;
					};
				};
			};
			buildConfigurationList = A9EC1973291FEF940022D39F /* Build configuration list for PBXProject "LoopCaregiver" */;
			compatibilityVersion = "Xcode 14.0";
			developmentRegion = en;
			hasScannedForEncodings = 0;
			knownRegions = (
				en,
				Base,
			);
			mainGroup = A9EC196F291FEF940022D39F;
			packageReferences = (
				A9EC19A2292141980022D39F /* XCRemoteSwiftPackageReference "OneTimePassword" */,
				A9B033E2292306A90052AA9E /* XCRemoteSwiftPackageReference "CodeScanner" */,
				A9EEB92929D4FCB3004EE7FB /* XCRemoteSwiftPackageReference "NightscoutKit" */,
				A9CA102D2A7FF6A700EE114C /* XCRemoteSwiftPackageReference "SwiftCharts" */,
			);
			productRefGroup = A9EC1979291FEF940022D39F /* Products */;
			projectDirPath = "";
			projectRoot = "";
			targets = (
				A9EC1977291FEF940022D39F /* LoopCaregiver */,
				A9346F822AC9820500C15F70 /* LoopCaregiverTests */,
			);
		};
/* End PBXProject section */

/* Begin PBXResourcesBuildPhase section */
		A9346F812AC9820500C15F70 /* Resources */ = {
			isa = PBXResourcesBuildPhase;
			buildActionMask = 2147483647;
			files = (
			);
			runOnlyForDeploymentPostprocessing = 0;
		};
		A9EC1976291FEF940022D39F /* Resources */ = {
			isa = PBXResourcesBuildPhase;
			buildActionMask = 2147483647;
			files = (
				A9EC1983291FEF950022D39F /* Preview Assets.xcassets in Resources */,
				A9EC1980291FEF950022D39F /* Assets.xcassets in Resources */,
			);
			runOnlyForDeploymentPostprocessing = 0;
		};
/* End PBXResourcesBuildPhase section */

/* Begin PBXSourcesBuildPhase section */
		A9346F7F2AC9820500C15F70 /* Sources */ = {
			isa = PBXSourcesBuildPhase;
			buildActionMask = 2147483647;
			files = (
				A9346F862AC9820500C15F70 /* OverrideViewModelTests.swift in Sources */,
			);
			runOnlyForDeploymentPostprocessing = 0;
		};
		A9EC1974291FEF940022D39F /* Sources */ = {
			isa = PBXSourcesBuildPhase;
			buildActionMask = 2147483647;
			files = (
				A9BD0DE02A89515700988E2C /* ZoomableScrollView.swift in Sources */,
				A9A62C7F2AD1BD4C004CD316 /* TimeInterval.swift in Sources */,
				A97B729C293E83BA0053DBB8 /* LocalizationUtils.swift in Sources */,
				A99F2F772A2A98AE00F7DE2D /* BolusNightscoutTreatment+Charts.swift in Sources */,
				A9C4D7EC2969B69600D3875F /* GlucoseEntry.swift in Sources */,
				A95223772A7EDE660070FE13 /* ClosedLoopAction.swift in Sources */,
				A90DB9542930F879004B58D3 /* CaregiverSettings.swift in Sources */,
				A9A362DC2A80EEFE007B017C /* CarbRemoteNotification.swift in Sources */,
				A9972776292FCE6A006C8C74 /* LooperService.swift in Sources */,
				A9C4D7F62969B92800D3875F /* TemporaryScheduleOverride.swift in Sources */,
				A96929932929908100B8BF43 /* NightscoutDataSource.swift in Sources */,
				A95223762A7EDE660070FE13 /* AutobolusAction.swift in Sources */,
				A94702702932C21E00FB3E59 /* IOBChartView.swift in Sources */,
				A96929352926E5CE00B8BF43 /* HUDView.swift in Sources */,
				A9D3FF242A6C3C54000C891D /* HKUnit.swift in Sources */,
				A9A362DF2A80EEFE007B017C /* RemoteNotification.swift in Sources */,
				A9EC19A9292144040022D39F /* OverrideView.swift in Sources */,
				A9C4D7EA2969A6B600D3875F /* ProfileSet.swift in Sources */,
				A952236D2A7EDC790070FE13 /* RemoteCommand.swift in Sources */,
				A952236A2A7EDA9B0070FE13 /* Action.swift in Sources */,
				A98D4CAF292C26CD00EFF5C6 /* NightscoutCredentialService.swift in Sources */,
				A95223692A7EDA9B0070FE13 /* CarbAction.swift in Sources */,
				A9A362DD2A80EEFE007B017C /* OverrideRemoteNotification.swift in Sources */,
				A94702692932429F00FB3E59 /* DoseChartView.swift in Sources */,
				A98D4CB2292C394800EFF5C6 /* NightscoutCredentials.swift in Sources */,
				A95223792A7FA0890070FE13 /* RemoteCommand+Charts.swift in Sources */,
				A9C4D7E62969A69F00D3875F /* IOBStatus.swift in Sources */,
				A98348912AD206CD0034ABB2 /* PresetRowView.swift in Sources */,
				A96929412926EFEC00B8BF43 /* LooperSetupView.swift in Sources */,
				A95223732A7EDCB90070FE13 /* RemoteCommandStatus+Extras.swift in Sources */,
				A98F5E112930F18A00A03580 /* NewGlucoseSample+Charts.swift in Sources */,
				A98FF28E29A11CC8005739A5 /* OverrideTreatment.swift in Sources */,
				A9EC197E291FEF940022D39F /* ContentView.swift in Sources */,
				A9744DEA2933B0FE000A3D6A /* View.swift in Sources */,
				A9972778292FEA06006C8C74 /* RemoteDataServiceManager.swift in Sources */,
				A947026C293254B500FB3E59 /* COBChartView.swift in Sources */,
				A9D3FF222A6C3B99000C891D /* Color.swift in Sources */,
				A9BD7B552AD17AAD00E73973 /* PresetEditView.swift in Sources */,
				A95223682A7EDA9B0070FE13 /* OverrideCancelAction.swift in Sources */,
				A930C6C22A8F99AA004BB459 /* CGRect.swift in Sources */,
				A9EC199E292101550022D39F /* NightscoutChartView.swift in Sources */,
				A969293F2926EFEC00B8BF43 /* Looper.swift in Sources */,
				A969293B2926ECF500B8BF43 /* BottomBarView.swift in Sources */,
				A96929912927FFBA00B8BF43 /* AccountService.swift in Sources */,
				A9EC19AB292156D80022D39F /* CarbInputView.swift in Sources */,
				A9A45D702A77B5480013CD5B /* NoteNightscoutTreatment.swift in Sources */,
				A9C4D7F22969B78A00D3875F /* BolusNightscoutTreatment.swift in Sources */,
				A9B033E829231DCE0052AA9E /* SettingsView.swift in Sources */,
				A95223662A7EDA9B0070FE13 /* OverrideAction.swift in Sources */,
				A9C4D7F42969B79E00D3875F /* CarbCorrectionNightscoutTreatment.swift in Sources */,
				A9744DEC293405A4000A3D6A /* PinchZoom.swift in Sources */,
				A99F2F742A2A986600F7DE2D /* CarbCorrectionNightscoutTreatment+Charts.swift in Sources */,
				A9B033E629230FF20052AA9E /* OTPManager.swift in Sources */,
				A95223672A7EDA9B0070FE13 /* BolusAction.swift in Sources */,
				A9C4D7EE2969B70000D3875F /* NightscoutTreatment.swift in Sources */,
				A95223722A7EDCB90070FE13 /* NSRemoteCommandPayload.swift in Sources */,
				A95F50C5292A648600079AAF /* PredictedGlucoseChartView.swift in Sources */,
				A947025D2932299600FB3E59 /* ChartsListView.swift in Sources */,
				A92AB6C12A3151E900977536 /* NewGlucoseSample+Presentable.swift in Sources */,
				A9C89ED92A70758000EFD938 /* UIColor+HIG.swift in Sources */,
				A930C6C52A9364BD004BB459 /* DemoView.swift in Sources */,
				A952236E2A7EDC790070FE13 /* RemoteCommandStatus.swift in Sources */,
				A9C89ED72A7074EE00EFD938 /* UIColor.swift in Sources */,
				A9A362DB2A80EEFE007B017C /* OverrideCancelRemoteNotification.swift in Sources */,
				A9A362DE2A80EEFE007B017C /* BolusRemoteNotification.swift in Sources */,
				A9EC197C291FEF940022D39F /* LoopCaregiverApp.swift in Sources */,
				A9EC19A1292128D60022D39F /* TreatmentAnnotationView.swift in Sources */,
				A9C4D7F02969B76A00D3875F /* TempBasalNightscoutTreatment.swift in Sources */,
				A9A362E12A80F071007B017C /* NoteNightscoutTreatment+RemoteCommand.swift in Sources */,
				A99DC867299984430058EBA5 /* Date+Utils.swift in Sources */,
				A96929702927FEBB00B8BF43 /* LoopCaregiver.xcdatamodeld in Sources */,
				A99DC86529992DD20058EBA5 /* DisclaimerView.swift in Sources */,
				A9BD7B532AD0D8D300E73973 /* OverrideInsulinNeedsView.swift in Sources */,
				A9972774292FC0B0006C8C74 /* CoreDataAccountService.swift in Sources */,
				A96929402926EFEC00B8BF43 /* AccountServiceManager.swift in Sources */,
				A9C4D7E82969A6A900D3875F /* COBStatus.swift in Sources */,
				A9EC19AD2921A19C0022D39F /* BolusInputView.swift in Sources */,
			);
			runOnlyForDeploymentPostprocessing = 0;
		};
/* End PBXSourcesBuildPhase section */

/* Begin PBXTargetDependency section */
		A9346F882AC9820500C15F70 /* PBXTargetDependency */ = {
			isa = PBXTargetDependency;
			target = A9EC1977291FEF940022D39F /* LoopCaregiver */;
			targetProxy = A9346F872AC9820500C15F70 /* PBXContainerItemProxy */;
		};
/* End PBXTargetDependency section */

/* Begin XCBuildConfiguration section */
		A9346F892AC9820500C15F70 /* Debug */ = {
			isa = XCBuildConfiguration;
			buildSettings = {
				ASSETCATALOG_COMPILER_GENERATE_SWIFT_ASSET_SYMBOL_EXTENSIONS = YES;
				BUNDLE_LOADER = "$(TEST_HOST)";
				CURRENT_PROJECT_VERSION = 1;
				DEVELOPMENT_TEAM = "$(LOOP_DEVELOPMENT_TEAM)";
				ENABLE_USER_SCRIPT_SANDBOXING = YES;
				GCC_C_LANGUAGE_STANDARD = gnu17;
				GENERATE_INFOPLIST_FILE = YES;
				IPHONEOS_DEPLOYMENT_TARGET = 16.0;
				LOCALIZATION_PREFERS_STRING_CATALOGS = YES;
				MARKETING_VERSION = 1.0;
				PRODUCT_BUNDLE_IDENTIFIER = "--CAREGIVER-APP-BUNDLE-IDENTIFIER-Tests";
				PRODUCT_NAME = "$(TARGET_NAME)";
				SWIFT_ACTIVE_COMPILATION_CONDITIONS = "DEBUG $(inherited)";
				SWIFT_EMIT_LOC_STRINGS = NO;
				SWIFT_VERSION = 5.0;
				TARGETED_DEVICE_FAMILY = "1,2";
				TEST_HOST = "$(BUILT_PRODUCTS_DIR)/LoopCaregiver.app/$(BUNDLE_EXECUTABLE_FOLDER_PATH)/LoopCaregiver";
			};
			name = Debug;
		};
		A9346F8A2AC9820500C15F70 /* Release */ = {
			isa = XCBuildConfiguration;
			buildSettings = {
				ASSETCATALOG_COMPILER_GENERATE_SWIFT_ASSET_SYMBOL_EXTENSIONS = YES;
				BUNDLE_LOADER = "$(TEST_HOST)";
				CURRENT_PROJECT_VERSION = 1;
				DEVELOPMENT_TEAM = "$(LOOP_DEVELOPMENT_TEAM)";
				ENABLE_USER_SCRIPT_SANDBOXING = YES;
				GCC_C_LANGUAGE_STANDARD = gnu17;
				GENERATE_INFOPLIST_FILE = YES;
				IPHONEOS_DEPLOYMENT_TARGET = 16.0;
				LOCALIZATION_PREFERS_STRING_CATALOGS = YES;
				MARKETING_VERSION = 1.0;
				PRODUCT_BUNDLE_IDENTIFIER = "--CAREGIVER-APP-BUNDLE-IDENTIFIER-Tests";
				PRODUCT_NAME = "$(TARGET_NAME)";
				SWIFT_EMIT_LOC_STRINGS = NO;
				SWIFT_VERSION = 5.0;
				TARGETED_DEVICE_FAMILY = "1,2";
				TEST_HOST = "$(BUILT_PRODUCTS_DIR)/LoopCaregiver.app/$(BUNDLE_EXECUTABLE_FOLDER_PATH)/LoopCaregiver";
			};
			name = Release;
		};
		A9EC1984291FEF950022D39F /* Debug */ = {
			isa = XCBuildConfiguration;
			baseConfigurationReference = 3D717B1629799E8A00B31B03 /* LoopCaregiver.xcconfig */;
			buildSettings = {
				ALWAYS_SEARCH_USER_PATHS = NO;
				CLANG_ANALYZER_NONNULL = YES;
				CLANG_ANALYZER_NUMBER_OBJECT_CONVERSION = YES_AGGRESSIVE;
				CLANG_CXX_LANGUAGE_STANDARD = "gnu++20";
				CLANG_ENABLE_MODULES = YES;
				CLANG_ENABLE_OBJC_ARC = YES;
				CLANG_ENABLE_OBJC_WEAK = YES;
				CLANG_WARN_BLOCK_CAPTURE_AUTORELEASING = YES;
				CLANG_WARN_BOOL_CONVERSION = YES;
				CLANG_WARN_COMMA = YES;
				CLANG_WARN_CONSTANT_CONVERSION = YES;
				CLANG_WARN_DEPRECATED_OBJC_IMPLEMENTATIONS = YES;
				CLANG_WARN_DIRECT_OBJC_ISA_USAGE = YES_ERROR;
				CLANG_WARN_DOCUMENTATION_COMMENTS = YES;
				CLANG_WARN_EMPTY_BODY = YES;
				CLANG_WARN_ENUM_CONVERSION = YES;
				CLANG_WARN_INFINITE_RECURSION = YES;
				CLANG_WARN_INT_CONVERSION = YES;
				CLANG_WARN_NON_LITERAL_NULL_CONVERSION = YES;
				CLANG_WARN_OBJC_IMPLICIT_RETAIN_SELF = YES;
				CLANG_WARN_OBJC_LITERAL_CONVERSION = YES;
				CLANG_WARN_OBJC_ROOT_CLASS = YES_ERROR;
				CLANG_WARN_QUOTED_INCLUDE_IN_FRAMEWORK_HEADER = YES;
				CLANG_WARN_RANGE_LOOP_ANALYSIS = YES;
				CLANG_WARN_STRICT_PROTOTYPES = YES;
				CLANG_WARN_SUSPICIOUS_MOVE = YES;
				CLANG_WARN_UNGUARDED_AVAILABILITY = YES_AGGRESSIVE;
				CLANG_WARN_UNREACHABLE_CODE = YES;
				CLANG_WARN__DUPLICATE_METHOD_MATCH = YES;
				COPY_PHASE_STRIP = NO;
				DEBUG_INFORMATION_FORMAT = dwarf;
				ENABLE_STRICT_OBJC_MSGSEND = YES;
				ENABLE_TESTABILITY = YES;
				GCC_C_LANGUAGE_STANDARD = gnu11;
				GCC_DYNAMIC_NO_PIC = NO;
				GCC_NO_COMMON_BLOCKS = YES;
				GCC_OPTIMIZATION_LEVEL = 0;
				GCC_PREPROCESSOR_DEFINITIONS = (
					"DEBUG=1",
					"$(inherited)",
				);
				GCC_WARN_64_TO_32_BIT_CONVERSION = YES;
				GCC_WARN_ABOUT_RETURN_TYPE = YES_ERROR;
				GCC_WARN_UNDECLARED_SELECTOR = YES;
				GCC_WARN_UNINITIALIZED_AUTOS = YES_AGGRESSIVE;
				GCC_WARN_UNUSED_FUNCTION = YES;
				GCC_WARN_UNUSED_VARIABLE = YES;
				IPHONEOS_DEPLOYMENT_TARGET = 16.1;
				MTL_ENABLE_DEBUG_INFO = INCLUDE_SOURCE;
				MTL_FAST_MATH = YES;
				ONLY_ACTIVE_ARCH = YES;
				SDKROOT = iphoneos;
				SWIFT_ACTIVE_COMPILATION_CONDITIONS = DEBUG;
				SWIFT_OPTIMIZATION_LEVEL = "-Onone";
			};
			name = Debug;
		};
		A9EC1985291FEF950022D39F /* Release */ = {
			isa = XCBuildConfiguration;
			baseConfigurationReference = 3D717B1629799E8A00B31B03 /* LoopCaregiver.xcconfig */;
			buildSettings = {
				ALWAYS_SEARCH_USER_PATHS = NO;
				CLANG_ANALYZER_NONNULL = YES;
				CLANG_ANALYZER_NUMBER_OBJECT_CONVERSION = YES_AGGRESSIVE;
				CLANG_CXX_LANGUAGE_STANDARD = "gnu++20";
				CLANG_ENABLE_MODULES = YES;
				CLANG_ENABLE_OBJC_ARC = YES;
				CLANG_ENABLE_OBJC_WEAK = YES;
				CLANG_WARN_BLOCK_CAPTURE_AUTORELEASING = YES;
				CLANG_WARN_BOOL_CONVERSION = YES;
				CLANG_WARN_COMMA = YES;
				CLANG_WARN_CONSTANT_CONVERSION = YES;
				CLANG_WARN_DEPRECATED_OBJC_IMPLEMENTATIONS = YES;
				CLANG_WARN_DIRECT_OBJC_ISA_USAGE = YES_ERROR;
				CLANG_WARN_DOCUMENTATION_COMMENTS = YES;
				CLANG_WARN_EMPTY_BODY = YES;
				CLANG_WARN_ENUM_CONVERSION = YES;
				CLANG_WARN_INFINITE_RECURSION = YES;
				CLANG_WARN_INT_CONVERSION = YES;
				CLANG_WARN_NON_LITERAL_NULL_CONVERSION = YES;
				CLANG_WARN_OBJC_IMPLICIT_RETAIN_SELF = YES;
				CLANG_WARN_OBJC_LITERAL_CONVERSION = YES;
				CLANG_WARN_OBJC_ROOT_CLASS = YES_ERROR;
				CLANG_WARN_QUOTED_INCLUDE_IN_FRAMEWORK_HEADER = YES;
				CLANG_WARN_RANGE_LOOP_ANALYSIS = YES;
				CLANG_WARN_STRICT_PROTOTYPES = YES;
				CLANG_WARN_SUSPICIOUS_MOVE = YES;
				CLANG_WARN_UNGUARDED_AVAILABILITY = YES_AGGRESSIVE;
				CLANG_WARN_UNREACHABLE_CODE = YES;
				CLANG_WARN__DUPLICATE_METHOD_MATCH = YES;
				COPY_PHASE_STRIP = NO;
				DEBUG_INFORMATION_FORMAT = "dwarf-with-dsym";
				ENABLE_NS_ASSERTIONS = NO;
				ENABLE_STRICT_OBJC_MSGSEND = YES;
				GCC_C_LANGUAGE_STANDARD = gnu11;
				GCC_NO_COMMON_BLOCKS = YES;
				GCC_WARN_64_TO_32_BIT_CONVERSION = YES;
				GCC_WARN_ABOUT_RETURN_TYPE = YES_ERROR;
				GCC_WARN_UNDECLARED_SELECTOR = YES;
				GCC_WARN_UNINITIALIZED_AUTOS = YES_AGGRESSIVE;
				GCC_WARN_UNUSED_FUNCTION = YES;
				GCC_WARN_UNUSED_VARIABLE = YES;
				IPHONEOS_DEPLOYMENT_TARGET = 16.1;
				MTL_ENABLE_DEBUG_INFO = NO;
				MTL_FAST_MATH = YES;
				SDKROOT = iphoneos;
				SWIFT_COMPILATION_MODE = wholemodule;
				SWIFT_OPTIMIZATION_LEVEL = "-O";
				VALIDATE_PRODUCT = YES;
			};
			name = Release;
		};
		A9EC1987291FEF950022D39F /* Debug */ = {
			isa = XCBuildConfiguration;
			buildSettings = {
				ASSETCATALOG_COMPILER_APPICON_NAME = AppIcon;
				ASSETCATALOG_COMPILER_GLOBAL_ACCENT_COLOR_NAME = AccentColor;
				CODE_SIGN_STYLE = Automatic;
				CURRENT_PROJECT_VERSION = 1;
				DEVELOPMENT_ASSET_PATHS = "\"LoopCaregiver/Preview Content\"";
				DEVELOPMENT_TEAM = "$(LOOP_DEVELOPMENT_TEAM)";
				ENABLE_PREVIEWS = YES;
				GENERATE_INFOPLIST_FILE = NO;
				INFOPLIST_FILE = LoopCaregiver/Info.plist;
				IPHONEOS_DEPLOYMENT_TARGET = 16.0;
				LD_RUNPATH_SEARCH_PATHS = (
					"$(inherited)",
					"@executable_path/Frameworks",
				);
				MARKETING_VERSION = 1.0;
				PRODUCT_BUNDLE_IDENTIFIER = "$(CAREGIVER_APP_BUNDLE_IDENTIFIER)";
				PRODUCT_NAME = "$(TARGET_NAME)";
				SWIFT_EMIT_LOC_STRINGS = YES;
				SWIFT_VERSION = 5.0;
				TARGETED_DEVICE_FAMILY = "1,2";
			};
			name = Debug;
		};
		A9EC1988291FEF950022D39F /* Release */ = {
			isa = XCBuildConfiguration;
			buildSettings = {
				ASSETCATALOG_COMPILER_APPICON_NAME = AppIcon;
				ASSETCATALOG_COMPILER_GLOBAL_ACCENT_COLOR_NAME = AccentColor;
				CODE_SIGN_STYLE = Automatic;
				CURRENT_PROJECT_VERSION = 1;
				DEVELOPMENT_ASSET_PATHS = "\"LoopCaregiver/Preview Content\"";
				DEVELOPMENT_TEAM = "$(LOOP_DEVELOPMENT_TEAM)";
				ENABLE_PREVIEWS = YES;
				GENERATE_INFOPLIST_FILE = NO;
				INFOPLIST_FILE = LoopCaregiver/Info.plist;
				IPHONEOS_DEPLOYMENT_TARGET = 16.0;
				LD_RUNPATH_SEARCH_PATHS = (
					"$(inherited)",
					"@executable_path/Frameworks",
				);
				MARKETING_VERSION = 1.0;
				PRODUCT_BUNDLE_IDENTIFIER = "$(CAREGIVER_APP_BUNDLE_IDENTIFIER)";
				PRODUCT_NAME = "$(TARGET_NAME)";
				SWIFT_EMIT_LOC_STRINGS = YES;
				SWIFT_VERSION = 5.0;
				TARGETED_DEVICE_FAMILY = "1,2";
			};
			name = Release;
		};
/* End XCBuildConfiguration section */

/* Begin XCConfigurationList section */
		A9346F8B2AC9820500C15F70 /* Build configuration list for PBXNativeTarget "LoopCaregiverTests" */ = {
			isa = XCConfigurationList;
			buildConfigurations = (
				A9346F892AC9820500C15F70 /* Debug */,
				A9346F8A2AC9820500C15F70 /* Release */,
			);
			defaultConfigurationIsVisible = 0;
			defaultConfigurationName = Release;
		};
		A9EC1973291FEF940022D39F /* Build configuration list for PBXProject "LoopCaregiver" */ = {
			isa = XCConfigurationList;
			buildConfigurations = (
				A9EC1984291FEF950022D39F /* Debug */,
				A9EC1985291FEF950022D39F /* Release */,
			);
			defaultConfigurationIsVisible = 0;
			defaultConfigurationName = Release;
		};
		A9EC1986291FEF950022D39F /* Build configuration list for PBXNativeTarget "LoopCaregiver" */ = {
			isa = XCConfigurationList;
			buildConfigurations = (
				A9EC1987291FEF950022D39F /* Debug */,
				A9EC1988291FEF950022D39F /* Release */,
			);
			defaultConfigurationIsVisible = 0;
			defaultConfigurationName = Release;
		};
/* End XCConfigurationList section */

/* Begin XCRemoteSwiftPackageReference section */
		A9B033E2292306A90052AA9E /* XCRemoteSwiftPackageReference "CodeScanner" */ = {
			isa = XCRemoteSwiftPackageReference;
			repositoryURL = "https://github.com/twostraws/CodeScanner";
			requirement = {
				kind = upToNextMajorVersion;
				minimumVersion = 2.0.0;
			};
		};
		A9CA102D2A7FF6A700EE114C /* XCRemoteSwiftPackageReference "SwiftCharts" */ = {
			isa = XCRemoteSwiftPackageReference;
			repositoryURL = "https://github.com/ivanschuetz/SwiftCharts";
			requirement = {
				branch = master;
				kind = branch;
			};
		};
		A9EC19A2292141980022D39F /* XCRemoteSwiftPackageReference "OneTimePassword" */ = {
			isa = XCRemoteSwiftPackageReference;
			repositoryURL = "https://github.com/mattrubin/OneTimePassword.git";
			requirement = {
				kind = revision;
				revision = 8e4022f2852d77240d0a17482cbfe325354aac70;
			};
		};
		A9EEB92929D4FCB3004EE7FB /* XCRemoteSwiftPackageReference "NightscoutKit" */ = {
			isa = XCRemoteSwiftPackageReference;
			repositoryURL = "https://github.com/gestrich/NightscoutKit.git";
			requirement = {
				branch = "feature/2023-07/bg/remote-commands";
				kind = branch;
			};
		};
/* End XCRemoteSwiftPackageReference section */

/* Begin XCSwiftPackageProductDependency section */
		A9B033E3292306A90052AA9E /* CodeScanner */ = {
			isa = XCSwiftPackageProductDependency;
			package = A9B033E2292306A90052AA9E /* XCRemoteSwiftPackageReference "CodeScanner" */;
			productName = CodeScanner;
		};
		A9CA102E2A7FF6A700EE114C /* SwiftCharts */ = {
			isa = XCSwiftPackageProductDependency;
			package = A9CA102D2A7FF6A700EE114C /* XCRemoteSwiftPackageReference "SwiftCharts" */;
			productName = SwiftCharts;
		};
		A9EC19A3292141980022D39F /* OneTimePassword */ = {
			isa = XCSwiftPackageProductDependency;
			package = A9EC19A2292141980022D39F /* XCRemoteSwiftPackageReference "OneTimePassword" */;
			productName = OneTimePassword;
		};
		A9EEB92A29D4FCB3004EE7FB /* NightscoutKit */ = {
			isa = XCSwiftPackageProductDependency;
			package = A9EEB92929D4FCB3004EE7FB /* XCRemoteSwiftPackageReference "NightscoutKit" */;
			productName = NightscoutKit;
		};
/* End XCSwiftPackageProductDependency section */

/* Begin XCVersionGroup section */
		A969296E2927FEBB00B8BF43 /* LoopCaregiver.xcdatamodeld */ = {
			isa = XCVersionGroup;
			children = (
				A92AB6CE2A31D81200977536 /* LoopCaregiver 2.xcdatamodel */,
				A969296F2927FEBB00B8BF43 /* LoopCaregiver.xcdatamodel */,
			);
			currentVersion = A92AB6CE2A31D81200977536 /* LoopCaregiver 2.xcdatamodel */;
			path = LoopCaregiver.xcdatamodeld;
			sourceTree = "<group>";
			versionGroupType = wrapper.xcdatamodel;
		};
/* End XCVersionGroup section */
	};
	rootObject = A9EC1970291FEF940022D39F /* Project object */;
}
