// !$*UTF8*$!
{
	archiveVersion = 1;
	classes = {
	};
	objectVersion = 56;
	objects = {

/* Begin PBXBuildFile section */
		A90DAD7A2B2C76CA0092A3D9 /* Looper+SwiftUI.swift in Sources */ = {isa = PBXBuildFile; fileRef = A90DAD792B2C76CA0092A3D9 /* Looper+SwiftUI.swift */; };
		A92256352B2F952F0024EA56 /* LoopCaregiverKit in Frameworks */ = {isa = PBXBuildFile; productRef = A92256342B2F952F0024EA56 /* LoopCaregiverKit */; };
		A930C6C22A8F99AA004BB459 /* CGRect.swift in Sources */ = {isa = PBXBuildFile; fileRef = A930C6C12A8F99AA004BB459 /* CGRect.swift */; };
		A930C6C52A9364BD004BB459 /* DemoView.swift in Sources */ = {isa = PBXBuildFile; fileRef = A930C6C42A9364BC004BB459 /* DemoView.swift */; };
		A933EFA22B30FF460094C32C /* HomeView.swift in Sources */ = {isa = PBXBuildFile; fileRef = A933EFA12B30FF460094C32C /* HomeView.swift */; };
		A933EFA42B3106970094C32C /* TimelineProvider.swift in Sources */ = {isa = PBXBuildFile; fileRef = A933EFA32B3106970094C32C /* TimelineProvider.swift */; };
		A933EFA92B3116F20094C32C /* SimpleEntry.swift in Sources */ = {isa = PBXBuildFile; fileRef = A933EFA82B3116F20094C32C /* SimpleEntry.swift */; };
		A9346F862AC9820500C15F70 /* OverrideViewModelTests.swift in Sources */ = {isa = PBXBuildFile; fileRef = A9346F852AC9820500C15F70 /* OverrideViewModelTests.swift */; };
		A947025D2932299600FB3E59 /* ChartsListView.swift in Sources */ = {isa = PBXBuildFile; fileRef = A947025C2932299600FB3E59 /* ChartsListView.swift */; };
		A94702692932429F00FB3E59 /* DoseChartView.swift in Sources */ = {isa = PBXBuildFile; fileRef = A94702682932429F00FB3E59 /* DoseChartView.swift */; };
		A947026C293254B500FB3E59 /* COBChartView.swift in Sources */ = {isa = PBXBuildFile; fileRef = A947026B293254B500FB3E59 /* COBChartView.swift */; };
		A94702702932C21E00FB3E59 /* IOBChartView.swift in Sources */ = {isa = PBXBuildFile; fileRef = A947026F2932C21E00FB3E59 /* IOBChartView.swift */; };
		A9480DFF2B2CA5430044C972 /* LoopKit in Frameworks */ = {isa = PBXBuildFile; productRef = A9480DFE2B2CA5430044C972 /* LoopKit */; };
		A94EFDBF2B44DBD80048E4F3 /* SettingsView.swift in Sources */ = {isa = PBXBuildFile; fileRef = A94EFDBD2B44DBD80048E4F3 /* SettingsView.swift */; };
		A94EFDC02B44DBD80048E4F3 /* SettingsViewModel.swift in Sources */ = {isa = PBXBuildFile; fileRef = A94EFDBE2B44DBD80048E4F3 /* SettingsViewModel.swift */; };
		A95223792A7FA0890070FE13 /* RemoteCommand+Charts.swift in Sources */ = {isa = PBXBuildFile; fileRef = A95223782A7FA0890070FE13 /* RemoteCommand+Charts.swift */; };
		A95CCCEE2B2F90DF000BFC25 /* LoopCaregiverKit in Frameworks */ = {isa = PBXBuildFile; productRef = A95CCCED2B2F90DF000BFC25 /* LoopCaregiverKit */; };
		A95F50C5292A648600079AAF /* PredictedGlucoseChartView.swift in Sources */ = {isa = PBXBuildFile; fileRef = A95F50C4292A648600079AAF /* PredictedGlucoseChartView.swift */; };
		A96929352926E5CE00B8BF43 /* HUDView.swift in Sources */ = {isa = PBXBuildFile; fileRef = A96929342926E5CE00B8BF43 /* HUDView.swift */; };
		A969293B2926ECF500B8BF43 /* BottomBarView.swift in Sources */ = {isa = PBXBuildFile; fileRef = A969293A2926ECF500B8BF43 /* BottomBarView.swift */; };
		A96929412926EFEC00B8BF43 /* LooperSetupView.swift in Sources */ = {isa = PBXBuildFile; fileRef = A969293E2926EFEC00B8BF43 /* LooperSetupView.swift */; };
		A970838F2B4D54CC0053D633 /* CustomDatePicker.swift in Sources */ = {isa = PBXBuildFile; fileRef = A970838E2B4D54CC0053D633 /* CustomDatePicker.swift */; };
		A97083912B4D55130053D633 /* OverrideViewModel.swift in Sources */ = {isa = PBXBuildFile; fileRef = A97083902B4D55130053D633 /* OverrideViewModel.swift */; };
		A97083932B4D55A00053D633 /* OverridePickerRowModel.swift in Sources */ = {isa = PBXBuildFile; fileRef = A97083922B4D55A00053D633 /* OverridePickerRowModel.swift */; };
		A9744DEC293405A4000A3D6A /* PinchZoom.swift in Sources */ = {isa = PBXBuildFile; fileRef = A9744DEB293405A4000A3D6A /* PinchZoom.swift */; };
		A98348912AD206CD0034ABB2 /* PresetRowView.swift in Sources */ = {isa = PBXBuildFile; fileRef = A98348902AD206CD0034ABB2 /* PresetRowView.swift */; };
		A98F5E112930F18A00A03580 /* NewGlucoseSample+Charts.swift in Sources */ = {isa = PBXBuildFile; fileRef = A98F5E102930F18A00A03580 /* NewGlucoseSample+Charts.swift */; };
		A99DC86529992DD20058EBA5 /* DisclaimerView.swift in Sources */ = {isa = PBXBuildFile; fileRef = A99DC86429992DD20058EBA5 /* DisclaimerView.swift */; };
		A99F2F382A29350D00F7DE2D /* WidgetKit.framework in Frameworks */ = {isa = PBXBuildFile; fileRef = A99F2F372A29350C00F7DE2D /* WidgetKit.framework */; };
		A99F2F3A2A29350D00F7DE2D /* SwiftUI.framework in Frameworks */ = {isa = PBXBuildFile; fileRef = A99F2F392A29350D00F7DE2D /* SwiftUI.framework */; };
		A99F2F3D2A29350D00F7DE2D /* LoopCaregiverWidgetBundle.swift in Sources */ = {isa = PBXBuildFile; fileRef = A99F2F3C2A29350D00F7DE2D /* LoopCaregiverWidgetBundle.swift */; };
		A99F2F412A29350D00F7DE2D /* LoopCaregiverWidget.swift in Sources */ = {isa = PBXBuildFile; fileRef = A99F2F402A29350D00F7DE2D /* LoopCaregiverWidget.swift */; };
		A99F2F442A29350F00F7DE2D /* Assets.xcassets in Resources */ = {isa = PBXBuildFile; fileRef = A99F2F432A29350F00F7DE2D /* Assets.xcassets */; };
		A99F2F462A29350F00F7DE2D /* LoopCaregiverWidget.intentdefinition in Sources */ = {isa = PBXBuildFile; fileRef = A99F2F422A29350D00F7DE2D /* LoopCaregiverWidget.intentdefinition */; };
		A99F2F472A29350F00F7DE2D /* LoopCaregiverWidget.intentdefinition in Sources */ = {isa = PBXBuildFile; fileRef = A99F2F422A29350D00F7DE2D /* LoopCaregiverWidget.intentdefinition */; };
		A99F2F742A2A986600F7DE2D /* CarbCorrectionNightscoutTreatment+Charts.swift in Sources */ = {isa = PBXBuildFile; fileRef = A99F2F732A2A986600F7DE2D /* CarbCorrectionNightscoutTreatment+Charts.swift */; };
		A99F2F772A2A98AE00F7DE2D /* BolusNightscoutTreatment+Charts.swift in Sources */ = {isa = PBXBuildFile; fileRef = A99F2F762A2A98AE00F7DE2D /* BolusNightscoutTreatment+Charts.swift */; };
		A99F2F7B2A2AA0E100F7DE2D /* SimpleEntry.swift in Sources */ = {isa = PBXBuildFile; fileRef = A99F2F792A2AA0DD00F7DE2D /* SimpleEntry.swift */; };
		A99F2F7D2A2AA16200F7DE2D /* LoopCaregiverWidgetView.swift in Sources */ = {isa = PBXBuildFile; fileRef = A99F2F7C2A2AA16200F7DE2D /* LoopCaregiverWidgetView.swift */; };
		A99F2F7F2A2AA19E00F7DE2D /* TimelineProvider.swift in Sources */ = {isa = PBXBuildFile; fileRef = A99F2F7E2A2AA19E00F7DE2D /* TimelineProvider.swift */; };
		A9A62C7F2AD1BD4C004CD316 /* TimeInterval.swift in Sources */ = {isa = PBXBuildFile; fileRef = A9A62C7E2AD1BD4C004CD316 /* TimeInterval.swift */; };
		A9B033E4292306A90052AA9E /* CodeScanner in Frameworks */ = {isa = PBXBuildFile; productRef = A9B033E3292306A90052AA9E /* CodeScanner */; };
		A9B033E829231DCE0052AA9E /* SettingsView.swift in Sources */ = {isa = PBXBuildFile; fileRef = A9B033E729231DCE0052AA9E /* SettingsView.swift */; };
		A9BAEE6C2B5C552D002C7C46 /* HomeView.swift in Sources */ = {isa = PBXBuildFile; fileRef = A9BAEE6B2B5C552D002C7C46 /* HomeView.swift */; };
		A9BAEE6E2B5C555F002C7C46 /* FirstRunView.swift in Sources */ = {isa = PBXBuildFile; fileRef = A9BAEE6D2B5C555F002C7C46 /* FirstRunView.swift */; };
		A9BBD8252B2C992900072287 /* LoopCaregiverKit in Frameworks */ = {isa = PBXBuildFile; productRef = A9BBD8242B2C992900072287 /* LoopCaregiverKit */; };
		A9BBD8272B2C992F00072287 /* LoopCaregiverKit in Frameworks */ = {isa = PBXBuildFile; productRef = A9BBD8262B2C992F00072287 /* LoopCaregiverKit */; };
		A9BBD8292B2C993500072287 /* LoopCaregiverKit in Frameworks */ = {isa = PBXBuildFile; productRef = A9BBD8282B2C993500072287 /* LoopCaregiverKit */; };
		A9BD0DE02A89515700988E2C /* ZoomableScrollView.swift in Sources */ = {isa = PBXBuildFile; fileRef = A9BD0DDF2A89515700988E2C /* ZoomableScrollView.swift */; };
		A9BD7B532AD0D8D300E73973 /* OverrideInsulinNeedsView.swift in Sources */ = {isa = PBXBuildFile; fileRef = A9BD7B522AD0D8D300E73973 /* OverrideInsulinNeedsView.swift */; };
		A9BD7B552AD17AAD00E73973 /* PresetEditView.swift in Sources */ = {isa = PBXBuildFile; fileRef = A9BD7B542AD17AAD00E73973 /* PresetEditView.swift */; };
		A9C89ED72A7074EE00EFD938 /* UIColor.swift in Sources */ = {isa = PBXBuildFile; fileRef = A9C89ED62A7074EE00EFD938 /* UIColor.swift */; };
		A9C89ED92A70758000EFD938 /* UIColor+HIG.swift in Sources */ = {isa = PBXBuildFile; fileRef = A9C89ED82A70758000EFD938 /* UIColor+HIG.swift */; };
		A9CFDD1E2AEBFF1200FA701B /* LoopCaregiverWatchApp.swift in Sources */ = {isa = PBXBuildFile; fileRef = A9CFDD1D2AEBFF1200FA701B /* LoopCaregiverWatchApp.swift */; };
		A9CFDD202AEBFF1200FA701B /* ContentView.swift in Sources */ = {isa = PBXBuildFile; fileRef = A9CFDD1F2AEBFF1200FA701B /* ContentView.swift */; };
		A9CFDD222AEBFF1400FA701B /* Assets.xcassets in Resources */ = {isa = PBXBuildFile; fileRef = A9CFDD212AEBFF1400FA701B /* Assets.xcassets */; };
		A9CFDD252AEBFF1400FA701B /* Preview Assets.xcassets in Resources */ = {isa = PBXBuildFile; fileRef = A9CFDD242AEBFF1400FA701B /* Preview Assets.xcassets */; };
		A9CFDD292AEBFF1400FA701B /* LoopCaregiverWatchApp.app in Embed Watch Content */ = {isa = PBXBuildFile; fileRef = A9CFDD1B2AEBFF1200FA701B /* LoopCaregiverWatchApp.app */; settings = {ATTRIBUTES = (RemoveHeadersOnCopy, ); }; };
		A9CFDD322AEC02D600FA701B /* WidgetKit.framework in Frameworks */ = {isa = PBXBuildFile; fileRef = A99F2F372A29350C00F7DE2D /* WidgetKit.framework */; };
		A9CFDD332AEC02D600FA701B /* SwiftUI.framework in Frameworks */ = {isa = PBXBuildFile; fileRef = A99F2F392A29350D00F7DE2D /* SwiftUI.framework */; };
		A9CFDD362AEC02D600FA701B /* LoopCaregiverWatchAppExtension.swift in Sources */ = {isa = PBXBuildFile; fileRef = A9CFDD352AEC02D600FA701B /* LoopCaregiverWatchAppExtension.swift */; };
		A9CFDD382AEC02D600FA701B /* ConfigurationAppIntent.swift in Sources */ = {isa = PBXBuildFile; fileRef = A9CFDD372AEC02D600FA701B /* ConfigurationAppIntent.swift */; };
		A9CFDD3A2AEC02D700FA701B /* Assets.xcassets in Resources */ = {isa = PBXBuildFile; fileRef = A9CFDD392AEC02D700FA701B /* Assets.xcassets */; };
		A9CFDD3E2AEC02D700FA701B /* LoopCaregiverWatchAppExtension.appex in Embed Foundation Extensions */ = {isa = PBXBuildFile; fileRef = A9CFDD312AEC02D600FA701B /* LoopCaregiverWatchAppExtension.appex */; settings = {ATTRIBUTES = (RemoveHeadersOnCopy, ); }; };
		A9D3FF222A6C3B99000C891D /* Color.swift in Sources */ = {isa = PBXBuildFile; fileRef = A9D3FF212A6C3B99000C891D /* Color.swift */; };
		A9E14D3A2A2BA5A600BDB93D /* LoopCaregiverWidgetExtension.appex in Embed Foundation Extensions */ = {isa = PBXBuildFile; fileRef = A99F2F362A29350C00F7DE2D /* LoopCaregiverWidgetExtension.appex */; settings = {ATTRIBUTES = (RemoveHeadersOnCopy, ); }; };
		A9EC197C291FEF940022D39F /* LoopCaregiverApp.swift in Sources */ = {isa = PBXBuildFile; fileRef = A9EC197B291FEF940022D39F /* LoopCaregiverApp.swift */; };
		A9EC197E291FEF940022D39F /* ContentView.swift in Sources */ = {isa = PBXBuildFile; fileRef = A9EC197D291FEF940022D39F /* ContentView.swift */; };
		A9EC1980291FEF950022D39F /* Assets.xcassets in Resources */ = {isa = PBXBuildFile; fileRef = A9EC197F291FEF950022D39F /* Assets.xcassets */; };
		A9EC1983291FEF950022D39F /* Preview Assets.xcassets in Resources */ = {isa = PBXBuildFile; fileRef = A9EC1982291FEF950022D39F /* Preview Assets.xcassets */; };
		A9EC199E292101550022D39F /* NightscoutChartView.swift in Sources */ = {isa = PBXBuildFile; fileRef = A9EC199D292101550022D39F /* NightscoutChartView.swift */; };
		A9EC19A1292128D60022D39F /* TreatmentAnnotationView.swift in Sources */ = {isa = PBXBuildFile; fileRef = A9EC19A0292128D60022D39F /* TreatmentAnnotationView.swift */; };
		A9EC19A9292144040022D39F /* OverrideView.swift in Sources */ = {isa = PBXBuildFile; fileRef = A9EC19A8292144040022D39F /* OverrideView.swift */; };
		A9EC19AB292156D80022D39F /* CarbInputView.swift in Sources */ = {isa = PBXBuildFile; fileRef = A9EC19AA292156D80022D39F /* CarbInputView.swift */; };
		A9EC19AD2921A19C0022D39F /* BolusInputView.swift in Sources */ = {isa = PBXBuildFile; fileRef = A9EC19AC2921A19C0022D39F /* BolusInputView.swift */; };
		A9EC5C7E2B10E9FC00AA32EF /* UserDefaults+Watch.swift in Sources */ = {isa = PBXBuildFile; fileRef = A9EC5C7D2B10E9FC00AA32EF /* UserDefaults+Watch.swift */; };
		A9EC5C7F2B10E9FC00AA32EF /* UserDefaults+Watch.swift in Sources */ = {isa = PBXBuildFile; fileRef = A9EC5C7D2B10E9FC00AA32EF /* UserDefaults+Watch.swift */; };
		A9ECCB282B286CD90057DEDF /* AppExpirationAlerter.swift in Sources */ = {isa = PBXBuildFile; fileRef = A9ECCB272B286CD90057DEDF /* AppExpirationAlerter.swift */; };
		A9ECCB2A2B286DB50057DEDF /* UserDefaults+Extensions.swift in Sources */ = {isa = PBXBuildFile; fileRef = A9ECCB292B286DB50057DEDF /* UserDefaults+Extensions.swift */; };
		A9ECCB2C2B29C5270057DEDF /* AppExpirationAlerterRepresentable.swift in Sources */ = {isa = PBXBuildFile; fileRef = A9ECCB2B2B29C5270057DEDF /* AppExpirationAlerterRepresentable.swift */; };
		A9ECCB322B2C73270057DEDF /* LoopKit in Frameworks */ = {isa = PBXBuildFile; productRef = A9ECCB312B2C73270057DEDF /* LoopKit */; };
		A9ECCB342B2C73270057DEDF /* LoopKitUI in Frameworks */ = {isa = PBXBuildFile; productRef = A9ECCB332B2C73270057DEDF /* LoopKitUI */; };
		A9ECCB362B2C73520057DEDF /* LoopKit in Frameworks */ = {isa = PBXBuildFile; productRef = A9ECCB352B2C73520057DEDF /* LoopKit */; };
		A9ECCB382B2C73520057DEDF /* LoopKitUI in Frameworks */ = {isa = PBXBuildFile; productRef = A9ECCB372B2C73520057DEDF /* LoopKitUI */; };
		A9ECCB3A2B2C73640057DEDF /* LoopKit in Frameworks */ = {isa = PBXBuildFile; productRef = A9ECCB392B2C73640057DEDF /* LoopKit */; };
		A9F871202A2EBE63007EC235 /* Intents.framework in Frameworks */ = {isa = PBXBuildFile; fileRef = A9F8711F2A2EBE63007EC235 /* Intents.framework */; };
		A9F871232A2EBE63007EC235 /* IntentHandler.swift in Sources */ = {isa = PBXBuildFile; fileRef = A9F871222A2EBE63007EC235 /* IntentHandler.swift */; };
		A9F871382A2EBE64007EC235 /* LoopCaregiverIntentExtension.appex in Embed Foundation Extensions */ = {isa = PBXBuildFile; fileRef = A9F8711E2A2EBE63007EC235 /* LoopCaregiverIntentExtension.appex */; settings = {ATTRIBUTES = (RemoveHeadersOnCopy, ); }; };
		A9F8713F2A2EBE79007EC235 /* LoopCaregiverWidget.intentdefinition in Sources */ = {isa = PBXBuildFile; fileRef = A99F2F422A29350D00F7DE2D /* LoopCaregiverWidget.intentdefinition */; };
		B63A43D72B2549BA004CFEAA /* BuildDetails.swift in Sources */ = {isa = PBXBuildFile; fileRef = B63A43D62B2549BA004CFEAA /* BuildDetails.swift */; };
		B63A43E02B2603DD004CFEAA /* BuildDetails.plist in Resources */ = {isa = PBXBuildFile; fileRef = B63A43DF2B2603DD004CFEAA /* BuildDetails.plist */; };
		B63A43E22B2603ED004CFEAA /* Scripts in Resources */ = {isa = PBXBuildFile; fileRef = B63A43E12B2603ED004CFEAA /* Scripts */; };
/* End PBXBuildFile section */

/* Begin PBXContainerItemProxy section */
		A9346F872AC9820500C15F70 /* PBXContainerItemProxy */ = {
			isa = PBXContainerItemProxy;
			containerPortal = A9EC1970291FEF940022D39F /* Project object */;
			proxyType = 1;
			remoteGlobalIDString = A9EC1977291FEF940022D39F;
			remoteInfo = LoopCaregiver;
		};
		A9CFDD262AEBFF1400FA701B /* PBXContainerItemProxy */ = {
			isa = PBXContainerItemProxy;
			containerPortal = A9EC1970291FEF940022D39F /* Project object */;
			proxyType = 1;
			remoteGlobalIDString = A9CFDD1A2AEBFF1200FA701B;
			remoteInfo = "LoopCaregiverWatchApp Watch App";
		};
		A9CFDD3C2AEC02D700FA701B /* PBXContainerItemProxy */ = {
			isa = PBXContainerItemProxy;
			containerPortal = A9EC1970291FEF940022D39F /* Project object */;
			proxyType = 1;
			remoteGlobalIDString = A9CFDD302AEC02D600FA701B;
			remoteInfo = LoopCaregiverWatchAppExtensionExtension;
		};
		A9E14D382A2BA59C00BDB93D /* PBXContainerItemProxy */ = {
			isa = PBXContainerItemProxy;
			containerPortal = A9EC1970291FEF940022D39F /* Project object */;
			proxyType = 1;
			remoteGlobalIDString = A99F2F352A29350C00F7DE2D;
			remoteInfo = LoopCaregiverWidgetExtension;
		};
		A9F871362A2EBE64007EC235 /* PBXContainerItemProxy */ = {
			isa = PBXContainerItemProxy;
			containerPortal = A9EC1970291FEF940022D39F /* Project object */;
			proxyType = 1;
			remoteGlobalIDString = A9F8711D2A2EBE63007EC235;
			remoteInfo = MyIntentExtension;
		};
/* End PBXContainerItemProxy section */

/* Begin PBXCopyFilesBuildPhase section */
		A95F50C2292A602F00079AAF /* Embed Frameworks */ = {
			isa = PBXCopyFilesBuildPhase;
			buildActionMask = 2147483647;
			dstPath = "";
			dstSubfolderSpec = 10;
			files = (
			);
			name = "Embed Frameworks";
			runOnlyForDeploymentPostprocessing = 0;
		};
		A9CFDD282AEBFF1400FA701B /* Embed Watch Content */ = {
			isa = PBXCopyFilesBuildPhase;
			buildActionMask = 2147483647;
			dstPath = "$(CONTENTS_FOLDER_PATH)/Watch";
			dstSubfolderSpec = 16;
			files = (
				A9CFDD292AEBFF1400FA701B /* LoopCaregiverWatchApp.app in Embed Watch Content */,
			);
			name = "Embed Watch Content";
			runOnlyForDeploymentPostprocessing = 0;
		};
		A9CFDD422AEC02D700FA701B /* Embed Foundation Extensions */ = {
			isa = PBXCopyFilesBuildPhase;
			buildActionMask = 2147483647;
			dstPath = "";
			dstSubfolderSpec = 13;
			files = (
				A9CFDD3E2AEC02D700FA701B /* LoopCaregiverWatchAppExtension.appex in Embed Foundation Extensions */,
			);
			name = "Embed Foundation Extensions";
			runOnlyForDeploymentPostprocessing = 0;
		};
		A9E14D3D2A2BA5A600BDB93D /* Embed Foundation Extensions */ = {
			isa = PBXCopyFilesBuildPhase;
			buildActionMask = 2147483647;
			dstPath = "";
			dstSubfolderSpec = 13;
			files = (
				A9F871382A2EBE64007EC235 /* LoopCaregiverIntentExtension.appex in Embed Foundation Extensions */,
				A9E14D3A2A2BA5A600BDB93D /* LoopCaregiverWidgetExtension.appex in Embed Foundation Extensions */,
			);
			name = "Embed Foundation Extensions";
			runOnlyForDeploymentPostprocessing = 0;
		};
/* End PBXCopyFilesBuildPhase section */

/* Begin PBXFileReference section */
		3D717B1629799E8A00B31B03 /* LoopCaregiver.xcconfig */ = {isa = PBXFileReference; lastKnownFileType = text.xcconfig; path = LoopCaregiver.xcconfig; sourceTree = "<group>"; };
		3DF4E0882980736C00E91E16 /* Info.plist */ = {isa = PBXFileReference; lastKnownFileType = text.plist; path = Info.plist; sourceTree = "<group>"; };
		A90DAD792B2C76CA0092A3D9 /* Looper+SwiftUI.swift */ = {isa = PBXFileReference; lastKnownFileType = sourcecode.swift; path = "Looper+SwiftUI.swift"; sourceTree = "<group>"; };
		A930C6C12A8F99AA004BB459 /* CGRect.swift */ = {isa = PBXFileReference; lastKnownFileType = sourcecode.swift; path = CGRect.swift; sourceTree = "<group>"; };
		A930C6C42A9364BC004BB459 /* DemoView.swift */ = {isa = PBXFileReference; fileEncoding = 4; lastKnownFileType = sourcecode.swift; path = DemoView.swift; sourceTree = "<group>"; };
		A933181B2969FC17006CC3A2 /* Crypto.framework */ = {isa = PBXFileReference; lastKnownFileType = wrapper.framework; path = Crypto.framework; sourceTree = BUILT_PRODUCTS_DIR; };
		A933EFA12B30FF460094C32C /* HomeView.swift */ = {isa = PBXFileReference; lastKnownFileType = sourcecode.swift; path = HomeView.swift; sourceTree = "<group>"; };
		A933EFA32B3106970094C32C /* TimelineProvider.swift */ = {isa = PBXFileReference; lastKnownFileType = sourcecode.swift; path = TimelineProvider.swift; sourceTree = "<group>"; };
		A933EFA82B3116F20094C32C /* SimpleEntry.swift */ = {isa = PBXFileReference; lastKnownFileType = sourcecode.swift; path = SimpleEntry.swift; sourceTree = "<group>"; };
		A9346F832AC9820500C15F70 /* LoopCaregiverTests.xctest */ = {isa = PBXFileReference; explicitFileType = wrapper.cfbundle; includeInIndex = 0; path = LoopCaregiverTests.xctest; sourceTree = BUILT_PRODUCTS_DIR; };
		A9346F852AC9820500C15F70 /* OverrideViewModelTests.swift */ = {isa = PBXFileReference; lastKnownFileType = sourcecode.swift; path = OverrideViewModelTests.swift; sourceTree = "<group>"; };
		A947025C2932299600FB3E59 /* ChartsListView.swift */ = {isa = PBXFileReference; lastKnownFileType = sourcecode.swift; path = ChartsListView.swift; sourceTree = "<group>"; };
		A94702682932429F00FB3E59 /* DoseChartView.swift */ = {isa = PBXFileReference; lastKnownFileType = sourcecode.swift; path = DoseChartView.swift; sourceTree = "<group>"; };
		A947026B293254B500FB3E59 /* COBChartView.swift */ = {isa = PBXFileReference; lastKnownFileType = sourcecode.swift; path = COBChartView.swift; sourceTree = "<group>"; };
		A947026F2932C21E00FB3E59 /* IOBChartView.swift */ = {isa = PBXFileReference; lastKnownFileType = sourcecode.swift; path = IOBChartView.swift; sourceTree = "<group>"; };
		A94EFDBD2B44DBD80048E4F3 /* SettingsView.swift */ = {isa = PBXFileReference; fileEncoding = 4; lastKnownFileType = sourcecode.swift; path = SettingsView.swift; sourceTree = "<group>"; };
		A94EFDBE2B44DBD80048E4F3 /* SettingsViewModel.swift */ = {isa = PBXFileReference; fileEncoding = 4; lastKnownFileType = sourcecode.swift; path = SettingsViewModel.swift; sourceTree = "<group>"; };
		A95223782A7FA0890070FE13 /* RemoteCommand+Charts.swift */ = {isa = PBXFileReference; lastKnownFileType = sourcecode.swift; path = "RemoteCommand+Charts.swift"; sourceTree = "<group>"; };
		A95F50BF292A602F00079AAF /* LoopKit.framework */ = {isa = PBXFileReference; lastKnownFileType = wrapper.framework; path = LoopKit.framework; sourceTree = BUILT_PRODUCTS_DIR; };
		A95F50C4292A648600079AAF /* PredictedGlucoseChartView.swift */ = {isa = PBXFileReference; lastKnownFileType = sourcecode.swift; path = PredictedGlucoseChartView.swift; sourceTree = "<group>"; };
		A95F50C6292A657F00079AAF /* LoopKitUI.framework */ = {isa = PBXFileReference; explicitFileType = wrapper.framework; path = LoopKitUI.framework; sourceTree = BUILT_PRODUCTS_DIR; };
		A95F50C9292A65E400079AAF /* LoopUI.framework */ = {isa = PBXFileReference; explicitFileType = wrapper.framework; path = LoopUI.framework; sourceTree = BUILT_PRODUCTS_DIR; };
		A95F50D0292A68E800079AAF /* LoopCore.framework */ = {isa = PBXFileReference; explicitFileType = wrapper.framework; path = LoopCore.framework; sourceTree = BUILT_PRODUCTS_DIR; };
		A9688E2D299730C500CDD4D6 /* LICENSE */ = {isa = PBXFileReference; lastKnownFileType = text; path = LICENSE; sourceTree = "<group>"; };
		A96929342926E5CE00B8BF43 /* HUDView.swift */ = {isa = PBXFileReference; lastKnownFileType = sourcecode.swift; path = HUDView.swift; sourceTree = "<group>"; };
		A969293A2926ECF500B8BF43 /* BottomBarView.swift */ = {isa = PBXFileReference; lastKnownFileType = sourcecode.swift; path = BottomBarView.swift; sourceTree = "<group>"; };
		A969293E2926EFEC00B8BF43 /* LooperSetupView.swift */ = {isa = PBXFileReference; fileEncoding = 4; lastKnownFileType = sourcecode.swift; path = LooperSetupView.swift; sourceTree = "<group>"; };
		A970838E2B4D54CC0053D633 /* CustomDatePicker.swift */ = {isa = PBXFileReference; lastKnownFileType = sourcecode.swift; path = CustomDatePicker.swift; sourceTree = "<group>"; };
		A97083902B4D55130053D633 /* OverrideViewModel.swift */ = {isa = PBXFileReference; lastKnownFileType = sourcecode.swift; path = OverrideViewModel.swift; sourceTree = "<group>"; };
		A97083922B4D55A00053D633 /* OverridePickerRowModel.swift */ = {isa = PBXFileReference; lastKnownFileType = sourcecode.swift; path = OverridePickerRowModel.swift; sourceTree = "<group>"; };
		A973364229678EA300DFE395 /* NightscoutUploadKit.framework */ = {isa = PBXFileReference; lastKnownFileType = wrapper.framework; path = NightscoutUploadKit.framework; sourceTree = BUILT_PRODUCTS_DIR; };
		A9744DEB293405A4000A3D6A /* PinchZoom.swift */ = {isa = PBXFileReference; lastKnownFileType = sourcecode.swift; path = PinchZoom.swift; sourceTree = "<group>"; };
		A98348902AD206CD0034ABB2 /* PresetRowView.swift */ = {isa = PBXFileReference; lastKnownFileType = sourcecode.swift; path = PresetRowView.swift; sourceTree = "<group>"; };
		A98F5E102930F18A00A03580 /* NewGlucoseSample+Charts.swift */ = {isa = PBXFileReference; lastKnownFileType = sourcecode.swift; path = "NewGlucoseSample+Charts.swift"; sourceTree = "<group>"; };
		A99BC5172AE5645B006D52EF /* .github */ = {isa = PBXFileReference; lastKnownFileType = folder; name = .github; path = ../.github; sourceTree = "<group>"; };
		A99BC5182AE56468006D52EF /* fastlane */ = {isa = PBXFileReference; lastKnownFileType = folder; name = fastlane; path = ../fastlane; sourceTree = "<group>"; };
		A99DC86429992DD20058EBA5 /* DisclaimerView.swift */ = {isa = PBXFileReference; lastKnownFileType = sourcecode.swift; path = DisclaimerView.swift; sourceTree = "<group>"; };
		A99F2F362A29350C00F7DE2D /* LoopCaregiverWidgetExtension.appex */ = {isa = PBXFileReference; explicitFileType = "wrapper.app-extension"; includeInIndex = 0; path = LoopCaregiverWidgetExtension.appex; sourceTree = BUILT_PRODUCTS_DIR; };
		A99F2F372A29350C00F7DE2D /* WidgetKit.framework */ = {isa = PBXFileReference; lastKnownFileType = wrapper.framework; name = WidgetKit.framework; path = System/Library/Frameworks/WidgetKit.framework; sourceTree = SDKROOT; };
		A99F2F392A29350D00F7DE2D /* SwiftUI.framework */ = {isa = PBXFileReference; lastKnownFileType = wrapper.framework; name = SwiftUI.framework; path = System/Library/Frameworks/SwiftUI.framework; sourceTree = SDKROOT; };
		A99F2F3C2A29350D00F7DE2D /* LoopCaregiverWidgetBundle.swift */ = {isa = PBXFileReference; lastKnownFileType = sourcecode.swift; path = LoopCaregiverWidgetBundle.swift; sourceTree = "<group>"; };
		A99F2F402A29350D00F7DE2D /* LoopCaregiverWidget.swift */ = {isa = PBXFileReference; lastKnownFileType = sourcecode.swift; path = LoopCaregiverWidget.swift; sourceTree = "<group>"; };
		A99F2F422A29350D00F7DE2D /* LoopCaregiverWidget.intentdefinition */ = {isa = PBXFileReference; lastKnownFileType = file.intentdefinition; path = LoopCaregiverWidget.intentdefinition; sourceTree = "<group>"; };
		A99F2F432A29350F00F7DE2D /* Assets.xcassets */ = {isa = PBXFileReference; lastKnownFileType = folder.assetcatalog; path = Assets.xcassets; sourceTree = "<group>"; };
		A99F2F452A29350F00F7DE2D /* Info.plist */ = {isa = PBXFileReference; lastKnownFileType = text.plist.xml; path = Info.plist; sourceTree = "<group>"; };
		A99F2F4F2A29396900F7DE2D /* LoopCaregiverWidgetExtension.entitlements */ = {isa = PBXFileReference; lastKnownFileType = text.plist.entitlements; path = LoopCaregiverWidgetExtension.entitlements; sourceTree = "<group>"; };
		A99F2F502A29398F00F7DE2D /* LoopCaregiver.entitlements */ = {isa = PBXFileReference; lastKnownFileType = text.plist.entitlements; path = LoopCaregiver.entitlements; sourceTree = "<group>"; };
		A99F2F732A2A986600F7DE2D /* CarbCorrectionNightscoutTreatment+Charts.swift */ = {isa = PBXFileReference; lastKnownFileType = sourcecode.swift; path = "CarbCorrectionNightscoutTreatment+Charts.swift"; sourceTree = "<group>"; };
		A99F2F762A2A98AE00F7DE2D /* BolusNightscoutTreatment+Charts.swift */ = {isa = PBXFileReference; lastKnownFileType = sourcecode.swift; path = "BolusNightscoutTreatment+Charts.swift"; sourceTree = "<group>"; };
		A99F2F792A2AA0DD00F7DE2D /* SimpleEntry.swift */ = {isa = PBXFileReference; lastKnownFileType = sourcecode.swift; path = SimpleEntry.swift; sourceTree = "<group>"; };
		A99F2F7C2A2AA16200F7DE2D /* LoopCaregiverWidgetView.swift */ = {isa = PBXFileReference; lastKnownFileType = sourcecode.swift; path = LoopCaregiverWidgetView.swift; sourceTree = "<group>"; };
		A99F2F7E2A2AA19E00F7DE2D /* TimelineProvider.swift */ = {isa = PBXFileReference; lastKnownFileType = sourcecode.swift; path = TimelineProvider.swift; sourceTree = "<group>"; };
		A9A62C7E2AD1BD4C004CD316 /* TimeInterval.swift */ = {isa = PBXFileReference; lastKnownFileType = sourcecode.swift; path = TimeInterval.swift; sourceTree = "<group>"; };
		A9B033E729231DCE0052AA9E /* SettingsView.swift */ = {isa = PBXFileReference; lastKnownFileType = sourcecode.swift; path = SettingsView.swift; sourceTree = "<group>"; };
		A9BAEE6B2B5C552D002C7C46 /* HomeView.swift */ = {isa = PBXFileReference; lastKnownFileType = sourcecode.swift; path = HomeView.swift; sourceTree = "<group>"; };
		A9BAEE6D2B5C555F002C7C46 /* FirstRunView.swift */ = {isa = PBXFileReference; lastKnownFileType = sourcecode.swift; path = FirstRunView.swift; sourceTree = "<group>"; };
		A9BBD8232B2C991D00072287 /* LoopCaregiverKit */ = {isa = PBXFileReference; lastKnownFileType = wrapper; name = LoopCaregiverKit; path = ../LoopCaregiverKit; sourceTree = "<group>"; };
		A9BD0DDF2A89515700988E2C /* ZoomableScrollView.swift */ = {isa = PBXFileReference; fileEncoding = 4; lastKnownFileType = sourcecode.swift; path = ZoomableScrollView.swift; sourceTree = "<group>"; };
		A9BD7B522AD0D8D300E73973 /* OverrideInsulinNeedsView.swift */ = {isa = PBXFileReference; lastKnownFileType = sourcecode.swift; path = OverrideInsulinNeedsView.swift; sourceTree = "<group>"; };
		A9BD7B542AD17AAD00E73973 /* PresetEditView.swift */ = {isa = PBXFileReference; lastKnownFileType = sourcecode.swift; path = PresetEditView.swift; sourceTree = "<group>"; };
		A9C666392ADAD41700D3B5CA /* README.md */ = {isa = PBXFileReference; lastKnownFileType = net.daringfireball.markdown; name = README.md; path = ../README.md; sourceTree = "<group>"; };
		A9C89ED62A7074EE00EFD938 /* UIColor.swift */ = {isa = PBXFileReference; lastKnownFileType = sourcecode.swift; path = UIColor.swift; sourceTree = "<group>"; };
		A9C89ED82A70758000EFD938 /* UIColor+HIG.swift */ = {isa = PBXFileReference; lastKnownFileType = sourcecode.swift; path = "UIColor+HIG.swift"; sourceTree = "<group>"; };
		A9CFDD1B2AEBFF1200FA701B /* LoopCaregiverWatchApp.app */ = {isa = PBXFileReference; explicitFileType = wrapper.application; includeInIndex = 0; path = LoopCaregiverWatchApp.app; sourceTree = BUILT_PRODUCTS_DIR; };
		A9CFDD1D2AEBFF1200FA701B /* LoopCaregiverWatchApp.swift */ = {isa = PBXFileReference; lastKnownFileType = sourcecode.swift; path = LoopCaregiverWatchApp.swift; sourceTree = "<group>"; };
		A9CFDD1F2AEBFF1200FA701B /* ContentView.swift */ = {isa = PBXFileReference; lastKnownFileType = sourcecode.swift; path = ContentView.swift; sourceTree = "<group>"; };
		A9CFDD212AEBFF1400FA701B /* Assets.xcassets */ = {isa = PBXFileReference; lastKnownFileType = folder.assetcatalog; path = Assets.xcassets; sourceTree = "<group>"; };
		A9CFDD242AEBFF1400FA701B /* Preview Assets.xcassets */ = {isa = PBXFileReference; lastKnownFileType = folder.assetcatalog; path = "Preview Assets.xcassets"; sourceTree = "<group>"; };
		A9CFDD312AEC02D600FA701B /* LoopCaregiverWatchAppExtension.appex */ = {isa = PBXFileReference; explicitFileType = "wrapper.app-extension"; includeInIndex = 0; path = LoopCaregiverWatchAppExtension.appex; sourceTree = BUILT_PRODUCTS_DIR; };
		A9CFDD352AEC02D600FA701B /* LoopCaregiverWatchAppExtension.swift */ = {isa = PBXFileReference; lastKnownFileType = sourcecode.swift; path = LoopCaregiverWatchAppExtension.swift; sourceTree = "<group>"; };
		A9CFDD372AEC02D600FA701B /* ConfigurationAppIntent.swift */ = {isa = PBXFileReference; lastKnownFileType = sourcecode.swift; path = ConfigurationAppIntent.swift; sourceTree = "<group>"; };
		A9CFDD392AEC02D700FA701B /* Assets.xcassets */ = {isa = PBXFileReference; lastKnownFileType = folder.assetcatalog; path = Assets.xcassets; sourceTree = "<group>"; };
		A9CFDD3B2AEC02D700FA701B /* Info.plist */ = {isa = PBXFileReference; lastKnownFileType = text.plist.xml; path = Info.plist; sourceTree = "<group>"; };
		A9CFDD432AEC042500FA701B /* LoopCaregiverWatchApp.entitlements */ = {isa = PBXFileReference; lastKnownFileType = text.plist.entitlements; path = LoopCaregiverWatchApp.entitlements; sourceTree = "<group>"; };
		A9CFDD442AEC043300FA701B /* LoopCaregiverWatchAppExtension.entitlements */ = {isa = PBXFileReference; lastKnownFileType = text.plist.entitlements; path = LoopCaregiverWatchAppExtension.entitlements; sourceTree = "<group>"; };
		A9CFDD452AEC055500FA701B /* Info.plist */ = {isa = PBXFileReference; lastKnownFileType = text.plist; path = Info.plist; sourceTree = "<group>"; };
		A9D3FF212A6C3B99000C891D /* Color.swift */ = {isa = PBXFileReference; lastKnownFileType = sourcecode.swift; path = Color.swift; sourceTree = "<group>"; };
		A9EC1978291FEF940022D39F /* LoopCaregiver.app */ = {isa = PBXFileReference; explicitFileType = wrapper.application; includeInIndex = 0; path = LoopCaregiver.app; sourceTree = BUILT_PRODUCTS_DIR; };
		A9EC197B291FEF940022D39F /* LoopCaregiverApp.swift */ = {isa = PBXFileReference; lastKnownFileType = sourcecode.swift; path = LoopCaregiverApp.swift; sourceTree = "<group>"; };
		A9EC197D291FEF940022D39F /* ContentView.swift */ = {isa = PBXFileReference; lastKnownFileType = sourcecode.swift; path = ContentView.swift; sourceTree = "<group>"; };
		A9EC197F291FEF950022D39F /* Assets.xcassets */ = {isa = PBXFileReference; lastKnownFileType = folder.assetcatalog; path = Assets.xcassets; sourceTree = "<group>"; };
		A9EC1982291FEF950022D39F /* Preview Assets.xcassets */ = {isa = PBXFileReference; lastKnownFileType = folder.assetcatalog; path = "Preview Assets.xcassets"; sourceTree = "<group>"; };
		A9EC199D292101550022D39F /* NightscoutChartView.swift */ = {isa = PBXFileReference; lastKnownFileType = sourcecode.swift; path = NightscoutChartView.swift; sourceTree = "<group>"; };
		A9EC19A0292128D60022D39F /* TreatmentAnnotationView.swift */ = {isa = PBXFileReference; lastKnownFileType = sourcecode.swift; path = TreatmentAnnotationView.swift; sourceTree = "<group>"; };
		A9EC19A8292144040022D39F /* OverrideView.swift */ = {isa = PBXFileReference; lastKnownFileType = sourcecode.swift; path = OverrideView.swift; sourceTree = "<group>"; };
		A9EC19AA292156D80022D39F /* CarbInputView.swift */ = {isa = PBXFileReference; lastKnownFileType = sourcecode.swift; path = CarbInputView.swift; sourceTree = "<group>"; };
		A9EC19AC2921A19C0022D39F /* BolusInputView.swift */ = {isa = PBXFileReference; lastKnownFileType = sourcecode.swift; path = BolusInputView.swift; sourceTree = "<group>"; };
		A9EC5C7D2B10E9FC00AA32EF /* UserDefaults+Watch.swift */ = {isa = PBXFileReference; lastKnownFileType = sourcecode.swift; path = "UserDefaults+Watch.swift"; sourceTree = "<group>"; };
		A9ECCB272B286CD90057DEDF /* AppExpirationAlerter.swift */ = {isa = PBXFileReference; lastKnownFileType = sourcecode.swift; path = AppExpirationAlerter.swift; sourceTree = "<group>"; };
		A9ECCB292B286DB50057DEDF /* UserDefaults+Extensions.swift */ = {isa = PBXFileReference; lastKnownFileType = sourcecode.swift; path = "UserDefaults+Extensions.swift"; sourceTree = "<group>"; };
		A9ECCB2B2B29C5270057DEDF /* AppExpirationAlerterRepresentable.swift */ = {isa = PBXFileReference; lastKnownFileType = sourcecode.swift; path = AppExpirationAlerterRepresentable.swift; sourceTree = "<group>"; };
		A9F8711E2A2EBE63007EC235 /* LoopCaregiverIntentExtension.appex */ = {isa = PBXFileReference; explicitFileType = "wrapper.app-extension"; includeInIndex = 0; path = LoopCaregiverIntentExtension.appex; sourceTree = BUILT_PRODUCTS_DIR; };
		A9F8711F2A2EBE63007EC235 /* Intents.framework */ = {isa = PBXFileReference; lastKnownFileType = wrapper.framework; name = Intents.framework; path = System/Library/Frameworks/Intents.framework; sourceTree = SDKROOT; };
		A9F871222A2EBE63007EC235 /* IntentHandler.swift */ = {isa = PBXFileReference; lastKnownFileType = sourcecode.swift; path = IntentHandler.swift; sourceTree = "<group>"; };
		A9F871242A2EBE63007EC235 /* Info.plist */ = {isa = PBXFileReference; lastKnownFileType = text.plist.xml; path = Info.plist; sourceTree = "<group>"; };
		A9F8712A2A2EBE64007EC235 /* IntentsUI.framework */ = {isa = PBXFileReference; lastKnownFileType = wrapper.framework; name = IntentsUI.framework; path = System/Library/Frameworks/IntentsUI.framework; sourceTree = SDKROOT; };
		A9F871642A2FF498007EC235 /* LoopCaregiverIntentExtension.entitlements */ = {isa = PBXFileReference; lastKnownFileType = text.plist.entitlements; path = LoopCaregiverIntentExtension.entitlements; sourceTree = "<group>"; };
		B63A43D62B2549BA004CFEAA /* BuildDetails.swift */ = {isa = PBXFileReference; fileEncoding = 4; lastKnownFileType = sourcecode.swift; path = BuildDetails.swift; sourceTree = "<group>"; };
		B63A43DF2B2603DD004CFEAA /* BuildDetails.plist */ = {isa = PBXFileReference; lastKnownFileType = text.plist; path = BuildDetails.plist; sourceTree = SOURCE_ROOT; };
		B63A43E12B2603ED004CFEAA /* Scripts */ = {isa = PBXFileReference; fileEncoding = 4; lastKnownFileType = text; path = Scripts; sourceTree = SOURCE_ROOT; };
/* End PBXFileReference section */

/* Begin PBXFrameworksBuildPhase section */
		A9346F802AC9820500C15F70 /* Frameworks */ = {
			isa = PBXFrameworksBuildPhase;
			buildActionMask = 2147483647;
			files = (
			);
			runOnlyForDeploymentPostprocessing = 0;
		};
		A99F2F332A29350C00F7DE2D /* Frameworks */ = {
			isa = PBXFrameworksBuildPhase;
			buildActionMask = 2147483647;
			files = (
				A9ECCB362B2C73520057DEDF /* LoopKit in Frameworks */,
				A9BBD8272B2C992F00072287 /* LoopCaregiverKit in Frameworks */,
				A99F2F3A2A29350D00F7DE2D /* SwiftUI.framework in Frameworks */,
				A99F2F382A29350D00F7DE2D /* WidgetKit.framework in Frameworks */,
				A9ECCB382B2C73520057DEDF /* LoopKitUI in Frameworks */,
			);
			runOnlyForDeploymentPostprocessing = 0;
		};
		A9CFDD182AEBFF1200FA701B /* Frameworks */ = {
			isa = PBXFrameworksBuildPhase;
			buildActionMask = 2147483647;
			files = (
				A9480DFF2B2CA5430044C972 /* LoopKit in Frameworks */,
				A92256352B2F952F0024EA56 /* LoopCaregiverKit in Frameworks */,
			);
			runOnlyForDeploymentPostprocessing = 0;
		};
		A9CFDD2E2AEC02D600FA701B /* Frameworks */ = {
			isa = PBXFrameworksBuildPhase;
			buildActionMask = 2147483647;
			files = (
				A9CFDD332AEC02D600FA701B /* SwiftUI.framework in Frameworks */,
				A9CFDD322AEC02D600FA701B /* WidgetKit.framework in Frameworks */,
				A95CCCEE2B2F90DF000BFC25 /* LoopCaregiverKit in Frameworks */,
			);
			runOnlyForDeploymentPostprocessing = 0;
		};
		A9EC1975291FEF940022D39F /* Frameworks */ = {
			isa = PBXFrameworksBuildPhase;
			buildActionMask = 2147483647;
			files = (
				A9ECCB342B2C73270057DEDF /* LoopKitUI in Frameworks */,
				A9BBD8252B2C992900072287 /* LoopCaregiverKit in Frameworks */,
				A9ECCB322B2C73270057DEDF /* LoopKit in Frameworks */,
				A9B033E4292306A90052AA9E /* CodeScanner in Frameworks */,
			);
			runOnlyForDeploymentPostprocessing = 0;
		};
		A9F8711B2A2EBE63007EC235 /* Frameworks */ = {
			isa = PBXFrameworksBuildPhase;
			buildActionMask = 2147483647;
			files = (
				A9F871202A2EBE63007EC235 /* Intents.framework in Frameworks */,
				A9ECCB3A2B2C73640057DEDF /* LoopKit in Frameworks */,
				A9BBD8292B2C993500072287 /* LoopCaregiverKit in Frameworks */,
			);
			runOnlyForDeploymentPostprocessing = 0;
		};
/* End PBXFrameworksBuildPhase section */

/* Begin PBXGroup section */
		A92256362B2F972F0024EA56 /* Diagnostics */ = {
			isa = PBXGroup;
			children = (
				B63A43D62B2549BA004CFEAA /* BuildDetails.swift */,
				A9ECCB292B286DB50057DEDF /* UserDefaults+Extensions.swift */,
			);
			path = Diagnostics;
			sourceTree = "<group>";
		};
		A930C6C32A922127004BB459 /* ZommableScrollView */ = {
			isa = PBXGroup;
			children = (
				A9BD0DDF2A89515700988E2C /* ZoomableScrollView.swift */,
				A930C6C42A9364BC004BB459 /* DemoView.swift */,
			);
			path = ZommableScrollView;
			sourceTree = "<group>";
		};
		A9346F842AC9820500C15F70 /* LoopCaregiverTests */ = {
			isa = PBXGroup;
			children = (
				A9346F852AC9820500C15F70 /* OverrideViewModelTests.swift */,
			);
			path = LoopCaregiverTests;
			sourceTree = "<group>";
		};
		A947025A2932286200FB3E59 /* NightscoutChart */ = {
			isa = PBXGroup;
			children = (
				A9EC199D292101550022D39F /* NightscoutChartView.swift */,
				A9744DEB293405A4000A3D6A /* PinchZoom.swift */,
				A9EC19A0292128D60022D39F /* TreatmentAnnotationView.swift */,
				A930C6C32A922127004BB459 /* ZommableScrollView */,
			);
			path = NightscoutChart;
			sourceTree = "<group>";
		};
		A947025B2932287A00FB3E59 /* PredicatedGlucoseChart */ = {
			isa = PBXGroup;
			children = (
				A95F50C4292A648600079AAF /* PredictedGlucoseChartView.swift */,
			);
			path = PredicatedGlucoseChart;
			sourceTree = "<group>";
		};
		A94702662932356B00FB3E59 /* Extensions */ = {
			isa = PBXGroup;
			children = (
				A98F5E102930F18A00A03580 /* NewGlucoseSample+Charts.swift */,
				A99F2F732A2A986600F7DE2D /* CarbCorrectionNightscoutTreatment+Charts.swift */,
				A99F2F762A2A98AE00F7DE2D /* BolusNightscoutTreatment+Charts.swift */,
				A95223782A7FA0890070FE13 /* RemoteCommand+Charts.swift */,
				A930C6C12A8F99AA004BB459 /* CGRect.swift */,
			);
			path = Extensions;
			sourceTree = "<group>";
		};
		A94702672932428D00FB3E59 /* DoseChart */ = {
			isa = PBXGroup;
			children = (
				A94702682932429F00FB3E59 /* DoseChartView.swift */,
			);
			path = DoseChart;
			sourceTree = "<group>";
		};
		A947026A293254A800FB3E59 /* COBChart */ = {
			isa = PBXGroup;
			children = (
				A947026B293254B500FB3E59 /* COBChartView.swift */,
			);
			path = COBChart;
			sourceTree = "<group>";
		};
		A947026E2932C20E00FB3E59 /* IOBChart */ = {
			isa = PBXGroup;
			children = (
				A947026F2932C21E00FB3E59 /* IOBChartView.swift */,
			);
			path = IOBChart;
			sourceTree = "<group>";
		};
		A94EFDBC2B44DBD80048E4F3 /* SettingsView */ = {
			isa = PBXGroup;
			children = (
				A94EFDBD2B44DBD80048E4F3 /* SettingsView.swift */,
				A94EFDBE2B44DBD80048E4F3 /* SettingsViewModel.swift */,
			);
			path = SettingsView;
			sourceTree = "<group>";
		};
		A95F50BE292A602E00079AAF /* Frameworks */ = {
			isa = PBXGroup;
			children = (
				A933181B2969FC17006CC3A2 /* Crypto.framework */,
				A973364229678EA300DFE395 /* NightscoutUploadKit.framework */,
				A95F50D0292A68E800079AAF /* LoopCore.framework */,
				A95F50C9292A65E400079AAF /* LoopUI.framework */,
				A95F50C6292A657F00079AAF /* LoopKitUI.framework */,
				A95F50BF292A602F00079AAF /* LoopKit.framework */,
				A99F2F372A29350C00F7DE2D /* WidgetKit.framework */,
				A99F2F392A29350D00F7DE2D /* SwiftUI.framework */,
				A9F8711F2A2EBE63007EC235 /* Intents.framework */,
				A9F8712A2A2EBE64007EC235 /* IntentsUI.framework */,
			);
			name = Frameworks;
			sourceTree = "<group>";
		};
		A95F50C3292A641C00079AAF /* Charts */ = {
			isa = PBXGroup;
			children = (
				A947025C2932299600FB3E59 /* ChartsListView.swift */,
				A947026A293254A800FB3E59 /* COBChart */,
				A94702672932428D00FB3E59 /* DoseChart */,
				A94702662932356B00FB3E59 /* Extensions */,
				A947026E2932C20E00FB3E59 /* IOBChart */,
				A947025A2932286200FB3E59 /* NightscoutChart */,
				A947025B2932287A00FB3E59 /* PredicatedGlucoseChart */,
			);
			path = Charts;
			sourceTree = "<group>";
		};
		A96929332926E57C00B8BF43 /* Views */ = {
			isa = PBXGroup;
			children = (
				A969296B29279DD700B8BF43 /* Actions */,
				A95F50C3292A641C00079AAF /* Charts */,
				A9744DE72933B0DC000A3D6A /* Extensions */,
				A969296A29279DCB00B8BF43 /* Home */,
				A969296929279D9F00B8BF43 /* Settings */,
			);
			path = Views;
			sourceTree = "<group>";
		};
		A969296929279D9F00B8BF43 /* Settings */ = {
			isa = PBXGroup;
			children = (
				A969293E2926EFEC00B8BF43 /* LooperSetupView.swift */,
				A9B033E729231DCE0052AA9E /* SettingsView.swift */,
				A9ECCB272B286CD90057DEDF /* AppExpirationAlerter.swift */,
			);
			path = Settings;
			sourceTree = "<group>";
		};
		A969296A29279DCB00B8BF43 /* Home */ = {
			isa = PBXGroup;
			children = (
				A9ECCB2B2B29C5270057DEDF /* AppExpirationAlerterRepresentable.swift */,
				A969293A2926ECF500B8BF43 /* BottomBarView.swift */,
				A9EC197D291FEF940022D39F /* ContentView.swift */,
				A99DC86429992DD20058EBA5 /* DisclaimerView.swift */,
				A9BAEE6D2B5C555F002C7C46 /* FirstRunView.swift */,
				A9BAEE6B2B5C552D002C7C46 /* HomeView.swift */,
				A96929342926E5CE00B8BF43 /* HUDView.swift */,
			);
			path = Home;
			sourceTree = "<group>";
		};
		A969296B29279DD700B8BF43 /* Actions */ = {
			isa = PBXGroup;
			children = (
				A970838D2B4D54A10053D633 /* OverrideView */,
				A9EC19AC2921A19C0022D39F /* BolusInputView.swift */,
				A9EC19AA292156D80022D39F /* CarbInputView.swift */,
				A9BD7B542AD17AAD00E73973 /* PresetEditView.swift */,
				A9BD7B522AD0D8D300E73973 /* OverrideInsulinNeedsView.swift */,
				A98348902AD206CD0034ABB2 /* PresetRowView.swift */,
			);
			path = Actions;
			sourceTree = "<group>";
		};
		A970838D2B4D54A10053D633 /* OverrideView */ = {
			isa = PBXGroup;
			children = (
				A9EC19A8292144040022D39F /* OverrideView.swift */,
				A97083922B4D55A00053D633 /* OverridePickerRowModel.swift */,
				A97083902B4D55130053D633 /* OverrideViewModel.swift */,
				A970838E2B4D54CC0053D633 /* CustomDatePicker.swift */,
			);
			path = OverrideView;
			sourceTree = "<group>";
		};
		A9744DE72933B0DC000A3D6A /* Extensions */ = {
			isa = PBXGroup;
			children = (
				A9D3FF212A6C3B99000C891D /* Color.swift */,
				A90DAD792B2C76CA0092A3D9 /* Looper+SwiftUI.swift */,
				A9C89ED62A7074EE00EFD938 /* UIColor.swift */,
				A9C89ED82A70758000EFD938 /* UIColor+HIG.swift */,
				A9A62C7E2AD1BD4C004CD316 /* TimeInterval.swift */,
			);
			path = Extensions;
			sourceTree = "<group>";
		};
		A99F2F3B2A29350D00F7DE2D /* LoopCaregiverWidgetExtension */ = {
			isa = PBXGroup;
			children = (
				A99F2F4F2A29396900F7DE2D /* LoopCaregiverWidgetExtension.entitlements */,
				A99F2F3C2A29350D00F7DE2D /* LoopCaregiverWidgetBundle.swift */,
				A99F2F7C2A2AA16200F7DE2D /* LoopCaregiverWidgetView.swift */,
				A99F2F792A2AA0DD00F7DE2D /* SimpleEntry.swift */,
				A99F2F7E2A2AA19E00F7DE2D /* TimelineProvider.swift */,
				A99F2F402A29350D00F7DE2D /* LoopCaregiverWidget.swift */,
				A99F2F422A29350D00F7DE2D /* LoopCaregiverWidget.intentdefinition */,
				A99F2F432A29350F00F7DE2D /* Assets.xcassets */,
				A99F2F452A29350F00F7DE2D /* Info.plist */,
			);
			path = LoopCaregiverWidgetExtension;
			sourceTree = "<group>";
		};
		A9CFDD1C2AEBFF1200FA701B /* LoopCaregiverWatchApp */ = {
			isa = PBXGroup;
			children = (
				A9CFDD452AEC055500FA701B /* Info.plist */,
				A9CFDD432AEC042500FA701B /* LoopCaregiverWatchApp.entitlements */,
				A9CFDD1D2AEBFF1200FA701B /* LoopCaregiverWatchApp.swift */,
				A9EC5C7D2B10E9FC00AA32EF /* UserDefaults+Watch.swift */,
				A9CFDD1F2AEBFF1200FA701B /* ContentView.swift */,
				A94EFDBC2B44DBD80048E4F3 /* SettingsView */,
				A933EFA12B30FF460094C32C /* HomeView.swift */,
				A9CFDD212AEBFF1400FA701B /* Assets.xcassets */,
				A9CFDD232AEBFF1400FA701B /* Preview Content */,
			);
			path = LoopCaregiverWatchApp;
			sourceTree = "<group>";
		};
		A9CFDD232AEBFF1400FA701B /* Preview Content */ = {
			isa = PBXGroup;
			children = (
				A9CFDD242AEBFF1400FA701B /* Preview Assets.xcassets */,
			);
			path = "Preview Content";
			sourceTree = "<group>";
		};
		A9CFDD342AEC02D600FA701B /* LoopCaregiverWatchAppExtension */ = {
			isa = PBXGroup;
			children = (
				A9CFDD442AEC043300FA701B /* LoopCaregiverWatchAppExtension.entitlements */,
				A9CFDD352AEC02D600FA701B /* LoopCaregiverWatchAppExtension.swift */,
				A933EFA32B3106970094C32C /* TimelineProvider.swift */,
				A933EFA82B3116F20094C32C /* SimpleEntry.swift */,
				A9CFDD372AEC02D600FA701B /* ConfigurationAppIntent.swift */,
				A9CFDD392AEC02D700FA701B /* Assets.xcassets */,
				A9CFDD3B2AEC02D700FA701B /* Info.plist */,
			);
			path = LoopCaregiverWatchAppExtension;
			sourceTree = "<group>";
		};
		A9EC196F291FEF940022D39F = {
			isa = PBXGroup;
			children = (
				A9C666392ADAD41700D3B5CA /* README.md */,
				A9688E2D299730C500CDD4D6 /* LICENSE */,
				A99BC5182AE56468006D52EF /* fastlane */,
				A99BC5172AE5645B006D52EF /* .github */,
				A9EC197A291FEF940022D39F /* LoopCaregiver */,
				A9346F842AC9820500C15F70 /* LoopCaregiverTests */,
				A9F871212A2EBE63007EC235 /* LoopCaregiverIntentExtension */,
				A99F2F3B2A29350D00F7DE2D /* LoopCaregiverWidgetExtension */,
				A9CFDD1C2AEBFF1200FA701B /* LoopCaregiverWatchApp */,
				A9CFDD342AEC02D600FA701B /* LoopCaregiverWatchAppExtension */,
				A9EC1979291FEF940022D39F /* Products */,
				A95F50BE292A602E00079AAF /* Frameworks */,
				A9BBD8232B2C991D00072287 /* LoopCaregiverKit */,
				3D717B1629799E8A00B31B03 /* LoopCaregiver.xcconfig */,
			);
			sourceTree = "<group>";
		};
		A9EC1979291FEF940022D39F /* Products */ = {
			isa = PBXGroup;
			children = (
				A9EC1978291FEF940022D39F /* LoopCaregiver.app */,
				A9346F832AC9820500C15F70 /* LoopCaregiverTests.xctest */,
				A99F2F362A29350C00F7DE2D /* LoopCaregiverWidgetExtension.appex */,
				A9F8711E2A2EBE63007EC235 /* LoopCaregiverIntentExtension.appex */,
				A9CFDD1B2AEBFF1200FA701B /* LoopCaregiverWatchApp.app */,
				A9CFDD312AEC02D600FA701B /* LoopCaregiverWatchAppExtension.appex */,
			);
			name = Products;
			sourceTree = "<group>";
		};
		A9EC197A291FEF940022D39F /* LoopCaregiver */ = {
			isa = PBXGroup;
			children = (
				B63A43E12B2603ED004CFEAA /* Scripts */,
				B63A43DF2B2603DD004CFEAA /* BuildDetails.plist */,
				A99F2F502A29398F00F7DE2D /* LoopCaregiver.entitlements */,
				3DF4E0882980736C00E91E16 /* Info.plist */,
				A92256362B2F972F0024EA56 /* Diagnostics */,
				A96929332926E57C00B8BF43 /* Views */,
				A9EC197B291FEF940022D39F /* LoopCaregiverApp.swift */,
				A9EC197F291FEF950022D39F /* Assets.xcassets */,
				A9EC1981291FEF950022D39F /* Preview Content */,
			);
			path = LoopCaregiver;
			sourceTree = "<group>";
		};
		A9EC1981291FEF950022D39F /* Preview Content */ = {
			isa = PBXGroup;
			children = (
				A9EC1982291FEF950022D39F /* Preview Assets.xcassets */,
			);
			path = "Preview Content";
			sourceTree = "<group>";
		};
		A9F871212A2EBE63007EC235 /* LoopCaregiverIntentExtension */ = {
			isa = PBXGroup;
			children = (
				A9F871642A2FF498007EC235 /* LoopCaregiverIntentExtension.entitlements */,
				A9F871222A2EBE63007EC235 /* IntentHandler.swift */,
				A9F871242A2EBE63007EC235 /* Info.plist */,
			);
			path = LoopCaregiverIntentExtension;
			sourceTree = "<group>";
		};
/* End PBXGroup section */

/* Begin PBXNativeTarget section */
		A9346F822AC9820500C15F70 /* LoopCaregiverTests */ = {
			isa = PBXNativeTarget;
			buildConfigurationList = A9346F8B2AC9820500C15F70 /* Build configuration list for PBXNativeTarget "LoopCaregiverTests" */;
			buildPhases = (
				A9346F7F2AC9820500C15F70 /* Sources */,
				A9346F802AC9820500C15F70 /* Frameworks */,
				A9346F812AC9820500C15F70 /* Resources */,
			);
			buildRules = (
			);
			dependencies = (
				A9346F882AC9820500C15F70 /* PBXTargetDependency */,
			);
			name = LoopCaregiverTests;
			productName = LoopCaregiverTests;
			productReference = A9346F832AC9820500C15F70 /* LoopCaregiverTests.xctest */;
			productType = "com.apple.product-type.bundle.unit-test";
		};
		A99F2F352A29350C00F7DE2D /* LoopCaregiverWidgetExtension */ = {
			isa = PBXNativeTarget;
			buildConfigurationList = A99F2F4E2A29350F00F7DE2D /* Build configuration list for PBXNativeTarget "LoopCaregiverWidgetExtension" */;
			buildPhases = (
				A99F2F322A29350C00F7DE2D /* Sources */,
				A99F2F332A29350C00F7DE2D /* Frameworks */,
				A99F2F342A29350C00F7DE2D /* Resources */,
			);
			buildRules = (
			);
			dependencies = (
			);
			name = LoopCaregiverWidgetExtension;
			packageProductDependencies = (
				A9ECCB352B2C73520057DEDF /* LoopKit */,
				A9ECCB372B2C73520057DEDF /* LoopKitUI */,
				A9BBD8262B2C992F00072287 /* LoopCaregiverKit */,
			);
			productName = LoopCaregiverWidgetExtension;
			productReference = A99F2F362A29350C00F7DE2D /* LoopCaregiverWidgetExtension.appex */;
			productType = "com.apple.product-type.app-extension";
		};
		A9CFDD1A2AEBFF1200FA701B /* LoopCaregiverWatchApp */ = {
			isa = PBXNativeTarget;
			buildConfigurationList = A9CFDD2C2AEBFF1400FA701B /* Build configuration list for PBXNativeTarget "LoopCaregiverWatchApp" */;
			buildPhases = (
				A9CFDD172AEBFF1200FA701B /* Sources */,
				A9CFDD182AEBFF1200FA701B /* Frameworks */,
				A9CFDD192AEBFF1200FA701B /* Resources */,
				A9CFDD422AEC02D700FA701B /* Embed Foundation Extensions */,
			);
			buildRules = (
			);
			dependencies = (
				A9CFDD3D2AEC02D700FA701B /* PBXTargetDependency */,
			);
			name = LoopCaregiverWatchApp;
			packageProductDependencies = (
				A9480DFE2B2CA5430044C972 /* LoopKit */,
				A92256342B2F952F0024EA56 /* LoopCaregiverKit */,
			);
			productName = "LoopCaregiverWatchApp Watch App";
			productReference = A9CFDD1B2AEBFF1200FA701B /* LoopCaregiverWatchApp.app */;
			productType = "com.apple.product-type.application";
		};
		A9CFDD302AEC02D600FA701B /* LoopCaregiverWatchAppExtension */ = {
			isa = PBXNativeTarget;
			buildConfigurationList = A9CFDD3F2AEC02D700FA701B /* Build configuration list for PBXNativeTarget "LoopCaregiverWatchAppExtension" */;
			buildPhases = (
				A9CFDD2D2AEC02D600FA701B /* Sources */,
				A9CFDD2E2AEC02D600FA701B /* Frameworks */,
				A9CFDD2F2AEC02D600FA701B /* Resources */,
			);
			buildRules = (
			);
			dependencies = (
			);
			name = LoopCaregiverWatchAppExtension;
			packageProductDependencies = (
				A95CCCED2B2F90DF000BFC25 /* LoopCaregiverKit */,
			);
			productName = LoopCaregiverWatchAppExtensionExtension;
			productReference = A9CFDD312AEC02D600FA701B /* LoopCaregiverWatchAppExtension.appex */;
			productType = "com.apple.product-type.app-extension";
		};
		A9EC1977291FEF940022D39F /* LoopCaregiver */ = {
			isa = PBXNativeTarget;
			buildConfigurationList = A9EC1986291FEF950022D39F /* Build configuration list for PBXNativeTarget "LoopCaregiver" */;
			buildPhases = (
				A9EC1974291FEF940022D39F /* Sources */,
				A9EC1975291FEF940022D39F /* Frameworks */,
				A9EC1976291FEF940022D39F /* Resources */,
				A95F50C2292A602F00079AAF /* Embed Frameworks */,
				A9E14D3D2A2BA5A600BDB93D /* Embed Foundation Extensions */,
				A9CFDD282AEBFF1400FA701B /* Embed Watch Content */,
				B63A43DC2B254B4E004CFEAA /* Capture Build Details */,
			);
			buildRules = (
			);
			dependencies = (
				A9E14D392A2BA59C00BDB93D /* PBXTargetDependency */,
				A9F871372A2EBE64007EC235 /* PBXTargetDependency */,
				A9CFDD272AEBFF1400FA701B /* PBXTargetDependency */,
			);
			name = LoopCaregiver;
			packageProductDependencies = (
				A9B033E3292306A90052AA9E /* CodeScanner */,
				A9ECCB312B2C73270057DEDF /* LoopKit */,
				A9ECCB332B2C73270057DEDF /* LoopKitUI */,
				A9BBD8242B2C992900072287 /* LoopCaregiverKit */,
			);
			productName = LoopCaregiver;
			productReference = A9EC1978291FEF940022D39F /* LoopCaregiver.app */;
			productType = "com.apple.product-type.application";
		};
		A9F8711D2A2EBE63007EC235 /* LoopCaregiverIntentExtension */ = {
			isa = PBXNativeTarget;
			buildConfigurationList = A9F8713C2A2EBE64007EC235 /* Build configuration list for PBXNativeTarget "LoopCaregiverIntentExtension" */;
			buildPhases = (
				A9F8711A2A2EBE63007EC235 /* Sources */,
				A9F8711B2A2EBE63007EC235 /* Frameworks */,
				A9F8711C2A2EBE63007EC235 /* Resources */,
			);
			buildRules = (
			);
			dependencies = (
			);
			name = LoopCaregiverIntentExtension;
			packageProductDependencies = (
				A9ECCB392B2C73640057DEDF /* LoopKit */,
				A9BBD8282B2C993500072287 /* LoopCaregiverKit */,
			);
			productName = MyIntentExtension;
			productReference = A9F8711E2A2EBE63007EC235 /* LoopCaregiverIntentExtension.appex */;
			productType = "com.apple.product-type.app-extension";
		};
/* End PBXNativeTarget section */

/* Begin PBXProject section */
		A9EC1970291FEF940022D39F /* Project object */ = {
			isa = PBXProject;
			attributes = {
				BuildIndependentTargetsInParallel = 1;
				LastSwiftUpdateCheck = 1500;
				LastUpgradeCheck = 1500;
				TargetAttributes = {
					A9346F822AC9820500C15F70 = {
						CreatedOnToolsVersion = 15.0;
						TestTargetID = A9EC1977291FEF940022D39F;
					};
					A99F2F352A29350C00F7DE2D = {
						CreatedOnToolsVersion = 14.3;
					};
					A9CFDD1A2AEBFF1200FA701B = {
						CreatedOnToolsVersion = 15.0;
					};
					A9CFDD302AEC02D600FA701B = {
						CreatedOnToolsVersion = 15.0;
					};
					A9EC1977291FEF940022D39F = {
						CreatedOnToolsVersion = 14.1;
					};
					A9F8711D2A2EBE63007EC235 = {
						CreatedOnToolsVersion = 14.3;
					};
				};
			};
			buildConfigurationList = A9EC1973291FEF940022D39F /* Build configuration list for PBXProject "LoopCaregiver" */;
			compatibilityVersion = "Xcode 14.0";
			developmentRegion = en;
			hasScannedForEncodings = 0;
			knownRegions = (
				en,
				Base,
			);
			mainGroup = A9EC196F291FEF940022D39F;
			packageReferences = (
				A9B033E2292306A90052AA9E /* XCRemoteSwiftPackageReference "CodeScanner" */,
				A9ECCB302B2C73270057DEDF /* XCRemoteSwiftPackageReference "LoopKit" */,
			);
			productRefGroup = A9EC1979291FEF940022D39F /* Products */;
			projectDirPath = "";
			projectRoot = "";
			targets = (
				A9EC1977291FEF940022D39F /* LoopCaregiver */,
				A9346F822AC9820500C15F70 /* LoopCaregiverTests */,
				A99F2F352A29350C00F7DE2D /* LoopCaregiverWidgetExtension */,
				A9F8711D2A2EBE63007EC235 /* LoopCaregiverIntentExtension */,
				A9CFDD1A2AEBFF1200FA701B /* LoopCaregiverWatchApp */,
				A9CFDD302AEC02D600FA701B /* LoopCaregiverWatchAppExtension */,
			);
		};
/* End PBXProject section */

/* Begin PBXResourcesBuildPhase section */
		A9346F812AC9820500C15F70 /* Resources */ = {
			isa = PBXResourcesBuildPhase;
			buildActionMask = 2147483647;
			files = (
			);
			runOnlyForDeploymentPostprocessing = 0;
		};
		A99F2F342A29350C00F7DE2D /* Resources */ = {
			isa = PBXResourcesBuildPhase;
			buildActionMask = 2147483647;
			files = (
				A99F2F442A29350F00F7DE2D /* Assets.xcassets in Resources */,
			);
			runOnlyForDeploymentPostprocessing = 0;
		};
		A9CFDD192AEBFF1200FA701B /* Resources */ = {
			isa = PBXResourcesBuildPhase;
			buildActionMask = 2147483647;
			files = (
				A9CFDD252AEBFF1400FA701B /* Preview Assets.xcassets in Resources */,
				A9CFDD222AEBFF1400FA701B /* Assets.xcassets in Resources */,
			);
			runOnlyForDeploymentPostprocessing = 0;
		};
		A9CFDD2F2AEC02D600FA701B /* Resources */ = {
			isa = PBXResourcesBuildPhase;
			buildActionMask = 2147483647;
			files = (
				A9CFDD3A2AEC02D700FA701B /* Assets.xcassets in Resources */,
			);
			runOnlyForDeploymentPostprocessing = 0;
		};
		A9EC1976291FEF940022D39F /* Resources */ = {
			isa = PBXResourcesBuildPhase;
			buildActionMask = 2147483647;
			files = (
				A9EC1983291FEF950022D39F /* Preview Assets.xcassets in Resources */,
				B63A43E02B2603DD004CFEAA /* BuildDetails.plist in Resources */,
				A9EC1980291FEF950022D39F /* Assets.xcassets in Resources */,
				B63A43E22B2603ED004CFEAA /* Scripts in Resources */,
			);
			runOnlyForDeploymentPostprocessing = 0;
		};
		A9F8711C2A2EBE63007EC235 /* Resources */ = {
			isa = PBXResourcesBuildPhase;
			buildActionMask = 2147483647;
			files = (
			);
			runOnlyForDeploymentPostprocessing = 0;
		};
/* End PBXResourcesBuildPhase section */

/* Begin PBXShellScriptBuildPhase section */
		B63A43DC2B254B4E004CFEAA /* Capture Build Details */ = {
			isa = PBXShellScriptBuildPhase;
			alwaysOutOfDate = 1;
			buildActionMask = 2147483647;
			files = (
			);
			inputFileListPaths = (
			);
			inputPaths = (
			);
			name = "Capture Build Details";
			outputFileListPaths = (
			);
			outputPaths = (
			);
			runOnlyForDeploymentPostprocessing = 0;
			shellPath = /bin/sh;
			shellScript = "\"${SRCROOT}/Scripts/capture-build-details.sh\"\n";
		};
/* End PBXShellScriptBuildPhase section */

/* Begin PBXSourcesBuildPhase section */
		A9346F7F2AC9820500C15F70 /* Sources */ = {
			isa = PBXSourcesBuildPhase;
			buildActionMask = 2147483647;
			files = (
				A9346F862AC9820500C15F70 /* OverrideViewModelTests.swift in Sources */,
			);
			runOnlyForDeploymentPostprocessing = 0;
		};
		A99F2F322A29350C00F7DE2D /* Sources */ = {
			isa = PBXSourcesBuildPhase;
			buildActionMask = 2147483647;
			files = (
				A99F2F7B2A2AA0E100F7DE2D /* SimpleEntry.swift in Sources */,
				A99F2F3D2A29350D00F7DE2D /* LoopCaregiverWidgetBundle.swift in Sources */,
				A99F2F7D2A2AA16200F7DE2D /* LoopCaregiverWidgetView.swift in Sources */,
				A99F2F412A29350D00F7DE2D /* LoopCaregiverWidget.swift in Sources */,
				A99F2F7F2A2AA19E00F7DE2D /* TimelineProvider.swift in Sources */,
				A99F2F462A29350F00F7DE2D /* LoopCaregiverWidget.intentdefinition in Sources */,
			);
			runOnlyForDeploymentPostprocessing = 0;
		};
		A9CFDD172AEBFF1200FA701B /* Sources */ = {
			isa = PBXSourcesBuildPhase;
			buildActionMask = 2147483647;
			files = (
				A9EC5C7E2B10E9FC00AA32EF /* UserDefaults+Watch.swift in Sources */,
				A9CFDD202AEBFF1200FA701B /* ContentView.swift in Sources */,
				A94EFDBF2B44DBD80048E4F3 /* SettingsView.swift in Sources */,
				A933EFA22B30FF460094C32C /* HomeView.swift in Sources */,
				A94EFDC02B44DBD80048E4F3 /* SettingsViewModel.swift in Sources */,
				A9CFDD1E2AEBFF1200FA701B /* LoopCaregiverWatchApp.swift in Sources */,
			);
			runOnlyForDeploymentPostprocessing = 0;
		};
		A9CFDD2D2AEC02D600FA701B /* Sources */ = {
			isa = PBXSourcesBuildPhase;
			buildActionMask = 2147483647;
			files = (
				A933EFA92B3116F20094C32C /* SimpleEntry.swift in Sources */,
				A933EFA42B3106970094C32C /* TimelineProvider.swift in Sources */,
				A9EC5C7F2B10E9FC00AA32EF /* UserDefaults+Watch.swift in Sources */,
				A9CFDD362AEC02D600FA701B /* LoopCaregiverWatchAppExtension.swift in Sources */,
				A9CFDD382AEC02D600FA701B /* ConfigurationAppIntent.swift in Sources */,
			);
			runOnlyForDeploymentPostprocessing = 0;
		};
		A9EC1974291FEF940022D39F /* Sources */ = {
			isa = PBXSourcesBuildPhase;
			buildActionMask = 2147483647;
			files = (
				A970838F2B4D54CC0053D633 /* CustomDatePicker.swift in Sources */,
				A9BAEE6E2B5C555F002C7C46 /* FirstRunView.swift in Sources */,
				A9BD0DE02A89515700988E2C /* ZoomableScrollView.swift in Sources */,
				A9A62C7F2AD1BD4C004CD316 /* TimeInterval.swift in Sources */,
				A97083912B4D55130053D633 /* OverrideViewModel.swift in Sources */,
				A99F2F772A2A98AE00F7DE2D /* BolusNightscoutTreatment+Charts.swift in Sources */,
				A94702702932C21E00FB3E59 /* IOBChartView.swift in Sources */,
				A96929352926E5CE00B8BF43 /* HUDView.swift in Sources */,
				A9EC19A9292144040022D39F /* OverrideView.swift in Sources */,
				A97083932B4D55A00053D633 /* OverridePickerRowModel.swift in Sources */,
				A94702692932429F00FB3E59 /* DoseChartView.swift in Sources */,
				A9ECCB2A2B286DB50057DEDF /* UserDefaults+Extensions.swift in Sources */,
				A95223792A7FA0890070FE13 /* RemoteCommand+Charts.swift in Sources */,
				A98348912AD206CD0034ABB2 /* PresetRowView.swift in Sources */,
				A96929412926EFEC00B8BF43 /* LooperSetupView.swift in Sources */,
				A98F5E112930F18A00A03580 /* NewGlucoseSample+Charts.swift in Sources */,
				A9EC197E291FEF940022D39F /* ContentView.swift in Sources */,
				A9BAEE6C2B5C552D002C7C46 /* HomeView.swift in Sources */,
				A947026C293254B500FB3E59 /* COBChartView.swift in Sources */,
				A9D3FF222A6C3B99000C891D /* Color.swift in Sources */,
				A9BD7B552AD17AAD00E73973 /* PresetEditView.swift in Sources */,
				A930C6C22A8F99AA004BB459 /* CGRect.swift in Sources */,
				A9EC199E292101550022D39F /* NightscoutChartView.swift in Sources */,
				A969293B2926ECF500B8BF43 /* BottomBarView.swift in Sources */,
				A9EC19AB292156D80022D39F /* CarbInputView.swift in Sources */,
				A9ECCB2C2B29C5270057DEDF /* AppExpirationAlerterRepresentable.swift in Sources */,
				A9B033E829231DCE0052AA9E /* SettingsView.swift in Sources */,
				A9744DEC293405A4000A3D6A /* PinchZoom.swift in Sources */,
				A99F2F742A2A986600F7DE2D /* CarbCorrectionNightscoutTreatment+Charts.swift in Sources */,
				B63A43D72B2549BA004CFEAA /* BuildDetails.swift in Sources */,
				A90DAD7A2B2C76CA0092A3D9 /* Looper+SwiftUI.swift in Sources */,
				A95F50C5292A648600079AAF /* PredictedGlucoseChartView.swift in Sources */,
				A947025D2932299600FB3E59 /* ChartsListView.swift in Sources */,
				A9C89ED92A70758000EFD938 /* UIColor+HIG.swift in Sources */,
				A930C6C52A9364BD004BB459 /* DemoView.swift in Sources */,
				A9C89ED72A7074EE00EFD938 /* UIColor.swift in Sources */,
				A9EC197C291FEF940022D39F /* LoopCaregiverApp.swift in Sources */,
				A9EC19A1292128D60022D39F /* TreatmentAnnotationView.swift in Sources */,
				A99DC86529992DD20058EBA5 /* DisclaimerView.swift in Sources */,
				A9BD7B532AD0D8D300E73973 /* OverrideInsulinNeedsView.swift in Sources */,
				A9ECCB282B286CD90057DEDF /* AppExpirationAlerter.swift in Sources */,
				A99F2F472A29350F00F7DE2D /* LoopCaregiverWidget.intentdefinition in Sources */,
				A9EC19AD2921A19C0022D39F /* BolusInputView.swift in Sources */,
			);
			runOnlyForDeploymentPostprocessing = 0;
		};
		A9F8711A2A2EBE63007EC235 /* Sources */ = {
			isa = PBXSourcesBuildPhase;
			buildActionMask = 2147483647;
			files = (
				A9F871232A2EBE63007EC235 /* IntentHandler.swift in Sources */,
				A9F8713F2A2EBE79007EC235 /* LoopCaregiverWidget.intentdefinition in Sources */,
			);
			runOnlyForDeploymentPostprocessing = 0;
		};
/* End PBXSourcesBuildPhase section */

/* Begin PBXTargetDependency section */
		A9346F882AC9820500C15F70 /* PBXTargetDependency */ = {
			isa = PBXTargetDependency;
			target = A9EC1977291FEF940022D39F /* LoopCaregiver */;
			targetProxy = A9346F872AC9820500C15F70 /* PBXContainerItemProxy */;
		};
		A9CFDD272AEBFF1400FA701B /* PBXTargetDependency */ = {
			isa = PBXTargetDependency;
			target = A9CFDD1A2AEBFF1200FA701B /* LoopCaregiverWatchApp */;
			targetProxy = A9CFDD262AEBFF1400FA701B /* PBXContainerItemProxy */;
		};
		A9CFDD3D2AEC02D700FA701B /* PBXTargetDependency */ = {
			isa = PBXTargetDependency;
			target = A9CFDD302AEC02D600FA701B /* LoopCaregiverWatchAppExtension */;
			targetProxy = A9CFDD3C2AEC02D700FA701B /* PBXContainerItemProxy */;
		};
		A9E14D392A2BA59C00BDB93D /* PBXTargetDependency */ = {
			isa = PBXTargetDependency;
			target = A99F2F352A29350C00F7DE2D /* LoopCaregiverWidgetExtension */;
			targetProxy = A9E14D382A2BA59C00BDB93D /* PBXContainerItemProxy */;
		};
		A9F871372A2EBE64007EC235 /* PBXTargetDependency */ = {
			isa = PBXTargetDependency;
			target = A9F8711D2A2EBE63007EC235 /* LoopCaregiverIntentExtension */;
			targetProxy = A9F871362A2EBE64007EC235 /* PBXContainerItemProxy */;
		};
/* End PBXTargetDependency section */

/* Begin XCBuildConfiguration section */
		A9346F892AC9820500C15F70 /* Debug */ = {
			isa = XCBuildConfiguration;
			buildSettings = {
				ASSETCATALOG_COMPILER_GENERATE_SWIFT_ASSET_SYMBOL_EXTENSIONS = YES;
				BUNDLE_LOADER = "$(TEST_HOST)";
				CODE_SIGN_STYLE = Automatic;
				CURRENT_PROJECT_VERSION = 1;
				ENABLE_USER_SCRIPT_SANDBOXING = YES;
				GCC_C_LANGUAGE_STANDARD = gnu17;
				GENERATE_INFOPLIST_FILE = YES;
				IPHONEOS_DEPLOYMENT_TARGET = 16.0;
				LOCALIZATION_PREFERS_STRING_CATALOGS = YES;
				MARKETING_VERSION = 1.0;
				PRODUCT_NAME = "$(TARGET_NAME)";
				SWIFT_ACTIVE_COMPILATION_CONDITIONS = "DEBUG $(inherited)";
				SWIFT_EMIT_LOC_STRINGS = NO;
				SWIFT_VERSION = 5.0;
				TARGETED_DEVICE_FAMILY = "1,2";
				TEST_HOST = "$(BUILT_PRODUCTS_DIR)/LoopCaregiver.app/$(BUNDLE_EXECUTABLE_FOLDER_PATH)/LoopCaregiver";
			};
			name = Debug;
		};
		A99F2F4C2A29350F00F7DE2D /* Debug */ = {
			isa = XCBuildConfiguration;
			buildSettings = {
				ASSETCATALOG_COMPILER_GLOBAL_ACCENT_COLOR_NAME = AccentColor;
				ASSETCATALOG_COMPILER_WIDGET_BACKGROUND_COLOR_NAME = WidgetBackground;
				CODE_SIGN_ENTITLEMENTS = LoopCaregiverWidgetExtension/LoopCaregiverWidgetExtension.entitlements;
				CODE_SIGN_STYLE = Automatic;
				CURRENT_PROJECT_VERSION = 1;
				GENERATE_INFOPLIST_FILE = YES;
				INFOPLIST_FILE = LoopCaregiverWidgetExtension/Info.plist;
				INFOPLIST_KEY_CFBundleDisplayName = LoopCaregiverWidget;
				INFOPLIST_KEY_NSHumanReadableCopyright = "";
				IPHONEOS_DEPLOYMENT_TARGET = 16.4;
				LD_RUNPATH_SEARCH_PATHS = (
					"$(inherited)",
					"@executable_path/Frameworks",
					"@executable_path/../../Frameworks",
				);
				MARKETING_VERSION = 1.0;
				PRODUCT_BUNDLE_IDENTIFIER = "${CAREGIVER_APP_BUNDLE_IDENTIFIER}.WidgetExtension";
				PRODUCT_NAME = "$(TARGET_NAME)";
				SKIP_INSTALL = YES;
				SUPPORTED_PLATFORMS = "iphoneos iphonesimulator";
				SUPPORTS_MACCATALYST = NO;
				SUPPORTS_MAC_DESIGNED_FOR_IPHONE_IPAD = NO;
				SWIFT_EMIT_LOC_STRINGS = YES;
				SWIFT_VERSION = 5.0;
				TARGETED_DEVICE_FAMILY = "1,2";
			};
			name = Debug;
		};
		A99F2F4D2A29350F00F7DE2D /* Release */ = {
			isa = XCBuildConfiguration;
			buildSettings = {
				ASSETCATALOG_COMPILER_GLOBAL_ACCENT_COLOR_NAME = AccentColor;
				ASSETCATALOG_COMPILER_WIDGET_BACKGROUND_COLOR_NAME = WidgetBackground;
				CODE_SIGN_ENTITLEMENTS = LoopCaregiverWidgetExtension/LoopCaregiverWidgetExtension.entitlements;
				CODE_SIGN_STYLE = Automatic;
				CURRENT_PROJECT_VERSION = 1;
				GENERATE_INFOPLIST_FILE = YES;
				INFOPLIST_FILE = LoopCaregiverWidgetExtension/Info.plist;
				INFOPLIST_KEY_CFBundleDisplayName = LoopCaregiverWidget;
				INFOPLIST_KEY_NSHumanReadableCopyright = "";
				IPHONEOS_DEPLOYMENT_TARGET = 16.4;
				LD_RUNPATH_SEARCH_PATHS = (
					"$(inherited)",
					"@executable_path/Frameworks",
					"@executable_path/../../Frameworks",
				);
				MARKETING_VERSION = 1.0;
				PRODUCT_BUNDLE_IDENTIFIER = "${CAREGIVER_APP_BUNDLE_IDENTIFIER}.WidgetExtension";
				PRODUCT_NAME = "$(TARGET_NAME)";
				SKIP_INSTALL = YES;
				SUPPORTED_PLATFORMS = "iphoneos iphonesimulator";
				SUPPORTS_MACCATALYST = NO;
				SUPPORTS_MAC_DESIGNED_FOR_IPHONE_IPAD = NO;
				SWIFT_EMIT_LOC_STRINGS = YES;
				SWIFT_VERSION = 5.0;
				TARGETED_DEVICE_FAMILY = "1,2";
			};
			name = Release;
		};
		A9CFDD2A2AEBFF1400FA701B /* Debug */ = {
			isa = XCBuildConfiguration;
			buildSettings = {
				ALWAYS_EMBED_SWIFT_STANDARD_LIBRARIES = YES;
				ASSETCATALOG_COMPILER_APPICON_NAME = AppIcon;
				ASSETCATALOG_COMPILER_GENERATE_SWIFT_ASSET_SYMBOL_EXTENSIONS = YES;
				ASSETCATALOG_COMPILER_GLOBAL_ACCENT_COLOR_NAME = AccentColor;
				CODE_SIGN_ENTITLEMENTS = LoopCaregiverWatchApp/LoopCaregiverWatchApp.entitlements;
				CODE_SIGN_STYLE = Automatic;
				CURRENT_PROJECT_VERSION = 1;
				DEVELOPMENT_ASSET_PATHS = "\"LoopCaregiverWatchApp/Preview Content\"";
				ENABLE_PREVIEWS = YES;
				ENABLE_USER_SCRIPT_SANDBOXING = YES;
				GCC_C_LANGUAGE_STANDARD = gnu17;
				GENERATE_INFOPLIST_FILE = YES;
				INFOPLIST_FILE = LoopCaregiverWatchApp/Info.plist;
				INFOPLIST_KEY_CFBundleDisplayName = "$(MAIN_APP_DISPLAY_NAME)";
				INFOPLIST_KEY_UISupportedInterfaceOrientations = "UIInterfaceOrientationPortrait UIInterfaceOrientationPortraitUpsideDown";
				INFOPLIST_KEY_WKCompanionAppBundleIdentifier = "${CAREGIVER_APP_BUNDLE_IDENTIFIER}";
				LD_RUNPATH_SEARCH_PATHS = (
					"$(inherited)",
					"@executable_path/Frameworks",
				);
				LOCALIZATION_PREFERS_STRING_CATALOGS = YES;
				MARKETING_VERSION = 1.0;
				PRODUCT_BUNDLE_IDENTIFIER = "${CAREGIVER_APP_BUNDLE_IDENTIFIER}.watchkitapp";
				PRODUCT_NAME = "$(TARGET_NAME)";
				SDKROOT = watchos;
				SKIP_INSTALL = YES;
				SWIFT_ACTIVE_COMPILATION_CONDITIONS = "DEBUG $(inherited)";
				SWIFT_EMIT_LOC_STRINGS = YES;
				SWIFT_VERSION = 5.0;
				TARGETED_DEVICE_FAMILY = 4;
				WATCHOS_DEPLOYMENT_TARGET = 10.0;
			};
			name = Debug;
		};
		A9CFDD2B2AEBFF1400FA701B /* Release */ = {
			isa = XCBuildConfiguration;
			buildSettings = {
				ALWAYS_EMBED_SWIFT_STANDARD_LIBRARIES = YES;
				ASSETCATALOG_COMPILER_APPICON_NAME = AppIcon;
				ASSETCATALOG_COMPILER_GENERATE_SWIFT_ASSET_SYMBOL_EXTENSIONS = YES;
				ASSETCATALOG_COMPILER_GLOBAL_ACCENT_COLOR_NAME = AccentColor;
				CODE_SIGN_ENTITLEMENTS = LoopCaregiverWatchApp/LoopCaregiverWatchApp.entitlements;
				CODE_SIGN_STYLE = Automatic;
				CURRENT_PROJECT_VERSION = 1;
				DEVELOPMENT_ASSET_PATHS = "\"LoopCaregiverWatchApp/Preview Content\"";
				ENABLE_PREVIEWS = YES;
				ENABLE_USER_SCRIPT_SANDBOXING = YES;
				GCC_C_LANGUAGE_STANDARD = gnu17;
				GENERATE_INFOPLIST_FILE = YES;
				INFOPLIST_FILE = LoopCaregiverWatchApp/Info.plist;
				INFOPLIST_KEY_CFBundleDisplayName = "$(MAIN_APP_DISPLAY_NAME)";
				INFOPLIST_KEY_UISupportedInterfaceOrientations = "UIInterfaceOrientationPortrait UIInterfaceOrientationPortraitUpsideDown";
				INFOPLIST_KEY_WKCompanionAppBundleIdentifier = "${CAREGIVER_APP_BUNDLE_IDENTIFIER}";
				LD_RUNPATH_SEARCH_PATHS = (
					"$(inherited)",
					"@executable_path/Frameworks",
				);
				LOCALIZATION_PREFERS_STRING_CATALOGS = YES;
				MARKETING_VERSION = 1.0;
				PRODUCT_BUNDLE_IDENTIFIER = "${CAREGIVER_APP_BUNDLE_IDENTIFIER}.watchkitapp";
				PRODUCT_NAME = "$(TARGET_NAME)";
				SDKROOT = watchos;
				SKIP_INSTALL = YES;
				SWIFT_EMIT_LOC_STRINGS = YES;
				SWIFT_VERSION = 5.0;
				TARGETED_DEVICE_FAMILY = 4;
				WATCHOS_DEPLOYMENT_TARGET = 10.0;
			};
			name = Release;
		};
		A9CFDD402AEC02D700FA701B /* Debug */ = {
			isa = XCBuildConfiguration;
			buildSettings = {
				ASSETCATALOG_COMPILER_GENERATE_SWIFT_ASSET_SYMBOL_EXTENSIONS = YES;
				ASSETCATALOG_COMPILER_GLOBAL_ACCENT_COLOR_NAME = AccentColor;
				ASSETCATALOG_COMPILER_WIDGET_BACKGROUND_COLOR_NAME = WidgetBackground;
				CODE_SIGN_ENTITLEMENTS = LoopCaregiverWatchAppExtension/LoopCaregiverWatchAppExtension.entitlements;
				CODE_SIGN_STYLE = Automatic;
				CURRENT_PROJECT_VERSION = 1;
				ENABLE_USER_SCRIPT_SANDBOXING = YES;
				GCC_C_LANGUAGE_STANDARD = gnu17;
				GENERATE_INFOPLIST_FILE = YES;
				INFOPLIST_FILE = LoopCaregiverWatchAppExtension/Info.plist;
				INFOPLIST_KEY_CFBundleDisplayName = "$(MAIN_APP_DISPLAY_NAME)";
				INFOPLIST_KEY_NSHumanReadableCopyright = "";
				LD_RUNPATH_SEARCH_PATHS = (
					"$(inherited)",
					"@executable_path/Frameworks",
					"@executable_path/../../Frameworks",
					"@executable_path/../../../../Frameworks",
				);
				LOCALIZATION_PREFERS_STRING_CATALOGS = YES;
				MARKETING_VERSION = 1.0;
				PRODUCT_BUNDLE_IDENTIFIER = "${CAREGIVER_APP_BUNDLE_IDENTIFIER}.watchkitapp.WidgetExtension";
				PRODUCT_NAME = "$(TARGET_NAME)";
				SDKROOT = watchos;
				SKIP_INSTALL = YES;
				SWIFT_ACTIVE_COMPILATION_CONDITIONS = "DEBUG $(inherited)";
				SWIFT_EMIT_LOC_STRINGS = YES;
				SWIFT_VERSION = 5.0;
				TARGETED_DEVICE_FAMILY = 4;
				WATCHOS_DEPLOYMENT_TARGET = 10.0;
			};
			name = Debug;
		};
		A9CFDD412AEC02D700FA701B /* Release */ = {
			isa = XCBuildConfiguration;
			buildSettings = {
				ASSETCATALOG_COMPILER_GENERATE_SWIFT_ASSET_SYMBOL_EXTENSIONS = YES;
				ASSETCATALOG_COMPILER_GLOBAL_ACCENT_COLOR_NAME = AccentColor;
				ASSETCATALOG_COMPILER_WIDGET_BACKGROUND_COLOR_NAME = WidgetBackground;
				CODE_SIGN_ENTITLEMENTS = LoopCaregiverWatchAppExtension/LoopCaregiverWatchAppExtension.entitlements;
				CODE_SIGN_STYLE = Automatic;
				CURRENT_PROJECT_VERSION = 1;
				ENABLE_USER_SCRIPT_SANDBOXING = YES;
				GCC_C_LANGUAGE_STANDARD = gnu17;
				GENERATE_INFOPLIST_FILE = YES;
				INFOPLIST_FILE = LoopCaregiverWatchAppExtension/Info.plist;
				INFOPLIST_KEY_CFBundleDisplayName = "$(MAIN_APP_DISPLAY_NAME)";
				INFOPLIST_KEY_NSHumanReadableCopyright = "";
				LD_RUNPATH_SEARCH_PATHS = (
					"$(inherited)",
					"@executable_path/Frameworks",
					"@executable_path/../../Frameworks",
					"@executable_path/../../../../Frameworks",
				);
				LOCALIZATION_PREFERS_STRING_CATALOGS = YES;
				MARKETING_VERSION = 1.0;
				PRODUCT_BUNDLE_IDENTIFIER = "${CAREGIVER_APP_BUNDLE_IDENTIFIER}.watchkitapp.WidgetExtension";
				PRODUCT_NAME = "$(TARGET_NAME)";
				SDKROOT = watchos;
				SKIP_INSTALL = YES;
				SWIFT_EMIT_LOC_STRINGS = YES;
				SWIFT_VERSION = 5.0;
				TARGETED_DEVICE_FAMILY = 4;
				WATCHOS_DEPLOYMENT_TARGET = 10.0;
			};
			name = Release;
		};
		A9EC1984291FEF950022D39F /* Debug */ = {
			isa = XCBuildConfiguration;
			baseConfigurationReference = 3D717B1629799E8A00B31B03 /* LoopCaregiver.xcconfig */;
			buildSettings = {
				ALWAYS_SEARCH_USER_PATHS = NO;
				APP_GROUP_IDENTIFIER = "group.$(CAREGIVER_APP_BUNDLE_IDENTIFIER)Group";
				ASSETCATALOG_COMPILER_GENERATE_SWIFT_ASSET_SYMBOL_EXTENSIONS = YES;
				CLANG_ANALYZER_NONNULL = YES;
				CLANG_ANALYZER_NUMBER_OBJECT_CONVERSION = YES_AGGRESSIVE;
				CLANG_CXX_LANGUAGE_STANDARD = "gnu++20";
				CLANG_ENABLE_MODULES = YES;
				CLANG_ENABLE_OBJC_ARC = YES;
				CLANG_ENABLE_OBJC_WEAK = YES;
				CLANG_WARN_BLOCK_CAPTURE_AUTORELEASING = YES;
				CLANG_WARN_BOOL_CONVERSION = YES;
				CLANG_WARN_COMMA = YES;
				CLANG_WARN_CONSTANT_CONVERSION = YES;
				CLANG_WARN_DEPRECATED_OBJC_IMPLEMENTATIONS = YES;
				CLANG_WARN_DIRECT_OBJC_ISA_USAGE = YES_ERROR;
				CLANG_WARN_DOCUMENTATION_COMMENTS = YES;
				CLANG_WARN_EMPTY_BODY = YES;
				CLANG_WARN_ENUM_CONVERSION = YES;
				CLANG_WARN_INFINITE_RECURSION = YES;
				CLANG_WARN_INT_CONVERSION = YES;
				CLANG_WARN_NON_LITERAL_NULL_CONVERSION = YES;
				CLANG_WARN_OBJC_IMPLICIT_RETAIN_SELF = YES;
				CLANG_WARN_OBJC_LITERAL_CONVERSION = YES;
				CLANG_WARN_OBJC_ROOT_CLASS = YES_ERROR;
				CLANG_WARN_QUOTED_INCLUDE_IN_FRAMEWORK_HEADER = YES;
				CLANG_WARN_RANGE_LOOP_ANALYSIS = YES;
				CLANG_WARN_STRICT_PROTOTYPES = YES;
				CLANG_WARN_SUSPICIOUS_MOVE = YES;
				CLANG_WARN_UNGUARDED_AVAILABILITY = YES_AGGRESSIVE;
				CLANG_WARN_UNREACHABLE_CODE = YES;
				CLANG_WARN__DUPLICATE_METHOD_MATCH = YES;
				COPY_PHASE_STRIP = NO;
				DEBUG_INFORMATION_FORMAT = dwarf;
				DEVELOPMENT_TEAM = "$(LOOP_DEVELOPMENT_TEAM)";
				ENABLE_STRICT_OBJC_MSGSEND = YES;
				ENABLE_TESTABILITY = YES;
				GCC_C_LANGUAGE_STANDARD = gnu11;
				GCC_DYNAMIC_NO_PIC = NO;
				GCC_NO_COMMON_BLOCKS = YES;
				GCC_OPTIMIZATION_LEVEL = 0;
				GCC_PREPROCESSOR_DEFINITIONS = (
					"DEBUG=1",
					"$(inherited)",
				);
				GCC_WARN_64_TO_32_BIT_CONVERSION = YES;
				GCC_WARN_ABOUT_RETURN_TYPE = YES_ERROR;
				GCC_WARN_UNDECLARED_SELECTOR = YES;
				GCC_WARN_UNINITIALIZED_AUTOS = YES_AGGRESSIVE;
				GCC_WARN_UNUSED_FUNCTION = YES;
				GCC_WARN_UNUSED_VARIABLE = YES;
				INFOPLIST_KEY_CFBundleDisplayName = "$(MAIN_APP_DISPLAY_NAME)";
				IPHONEOS_DEPLOYMENT_TARGET = 16.1;
				MAIN_APP_DISPLAY_NAME = "$(MAIN_APP_DISPLAY_NAME)";
				MTL_ENABLE_DEBUG_INFO = INCLUDE_SOURCE;
				MTL_FAST_MATH = YES;
				ONLY_ACTIVE_ARCH = YES;
				SDKROOT = iphoneos;
				SWIFT_ACTIVE_COMPILATION_CONDITIONS = DEBUG;
				SWIFT_OPTIMIZATION_LEVEL = "-Onone";
			};
			name = Debug;
		};
		A9EC1985291FEF950022D39F /* Release */ = {
			isa = XCBuildConfiguration;
			baseConfigurationReference = 3D717B1629799E8A00B31B03 /* LoopCaregiver.xcconfig */;
			buildSettings = {
				ALWAYS_SEARCH_USER_PATHS = NO;
				APP_GROUP_IDENTIFIER = "group.$(CAREGIVER_APP_BUNDLE_IDENTIFIER)Group";
				ASSETCATALOG_COMPILER_GENERATE_SWIFT_ASSET_SYMBOL_EXTENSIONS = YES;
				CLANG_ANALYZER_NONNULL = YES;
				CLANG_ANALYZER_NUMBER_OBJECT_CONVERSION = YES_AGGRESSIVE;
				CLANG_CXX_LANGUAGE_STANDARD = "gnu++20";
				CLANG_ENABLE_MODULES = YES;
				CLANG_ENABLE_OBJC_ARC = YES;
				CLANG_ENABLE_OBJC_WEAK = YES;
				CLANG_WARN_BLOCK_CAPTURE_AUTORELEASING = YES;
				CLANG_WARN_BOOL_CONVERSION = YES;
				CLANG_WARN_COMMA = YES;
				CLANG_WARN_CONSTANT_CONVERSION = YES;
				CLANG_WARN_DEPRECATED_OBJC_IMPLEMENTATIONS = YES;
				CLANG_WARN_DIRECT_OBJC_ISA_USAGE = YES_ERROR;
				CLANG_WARN_DOCUMENTATION_COMMENTS = YES;
				CLANG_WARN_EMPTY_BODY = YES;
				CLANG_WARN_ENUM_CONVERSION = YES;
				CLANG_WARN_INFINITE_RECURSION = YES;
				CLANG_WARN_INT_CONVERSION = YES;
				CLANG_WARN_NON_LITERAL_NULL_CONVERSION = YES;
				CLANG_WARN_OBJC_IMPLICIT_RETAIN_SELF = YES;
				CLANG_WARN_OBJC_LITERAL_CONVERSION = YES;
				CLANG_WARN_OBJC_ROOT_CLASS = YES_ERROR;
				CLANG_WARN_QUOTED_INCLUDE_IN_FRAMEWORK_HEADER = YES;
				CLANG_WARN_RANGE_LOOP_ANALYSIS = YES;
				CLANG_WARN_STRICT_PROTOTYPES = YES;
				CLANG_WARN_SUSPICIOUS_MOVE = YES;
				CLANG_WARN_UNGUARDED_AVAILABILITY = YES_AGGRESSIVE;
				CLANG_WARN_UNREACHABLE_CODE = YES;
				CLANG_WARN__DUPLICATE_METHOD_MATCH = YES;
				COPY_PHASE_STRIP = NO;
				DEBUG_INFORMATION_FORMAT = "dwarf-with-dsym";
				DEVELOPMENT_TEAM = "$(LOOP_DEVELOPMENT_TEAM)";
				ENABLE_NS_ASSERTIONS = NO;
				ENABLE_STRICT_OBJC_MSGSEND = YES;
				GCC_C_LANGUAGE_STANDARD = gnu11;
				GCC_NO_COMMON_BLOCKS = YES;
				GCC_WARN_64_TO_32_BIT_CONVERSION = YES;
				GCC_WARN_ABOUT_RETURN_TYPE = YES_ERROR;
				GCC_WARN_UNDECLARED_SELECTOR = YES;
				GCC_WARN_UNINITIALIZED_AUTOS = YES_AGGRESSIVE;
				GCC_WARN_UNUSED_FUNCTION = YES;
				GCC_WARN_UNUSED_VARIABLE = YES;
				INFOPLIST_KEY_CFBundleDisplayName = "$(MAIN_APP_DISPLAY_NAME)";
				IPHONEOS_DEPLOYMENT_TARGET = 16.1;
				MAIN_APP_DISPLAY_NAME = "$(MAIN_APP_DISPLAY_NAME)";
				MTL_ENABLE_DEBUG_INFO = NO;
				MTL_FAST_MATH = YES;
				SDKROOT = iphoneos;
				SWIFT_COMPILATION_MODE = wholemodule;
				SWIFT_OPTIMIZATION_LEVEL = "-O";
				VALIDATE_PRODUCT = YES;
			};
			name = Release;
		};
		A9EC1987291FEF950022D39F /* Debug */ = {
			isa = XCBuildConfiguration;
			buildSettings = {
				ALWAYS_EMBED_SWIFT_STANDARD_LIBRARIES = YES;
				ASSETCATALOG_COMPILER_APPICON_NAME = AppIcon;
				ASSETCATALOG_COMPILER_GLOBAL_ACCENT_COLOR_NAME = AccentColor;
				CODE_SIGN_ENTITLEMENTS = LoopCaregiver/LoopCaregiver.entitlements;
				CODE_SIGN_STYLE = Automatic;
				CURRENT_PROJECT_VERSION = 1;
				DEVELOPMENT_ASSET_PATHS = "\"LoopCaregiver/Preview Content\"";
				ENABLE_PREVIEWS = YES;
				GENERATE_INFOPLIST_FILE = NO;
				INFOPLIST_FILE = LoopCaregiver/Info.plist;
				IPHONEOS_DEPLOYMENT_TARGET = 16.0;
				LD_RUNPATH_SEARCH_PATHS = (
					"$(inherited)",
					"@executable_path/Frameworks",
				);
				MARKETING_VERSION = 1.0;
				PRODUCT_BUNDLE_IDENTIFIER = "$(CAREGIVER_APP_BUNDLE_IDENTIFIER)";
				PRODUCT_NAME = "$(TARGET_NAME)";
				SWIFT_EMIT_LOC_STRINGS = YES;
				SWIFT_VERSION = 5.0;
				TARGETED_DEVICE_FAMILY = "1,2";
			};
			name = Debug;
		};
		A9EC1988291FEF950022D39F /* Release */ = {
			isa = XCBuildConfiguration;
			buildSettings = {
				ALWAYS_EMBED_SWIFT_STANDARD_LIBRARIES = YES;
				ASSETCATALOG_COMPILER_APPICON_NAME = AppIcon;
				ASSETCATALOG_COMPILER_GLOBAL_ACCENT_COLOR_NAME = AccentColor;
				CODE_SIGN_ENTITLEMENTS = LoopCaregiver/LoopCaregiver.entitlements;
				CODE_SIGN_STYLE = Automatic;
				CURRENT_PROJECT_VERSION = 1;
				DEVELOPMENT_ASSET_PATHS = "\"LoopCaregiver/Preview Content\"";
				ENABLE_PREVIEWS = YES;
				GENERATE_INFOPLIST_FILE = NO;
				INFOPLIST_FILE = LoopCaregiver/Info.plist;
				IPHONEOS_DEPLOYMENT_TARGET = 16.0;
				LD_RUNPATH_SEARCH_PATHS = (
					"$(inherited)",
					"@executable_path/Frameworks",
				);
				MARKETING_VERSION = 1.0;
				PRODUCT_BUNDLE_IDENTIFIER = "$(CAREGIVER_APP_BUNDLE_IDENTIFIER)";
				PRODUCT_NAME = "$(TARGET_NAME)";
				SWIFT_EMIT_LOC_STRINGS = YES;
				SWIFT_VERSION = 5.0;
				TARGETED_DEVICE_FAMILY = "1,2";
			};
			name = Release;
		};
		A9F8713D2A2EBE64007EC235 /* Debug */ = {
			isa = XCBuildConfiguration;
			buildSettings = {
				CODE_SIGN_ENTITLEMENTS = LoopCaregiverIntentExtension/LoopCaregiverIntentExtension.entitlements;
				CODE_SIGN_STYLE = Automatic;
				CURRENT_PROJECT_VERSION = 1;
				GENERATE_INFOPLIST_FILE = YES;
				INFOPLIST_FILE = LoopCaregiverIntentExtension/Info.plist;
				INFOPLIST_KEY_CFBundleDisplayName = LoopCaregiverIntentExtension;
				INFOPLIST_KEY_NSHumanReadableCopyright = "";
				IPHONEOS_DEPLOYMENT_TARGET = 16.4;
				LD_RUNPATH_SEARCH_PATHS = (
					"$(inherited)",
					"@executable_path/Frameworks",
					"@executable_path/../../Frameworks",
				);
				MARKETING_VERSION = 1.0;
				PRODUCT_BUNDLE_IDENTIFIER = "${CAREGIVER_APP_BUNDLE_IDENTIFIER}.IntentExtension";
				PRODUCT_NAME = "$(TARGET_NAME)";
				SKIP_INSTALL = YES;
				SUPPORTED_PLATFORMS = "iphoneos iphonesimulator";
				SUPPORTS_MACCATALYST = NO;
				SUPPORTS_MAC_DESIGNED_FOR_IPHONE_IPAD = NO;
				SWIFT_EMIT_LOC_STRINGS = YES;
				SWIFT_VERSION = 5.0;
				TARGETED_DEVICE_FAMILY = "1,2";
			};
			name = Debug;
		};
		A9F8713E2A2EBE64007EC235 /* Release */ = {
			isa = XCBuildConfiguration;
			buildSettings = {
				CODE_SIGN_ENTITLEMENTS = LoopCaregiverIntentExtension/LoopCaregiverIntentExtension.entitlements;
				CODE_SIGN_STYLE = Automatic;
				CURRENT_PROJECT_VERSION = 1;
				GENERATE_INFOPLIST_FILE = YES;
				INFOPLIST_FILE = LoopCaregiverIntentExtension/Info.plist;
				INFOPLIST_KEY_CFBundleDisplayName = LoopCaregiverIntentExtension;
				INFOPLIST_KEY_NSHumanReadableCopyright = "";
				IPHONEOS_DEPLOYMENT_TARGET = 16.4;
				LD_RUNPATH_SEARCH_PATHS = (
					"$(inherited)",
					"@executable_path/Frameworks",
					"@executable_path/../../Frameworks",
				);
				MARKETING_VERSION = 1.0;
				PRODUCT_BUNDLE_IDENTIFIER = "${CAREGIVER_APP_BUNDLE_IDENTIFIER}.IntentExtension";
				PRODUCT_NAME = "$(TARGET_NAME)";
				SKIP_INSTALL = YES;
				SUPPORTED_PLATFORMS = "iphoneos iphonesimulator";
				SUPPORTS_MACCATALYST = NO;
				SUPPORTS_MAC_DESIGNED_FOR_IPHONE_IPAD = NO;
				SWIFT_EMIT_LOC_STRINGS = YES;
				SWIFT_VERSION = 5.0;
				TARGETED_DEVICE_FAMILY = "1,2";
			};
			name = Release;
		};
		A9FE41052ADC667900DD88E4 /* Release */ = {
			isa = XCBuildConfiguration;
			buildSettings = {
				COPY_PHASE_STRIP = YES;
				CURRENT_PROJECT_VERSION = 1;
				DEBUG_INFORMATION_FORMAT = "dwarf-with-dsym";
				PRODUCT_NAME = LoopCaregiverTests;
			};
			name = Release;
		};
/* End XCBuildConfiguration section */

/* Begin XCConfigurationList section */
		A9346F8B2AC9820500C15F70 /* Build configuration list for PBXNativeTarget "LoopCaregiverTests" */ = {
			isa = XCConfigurationList;
			buildConfigurations = (
				A9346F892AC9820500C15F70 /* Debug */,
				A9FE41052ADC667900DD88E4 /* Release */,
			);
			defaultConfigurationIsVisible = 0;
			defaultConfigurationName = Release;
		};
		A99F2F4E2A29350F00F7DE2D /* Build configuration list for PBXNativeTarget "LoopCaregiverWidgetExtension" */ = {
			isa = XCConfigurationList;
			buildConfigurations = (
				A99F2F4C2A29350F00F7DE2D /* Debug */,
				A99F2F4D2A29350F00F7DE2D /* Release */,
			);
			defaultConfigurationIsVisible = 0;
			defaultConfigurationName = Release;
		};
		A9CFDD2C2AEBFF1400FA701B /* Build configuration list for PBXNativeTarget "LoopCaregiverWatchApp" */ = {
			isa = XCConfigurationList;
			buildConfigurations = (
				A9CFDD2A2AEBFF1400FA701B /* Debug */,
				A9CFDD2B2AEBFF1400FA701B /* Release */,
			);
			defaultConfigurationIsVisible = 0;
			defaultConfigurationName = Release;
		};
		A9CFDD3F2AEC02D700FA701B /* Build configuration list for PBXNativeTarget "LoopCaregiverWatchAppExtension" */ = {
			isa = XCConfigurationList;
			buildConfigurations = (
				A9CFDD402AEC02D700FA701B /* Debug */,
				A9CFDD412AEC02D700FA701B /* Release */,
			);
			defaultConfigurationIsVisible = 0;
			defaultConfigurationName = Release;
		};
		A9EC1973291FEF940022D39F /* Build configuration list for PBXProject "LoopCaregiver" */ = {
			isa = XCConfigurationList;
			buildConfigurations = (
				A9EC1984291FEF950022D39F /* Debug */,
				A9EC1985291FEF950022D39F /* Release */,
			);
			defaultConfigurationIsVisible = 0;
			defaultConfigurationName = Release;
		};
		A9EC1986291FEF950022D39F /* Build configuration list for PBXNativeTarget "LoopCaregiver" */ = {
			isa = XCConfigurationList;
			buildConfigurations = (
				A9EC1987291FEF950022D39F /* Debug */,
				A9EC1988291FEF950022D39F /* Release */,
			);
			defaultConfigurationIsVisible = 0;
			defaultConfigurationName = Release;
		};
		A9F8713C2A2EBE64007EC235 /* Build configuration list for PBXNativeTarget "LoopCaregiverIntentExtension" */ = {
			isa = XCConfigurationList;
			buildConfigurations = (
				A9F8713D2A2EBE64007EC235 /* Debug */,
				A9F8713E2A2EBE64007EC235 /* Release */,
			);
			defaultConfigurationIsVisible = 0;
			defaultConfigurationName = Release;
		};
/* End XCConfigurationList section */

/* Begin XCRemoteSwiftPackageReference section */
		A9B033E2292306A90052AA9E /* XCRemoteSwiftPackageReference "CodeScanner" */ = {
			isa = XCRemoteSwiftPackageReference;
			repositoryURL = "https://github.com/twostraws/CodeScanner";
			requirement = {
				kind = upToNextMajorVersion;
				minimumVersion = 2.0.0;
			};
		};
		A9ECCB302B2C73270057DEDF /* XCRemoteSwiftPackageReference "LoopKit" */ = {
			isa = XCRemoteSwiftPackageReference;
			repositoryURL = "https://github.com/LoopKit/LoopKit.git";
			requirement = {
				branch = dev;
				kind = branch;
			};
		};
/* End XCRemoteSwiftPackageReference section */

/* Begin XCSwiftPackageProductDependency section */
		A92256342B2F952F0024EA56 /* LoopCaregiverKit */ = {
			isa = XCSwiftPackageProductDependency;
			productName = LoopCaregiverKit;
		};
		A9480DFE2B2CA5430044C972 /* LoopKit */ = {
			isa = XCSwiftPackageProductDependency;
			package = A9ECCB302B2C73270057DEDF /* XCRemoteSwiftPackageReference "LoopKit" */;
			productName = LoopKit;
		};
		A95CCCED2B2F90DF000BFC25 /* LoopCaregiverKit */ = {
			isa = XCSwiftPackageProductDependency;
			productName = LoopCaregiverKit;
		};
		A9B033E3292306A90052AA9E /* CodeScanner */ = {
			isa = XCSwiftPackageProductDependency;
			package = A9B033E2292306A90052AA9E /* XCRemoteSwiftPackageReference "CodeScanner" */;
			productName = CodeScanner;
		};
		A9BBD8242B2C992900072287 /* LoopCaregiverKit */ = {
			isa = XCSwiftPackageProductDependency;
			productName = LoopCaregiverKit;
		};
		A9BBD8262B2C992F00072287 /* LoopCaregiverKit */ = {
			isa = XCSwiftPackageProductDependency;
			productName = LoopCaregiverKit;
		};
		A9BBD8282B2C993500072287 /* LoopCaregiverKit */ = {
			isa = XCSwiftPackageProductDependency;
			productName = LoopCaregiverKit;
		};
		A9ECCB312B2C73270057DEDF /* LoopKit */ = {
			isa = XCSwiftPackageProductDependency;
			package = A9ECCB302B2C73270057DEDF /* XCRemoteSwiftPackageReference "LoopKit" */;
			productName = LoopKit;
		};
		A9ECCB332B2C73270057DEDF /* LoopKitUI */ = {
			isa = XCSwiftPackageProductDependency;
			package = A9ECCB302B2C73270057DEDF /* XCRemoteSwiftPackageReference "LoopKit" */;
			productName = LoopKitUI;
		};
		A9ECCB352B2C73520057DEDF /* LoopKit */ = {
			isa = XCSwiftPackageProductDependency;
			package = A9ECCB302B2C73270057DEDF /* XCRemoteSwiftPackageReference "LoopKit" */;
			productName = LoopKit;
		};
		A9ECCB372B2C73520057DEDF /* LoopKitUI */ = {
			isa = XCSwiftPackageProductDependency;
			package = A9ECCB302B2C73270057DEDF /* XCRemoteSwiftPackageReference "LoopKit" */;
			productName = LoopKitUI;
		};
		A9ECCB392B2C73640057DEDF /* LoopKit */ = {
			isa = XCSwiftPackageProductDependency;
			package = A9ECCB302B2C73270057DEDF /* XCRemoteSwiftPackageReference "LoopKit" */;
			productName = LoopKit;
		};
/* End XCSwiftPackageProductDependency section */
	};
	rootObject = A9EC1970291FEF940022D39F /* Project object */;
}
